// !$*UTF8*$!
{
	archiveVersion = 1;
	classes = {
	};
	objectVersion = 51;
	objects = {

/* Begin PBXBuildFile section */
		0B1915288DA13528647F7337 /* Pods_MyMusic.framework in Frameworks */ = {isa = PBXBuildFile; fileRef = 6155E6CFBC8410C32A871674 /* Pods_MyMusic.framework */; };
		D30A17AB25995304004251A1 /* CustomSlider.swift in Sources */ = {isa = PBXBuildFile; fileRef = D30A17AA25995304004251A1 /* CustomSlider.swift */; };
		D318C580259583FB0067B5D3 /* 07 - Bam [feat. Damian Marley] [Explicit].mp3 in Resources */ = {isa = PBXBuildFile; fileRef = D318C576259583F40067B5D3 /* 07 - Bam [feat. Damian Marley] [Explicit].mp3 */; };
		D318C581259583FB0067B5D3 /* 02 - The Story of O.J. [Explicit].mp3 in Resources */ = {isa = PBXBuildFile; fileRef = D318C577259583F50067B5D3 /* 02 - The Story of O.J. [Explicit].mp3 */; };
		D318C582259583FB0067B5D3 /* 03 - Smile [feat. Gloria Carter] [Explicit].mp3 in Resources */ = {isa = PBXBuildFile; fileRef = D318C578259583F60067B5D3 /* 03 - Smile [feat. Gloria Carter] [Explicit].mp3 */; };
		D318C583259583FB0067B5D3 /* 04 - Caught Their Eyes [feat. Frank Ocean] [Explicit].mp3 in Resources */ = {isa = PBXBuildFile; fileRef = D318C579259583F60067B5D3 /* 04 - Caught Their Eyes [feat. Frank Ocean] [Explicit].mp3 */; };
		D318C584259583FB0067B5D3 /* 09 - Marcy Me [Explicit].mp3 in Resources */ = {isa = PBXBuildFile; fileRef = D318C57A259583F70067B5D3 /* 09 - Marcy Me [Explicit].mp3 */; };
		D318C585259583FB0067B5D3 /* 06 - Family Feud [feat. Beyoncé] [Explicit].mp3 in Resources */ = {isa = PBXBuildFile; fileRef = D318C57B259583F80067B5D3 /* 06 - Family Feud [feat. Beyoncé] [Explicit].mp3 */; };
		D318C586259583FB0067B5D3 /* 05 - 4_44 [Explicit].mp3 in Resources */ = {isa = PBXBuildFile; fileRef = D318C57C259583F90067B5D3 /* 05 - 4_44 [Explicit].mp3 */; };
		D318C588259583FB0067B5D3 /* 08 - Moonlight [Explicit].mp3 in Resources */ = {isa = PBXBuildFile; fileRef = D318C57E259583FB0067B5D3 /* 08 - Moonlight [Explicit].mp3 */; };
		D318C589259583FB0067B5D3 /* 01 - Kill Jay-Z [Explicit].mp3 in Resources */ = {isa = PBXBuildFile; fileRef = D318C57F259583FB0067B5D3 /* 01 - Kill Jay-Z [Explicit].mp3 */; };
		D31CAA5F2581DBC900817AE0 /* SelectedAlbumViewController.swift in Sources */ = {isa = PBXBuildFile; fileRef = D31CAA5E2581DBC900817AE0 /* SelectedAlbumViewController.swift */; };
		D346E7FF259C320000F5A1B0 /* 04 - - Blood Sweat And Gears feat Fiend.mp3 in Resources */ = {isa = PBXBuildFile; fileRef = D346E7F5259C31FD00F5A1B0 /* 04 - - Blood Sweat And Gears feat Fiend.mp3 */; };
		D346E800259C320000F5A1B0 /* 07 - - Scottie Pippens feat Feddie Gibbs.mp3 in Resources */ = {isa = PBXBuildFile; fileRef = D346E7F6259C31FD00F5A1B0 /* 07 - - Scottie Pippens feat Feddie Gibbs.mp3 */; };
		D346E801259C320000F5A1B0 /* 03 - - The Type feat Prodigy.mp3 in Resources */ = {isa = PBXBuildFile; fileRef = D346E7F7259C31FE00F5A1B0 /* 03 - - The Type feat Prodigy.mp3 */; };
		D346E802259C320000F5A1B0 /* 05 - - Life Instructions feat Smoke DZA.mp3 in Resources */ = {isa = PBXBuildFile; fileRef = D346E7F8259C31FE00F5A1B0 /* 05 - - Life Instructions feat Smoke DZA.mp3 */; };
		D346E803259C320000F5A1B0 /* 08 - - Ventilation.mp3 in Resources */ = {isa = PBXBuildFile; fileRef = D346E7F9259C31FE00F5A1B0 /* 08 - - Ventilation.mp3 */; };
		D346E804259C320000F5A1B0 /* 09 - - Double 07.mp3 in Resources */ = {isa = PBXBuildFile; fileRef = D346E7FA259C31FE00F5A1B0 /* 09 - - Double 07.mp3 */; };
		D346E805259C320000F5A1B0 /* 06 - - Smoke Break.mp3 in Resources */ = {isa = PBXBuildFile; fileRef = D346E7FB259C31FF00F5A1B0 /* 06 - - Smoke Break.mp3 */; };
		D346E806259C320000F5A1B0 /* 02 - - Full Metal.mp3 in Resources */ = {isa = PBXBuildFile; fileRef = D346E7FC259C31FF00F5A1B0 /* 02 - - Full Metal.mp3 */; };
		D346E807259C320000F5A1B0 /* 01 - - BBS.mp3 in Resources */ = {isa = PBXBuildFile; fileRef = D346E7FD259C320000F5A1B0 /* 01 - - BBS.mp3 */; };
		D346E808259C320000F5A1B0 /* 10 - - Success Is My Cologne.mp3 in Resources */ = {isa = PBXBuildFile; fileRef = D346E7FE259C320000F5A1B0 /* 10 - - Success Is My Cologne.mp3 */; };
		D346E80D259C320C00F5A1B0 /* 10 - Legacy [Explicit].mp3 in Resources */ = {isa = PBXBuildFile; fileRef = D346E80C259C320C00F5A1B0 /* 10 - Legacy [Explicit].mp3 */; };
		D346E824259C33F600F5A1B0 /* 17 - - Fields.mp3 in Resources */ = {isa = PBXBuildFile; fileRef = D346E811259C33F200F5A1B0 /* 17 - - Fields.mp3 */; };
		D346E825259C33F600F5A1B0 /* 08 - - Detroit 187 feat Chip.mp3 in Resources */ = {isa = PBXBuildFile; fileRef = D346E812259C33F300F5A1B0 /* 08 - - Detroit 187 feat Chip.mp3 */; };
		D346E826259C33F600F5A1B0 /* 03 - - Pac Blood.mp3 in Resources */ = {isa = PBXBuildFile; fileRef = D346E813259C33F300F5A1B0 /* 03 - - Pac Blood.mp3 */; };
		D346E827259C33F600F5A1B0 /* 14 - - Nosebleeds.mp3 in Resources */ = {isa = PBXBuildFile; fileRef = D346E814259C33F300F5A1B0 /* 14 - - Nosebleeds.mp3 */; };
		D346E828259C33F600F5A1B0 /* 01 - - XXX.mp3 in Resources */ = {isa = PBXBuildFile; fileRef = D346E815259C33F300F5A1B0 /* 01 - - XXX.mp3 */; };
		D346E829259C33F600F5A1B0 /* 05 - - Lie4.mp3 in Resources */ = {isa = PBXBuildFile; fileRef = D346E816259C33F300F5A1B0 /* 05 - - Lie4.mp3 */; };
		D346E82A259C33F600F5A1B0 /* 18 - - Scrap Or Die.mp3 in Resources */ = {isa = PBXBuildFile; fileRef = D346E817259C33F400F5A1B0 /* 18 - - Scrap Or Die.mp3 */; };
		D346E82B259C33F600F5A1B0 /* 16 - - EWNESW.mp3 in Resources */ = {isa = PBXBuildFile; fileRef = D346E818259C33F400F5A1B0 /* 16 - - EWNESW.mp3 */; };
		D346E82C259C33F600F5A1B0 /* 19 - - 30.mp3 in Resources */ = {isa = PBXBuildFile; fileRef = D346E819259C33F400F5A1B0 /* 19 - - 30.mp3 */; };
		D346E82D259C33F600F5A1B0 /* 07 - - Bruiser Brigade feat Dopehead.mp3 in Resources */ = {isa = PBXBuildFile; fileRef = D346E81A259C33F400F5A1B0 /* 07 - - Bruiser Brigade feat Dopehead.mp3 */; };
		D346E82E259C33F600F5A1B0 /* 04 - - Radio Song.mp3 in Resources */ = {isa = PBXBuildFile; fileRef = D346E81B259C33F400F5A1B0 /* 04 - - Radio Song.mp3 */; };
		D346E82F259C33F600F5A1B0 /* 12 - - Adderall Admiral.mp3 in Resources */ = {isa = PBXBuildFile; fileRef = D346E81C259C33F400F5A1B0 /* 12 - - Adderall Admiral.mp3 */; };
		D346E830259C33F600F5A1B0 /* 09 - - Monopoly.mp3 in Resources */ = {isa = PBXBuildFile; fileRef = D346E81D259C33F500F5A1B0 /* 09 - - Monopoly.mp3 */; };
		D346E831259C33F600F5A1B0 /* 15 - - Party All The Time.mp3 in Resources */ = {isa = PBXBuildFile; fileRef = D346E81E259C33F500F5A1B0 /* 15 - - Party All The Time.mp3 */; };
		D346E832259C33F600F5A1B0 /* 02 - - Die Like A Rockstar.mp3 in Resources */ = {isa = PBXBuildFile; fileRef = D346E81F259C33F500F5A1B0 /* 02 - - Die Like A Rockstar.mp3 */; };
		D346E833259C33F600F5A1B0 /* 06 - - I Will.mp3 in Resources */ = {isa = PBXBuildFile; fileRef = D346E820259C33F500F5A1B0 /* 06 - - I Will.mp3 */; };
		D346E834259C33F600F5A1B0 /* 10 - - Blunt After Blunt.mp3 in Resources */ = {isa = PBXBuildFile; fileRef = D346E821259C33F500F5A1B0 /* 10 - - Blunt After Blunt.mp3 */; };
		D346E835259C33F600F5A1B0 /* 11 - - Outer Space.mp3 in Resources */ = {isa = PBXBuildFile; fileRef = D346E822259C33F600F5A1B0 /* 11 - - Outer Space.mp3 */; };
		D346E836259C33F600F5A1B0 /* 13 - - DNA.mp3 in Resources */ = {isa = PBXBuildFile; fileRef = D346E823259C33F600F5A1B0 /* 13 - - DNA.mp3 */; };
		D349930A256EEE0B00FE14BA /* SongCollection.swift in Sources */ = {isa = PBXBuildFile; fileRef = D3499309256EEE0B00FE14BA /* SongCollection.swift */; };
		D3499395256F3C1200FE14BA /* FullPlayerViewController.swift in Sources */ = {isa = PBXBuildFile; fileRef = D3499394256F3C1200FE14BA /* FullPlayerViewController.swift */; };
		D39AE26025958B45003F67FC /* ArtistsViewController.swift in Sources */ = {isa = PBXBuildFile; fileRef = D39AE25F25958B45003F67FC /* ArtistsViewController.swift */; };
		D39AE265259590D0003F67FC /* AlbumsOfSelectedArtistViewController.swift in Sources */ = {isa = PBXBuildFile; fileRef = D39AE264259590D0003F67FC /* AlbumsOfSelectedArtistViewController.swift */; };
		D3CC825A25808650006BA6A6 /* AlbumsViewController.swift in Sources */ = {isa = PBXBuildFile; fileRef = D3CC825925808650006BA6A6 /* AlbumsViewController.swift */; };
		D3CC828F258091F7006BA6A6 /* MiniPlayerViewController.swift in Sources */ = {isa = PBXBuildFile; fileRef = D3CC828E258091F7006BA6A6 /* MiniPlayerViewController.swift */; };
		D3D11963256F5E210071F1C6 /* SongPlayer.swift in Sources */ = {isa = PBXBuildFile; fileRef = D3D11962256F5E210071F1C6 /* SongPlayer.swift */; };
		D3D5D490259692A700312DD9 /* 13 - Big KRIT-Banana Clip Theory Prod By Big KRIT.mp3 in Resources */ = {isa = PBXBuildFile; fileRef = D3D5D47F259692A400312DD9 /* 13 - Big KRIT-Banana Clip Theory Prod By Big KRIT.mp3 */; };
		D3D5D491259692A700312DD9 /* 01 - Big KRIT-Purpose Prod By Big KRIT.mp3 in Resources */ = {isa = PBXBuildFile; fileRef = D3D5D480259692A400312DD9 /* 01 - Big KRIT-Purpose Prod By Big KRIT.mp3 */; };
		D3D5D492259692A700312DD9 /* 14 - Big KRIT-Life Is A Gamble Feat BJ The Chicago Kid Prod By 9th Wonder.mp3 in Resources */ = {isa = PBXBuildFile; fileRef = D3D5D481259692A400312DD9 /* 14 - Big KRIT-Life Is A Gamble Feat BJ The Chicago Kid Prod By 9th Wonder.mp3 */; };
		D3D5D493259692A700312DD9 /* 02 - Big KRIT-Shine On Feat Bun B Prod By Big KRIT.mp3 in Resources */ = {isa = PBXBuildFile; fileRef = D3D5D482259692A500312DD9 /* 02 - Big KRIT-Shine On Feat Bun B Prod By Big KRIT.mp3 */; };
		D3D5D494259692A700312DD9 /* 06 - Big KRIT-Meditate Prod By Big KRIT.mp3 in Resources */ = {isa = PBXBuildFile; fileRef = D3D5D483259692A500312DD9 /* 06 - Big KRIT-Meditate Prod By Big KRIT.mp3 */; };
		D3D5D495259692A700312DD9 /* 17 - Big KRIT-Multi Til The Sun Die Prod By Big KRIT.mp3 in Resources */ = {isa = PBXBuildFile; fileRef = D3D5D484259692A500312DD9 /* 17 - Big KRIT-Multi Til The Sun Die Prod By Big KRIT.mp3 */; };
		D3D5D496259692A700312DD9 /* 11 - Big KRIT-How U Luv That Feat Big SANT Prod By Big KRIT.mp3 in Resources */ = {isa = PBXBuildFile; fileRef = D3D5D485259692A500312DD9 /* 11 - Big KRIT-How U Luv That Feat Big SANT Prod By Big KRIT.mp3 */; };
		D3D5D497259692A700312DD9 /* 05 - Big KRIT-REM Prod By Big KRIT.mp3 in Resources */ = {isa = PBXBuildFile; fileRef = D3D5D486259692A500312DD9 /* 05 - Big KRIT-REM Prod By Big KRIT.mp3 */; };
		D3D5D498259692A700312DD9 /* 07 - Big KRIT-Serve This Royalty Prod By Big KRIT.mp3 in Resources */ = {isa = PBXBuildFile; fileRef = D3D5D487259692A500312DD9 /* 07 - Big KRIT-Serve This Royalty Prod By Big KRIT.mp3 */; };
		D3D5D499259692A700312DD9 /* 09 - Big KRIT-Just Last Week Feat Future Snippet Prod By Big KRIT.mp3 in Resources */ = {isa = PBXBuildFile; fileRef = D3D5D488259692A600312DD9 /* 09 - Big KRIT-Just Last Week Feat Future Snippet Prod By Big KRIT.mp3 */; };
		D3D5D49A259692A700312DD9 /* 12 - Big KRIT-Only One Feat Wiz Khalifa Smoke DZA Prod By Big KRIT.mp3 in Resources */ = {isa = PBXBuildFile; fileRef = D3D5D489259692A600312DD9 /* 12 - Big KRIT-Only One Feat Wiz Khalifa Smoke DZA Prod By Big KRIT.mp3 */; };
		D3D5D49B259692A700312DD9 /* 08 - Big KRIT-Good 2getha Feat Ashton Jones Prod By Big KRIT.mp3 in Resources */ = {isa = PBXBuildFile; fileRef = D3D5D48A259692A600312DD9 /* 08 - Big KRIT-Good 2getha Feat Ashton Jones Prod By Big KRIT.mp3 */; };
		D3D5D49C259692A700312DD9 /* 03 - Big KRIT-Talkin Bout Nothing Prod By Big KRIT.mp3 in Resources */ = {isa = PBXBuildFile; fileRef = D3D5D48B259692A600312DD9 /* 03 - Big KRIT-Talkin Bout Nothing Prod By Big KRIT.mp3 */; };
		D3D5D49D259692A700312DD9 /* 10 - Big KRIT-My Trunk Feat Trinidad Jame Prod By Big KRIT.mp3 in Resources */ = {isa = PBXBuildFile; fileRef = D3D5D48C259692A600312DD9 /* 10 - Big KRIT-My Trunk Feat Trinidad Jame Prod By Big KRIT.mp3 */; };
		D3D5D49E259692A700312DD9 /* 04 - Big KRIT-King Without A Crown Prod By Big KRIT.mp3 in Resources */ = {isa = PBXBuildFile; fileRef = D3D5D48D259692A700312DD9 /* 04 - Big KRIT-King Without A Crown Prod By Big KRIT.mp3 */; };
		D3D5D49F259692A700312DD9 /* 16 - Big KRIT-Bigger Picture Prod By Big KRIT.mp3 in Resources */ = {isa = PBXBuildFile; fileRef = D3D5D48E259692A700312DD9 /* 16 - Big KRIT-Bigger Picture Prod By Big KRIT.mp3 */; };
		D3D5D4A0259692A700312DD9 /* 15 - Big KRIT-WTF Prod By Big KRIT.mp3 in Resources */ = {isa = PBXBuildFile; fileRef = D3D5D48F259692A700312DD9 /* 15 - Big KRIT-WTF Prod By Big KRIT.mp3 */; };
		D3D5D4B22596AC8800312DD9 /* 11 - Cant Be Stll Feat BJ The Chicago Kid (Produced by Big KRIT) (DatPiff Exclusive).mp3 in Resources */ = {isa = PBXBuildFile; fileRef = D3D5D4A42596AC8600312DD9 /* 11 - Cant Be Stll Feat BJ The Chicago Kid (Produced by Big KRIT) (DatPiff Exclusive).mp3 */; };
		D3D5D4B32596AC8800312DD9 /* 09 - Vanilla Sky (Produced by Big KRIT) (DatPiff Exclusive).mp3 in Resources */ = {isa = PBXBuildFile; fileRef = D3D5D4A52596AC8600312DD9 /* 09 - Vanilla Sky (Produced by Big KRIT) (DatPiff Exclusive).mp3 */; };
		D3D5D4B42596AC8800312DD9 /* 02 - King Pt 4 (Produced by Kenneth Whalum) (DatPiff Exclusive).mp3 in Resources */ = {isa = PBXBuildFile; fileRef = D3D5D4A62596AC8600312DD9 /* 02 - King Pt 4 (Produced by Kenneth Whalum) (DatPiff Exclusive).mp3 */; };
		D3D5D4B52596AC8800312DD9 /* 07 - How Bout That Money Feat Young Dolph (Produced by Big KRIT) (DatPiff Exclusive).mp3 in Resources */ = {isa = PBXBuildFile; fileRef = D3D5D4A72596AC8600312DD9 /* 07 - How Bout That Money Feat Young Dolph (Produced by Big KRIT) (DatPiff Exclusive).mp3 */; };
		D3D5D4B62596AC8800312DD9 /* 08 - In The Darkness Feat Wolfe de MCHLS (Produced by WOLFE de MCHLS) (DatPiff Exclusive).mp3 in Resources */ = {isa = PBXBuildFile; fileRef = D3D5D4A82596AC8700312DD9 /* 08 - In The Darkness Feat Wolfe de MCHLS (Produced by WOLFE de MCHLS) (DatPiff Exclusive).mp3 */; };
		D3D5D4B72596AC8800312DD9 /* 14 - Its Better This Way (Produced by Big KRIT) (DatPiff Exclusive).mp3 in Resources */ = {isa = PBXBuildFile; fileRef = D3D5D4A92596AC8700312DD9 /* 14 - Its Better This Way (Produced by Big KRIT) (DatPiff Exclusive).mp3 */; };
		D3D5D4B82596AC8800312DD9 /* 01 - Intro (DatPiff Exclusive).mp3 in Resources */ = {isa = PBXBuildFile; fileRef = D3D5D4AA2596AC8700312DD9 /* 01 - Intro (DatPiff Exclusive).mp3 */; };
		D3D5D4B92596AC8800312DD9 /* 05 - Piece On Chain (Produced by Big KRIT) (DatPiff Exclusive).mp3 in Resources */ = {isa = PBXBuildFile; fileRef = D3D5D4AB2596AC8700312DD9 /* 05 - Piece On Chain (Produced by Big KRIT) (DatPiff Exclusive).mp3 */; };
		D3D5D4BA2596AC8800312DD9 /* 04 - No Static ft Warren G  (Produced by Big KRIT) (DatPiff Exclusive).mp3 in Resources */ = {isa = PBXBuildFile; fileRef = D3D5D4AC2596AC8700312DD9 /* 04 - No Static ft Warren G  (Produced by Big KRIT) (DatPiff Exclusive).mp3 */; };
		D3D5D4BB2596AC8800312DD9 /* 12 - Keep It Boomin (Produced by Big KRIT) (DatPiff Exclusive).mp3 in Resources */ = {isa = PBXBuildFile; fileRef = D3D5D4AD2596AC8700312DD9 /* 12 - Keep It Boomin (Produced by Big KRIT) (DatPiff Exclusive).mp3 */; };
		D3D5D4BC2596AC8800312DD9 /* 06 - Shakem Off Feat Ludacis  K Camp (Produced by WOLFE de MCHLS) (DatPiff Exclusive).mp3 in Resources */ = {isa = PBXBuildFile; fileRef = D3D5D4AE2596AC8700312DD9 /* 06 - Shakem Off Feat Ludacis  K Camp (Produced by WOLFE de MCHLS) (DatPiff Exclusive).mp3 */; };
		D3D5D4BD2596AC8800312DD9 /* 13 - Party Tonight (Produced by Big KRIT) (DatPiff Exclusive).mp3 in Resources */ = {isa = PBXBuildFile; fileRef = D3D5D4AF2596AC8700312DD9 /* 13 - Party Tonight (Produced by Big KRIT) (DatPiff Exclusive).mp3 */; };
		D3D5D4BE2596AC8800312DD9 /* 10 - Got Me Thru Feat DeLorean Big SANT  Scar (Produced by Big KRIT) (DatPiff Exclusive).mp3 in Resources */ = {isa = PBXBuildFile; fileRef = D3D5D4B02596AC8700312DD9 /* 10 - Got Me Thru Feat DeLorean Big SANT  Scar (Produced by Big KRIT) (DatPiff Exclusive).mp3 */; };
		D3D5D4BF2596AC8800312DD9 /* 03 - 86  (Produced by Big KRIT) (DatPiff Exclusive).mp3 in Resources */ = {isa = PBXBuildFile; fileRef = D3D5D4B12596AC8800312DD9 /* 03 - 86  (Produced by Big KRIT) (DatPiff Exclusive).mp3 */; };
		D3EE3228256DC74000926074 /* AppDelegate.swift in Sources */ = {isa = PBXBuildFile; fileRef = D3EE3227256DC74000926074 /* AppDelegate.swift */; };
		D3EE322A256DC74000926074 /* SceneDelegate.swift in Sources */ = {isa = PBXBuildFile; fileRef = D3EE3229256DC74000926074 /* SceneDelegate.swift */; };
		D3EE322C256DC74000926074 /* SongsViewController.swift in Sources */ = {isa = PBXBuildFile; fileRef = D3EE322B256DC74000926074 /* SongsViewController.swift */; };
		D3EE322F256DC74000926074 /* Main.storyboard in Resources */ = {isa = PBXBuildFile; fileRef = D3EE322D256DC74000926074 /* Main.storyboard */; };
		D3EE3231256DC74300926074 /* Assets.xcassets in Resources */ = {isa = PBXBuildFile; fileRef = D3EE3230256DC74300926074 /* Assets.xcassets */; };
		D3EE3234256DC74300926074 /* LaunchScreen.storyboard in Resources */ = {isa = PBXBuildFile; fileRef = D3EE3232256DC74300926074 /* LaunchScreen.storyboard */; };
		D3EE323F256DC74300926074 /* MyMusicTests.swift in Sources */ = {isa = PBXBuildFile; fileRef = D3EE323E256DC74300926074 /* MyMusicTests.swift */; };
		D3EE324A256DC74400926074 /* MyMusicUITests.swift in Sources */ = {isa = PBXBuildFile; fileRef = D3EE3249256DC74400926074 /* MyMusicUITests.swift */; };
/* End PBXBuildFile section */

/* Begin PBXContainerItemProxy section */
		D3EE323B256DC74300926074 /* PBXContainerItemProxy */ = {
			isa = PBXContainerItemProxy;
			containerPortal = D3EE321C256DC74000926074 /* Project object */;
			proxyType = 1;
			remoteGlobalIDString = D3EE3223256DC74000926074;
			remoteInfo = MyMusic;
		};
		D3EE3246256DC74400926074 /* PBXContainerItemProxy */ = {
			isa = PBXContainerItemProxy;
			containerPortal = D3EE321C256DC74000926074 /* Project object */;
			proxyType = 1;
			remoteGlobalIDString = D3EE3223256DC74000926074;
			remoteInfo = MyMusic;
		};
/* End PBXContainerItemProxy section */

/* Begin PBXFileReference section */
		2BFCEC84A25AA755F8A27B34 /* Pods-MyMusic.debug.xcconfig */ = {isa = PBXFileReference; includeInIndex = 1; lastKnownFileType = text.xcconfig; name = "Pods-MyMusic.debug.xcconfig"; path = "Target Support Files/Pods-MyMusic/Pods-MyMusic.debug.xcconfig"; sourceTree = "<group>"; };
		6155E6CFBC8410C32A871674 /* Pods_MyMusic.framework */ = {isa = PBXFileReference; explicitFileType = wrapper.framework; includeInIndex = 0; path = Pods_MyMusic.framework; sourceTree = BUILT_PRODUCTS_DIR; };
		9F512FD159070C6E27905E63 /* Pods-MyMusic.release.xcconfig */ = {isa = PBXFileReference; includeInIndex = 1; lastKnownFileType = text.xcconfig; name = "Pods-MyMusic.release.xcconfig"; path = "Target Support Files/Pods-MyMusic/Pods-MyMusic.release.xcconfig"; sourceTree = "<group>"; };
		D30A17AA25995304004251A1 /* CustomSlider.swift */ = {isa = PBXFileReference; lastKnownFileType = sourcecode.swift; path = CustomSlider.swift; sourceTree = "<group>"; };
		D318C576259583F40067B5D3 /* 07 - Bam [feat. Damian Marley] [Explicit].mp3 */ = {isa = PBXFileReference; lastKnownFileType = audio.mp3; path = "07 - Bam [feat. Damian Marley] [Explicit].mp3"; sourceTree = "<group>"; };
		D318C577259583F50067B5D3 /* 02 - The Story of O.J. [Explicit].mp3 */ = {isa = PBXFileReference; lastKnownFileType = audio.mp3; path = "02 - The Story of O.J. [Explicit].mp3"; sourceTree = "<group>"; };
		D318C578259583F60067B5D3 /* 03 - Smile [feat. Gloria Carter] [Explicit].mp3 */ = {isa = PBXFileReference; lastKnownFileType = audio.mp3; path = "03 - Smile [feat. Gloria Carter] [Explicit].mp3"; sourceTree = "<group>"; };
		D318C579259583F60067B5D3 /* 04 - Caught Their Eyes [feat. Frank Ocean] [Explicit].mp3 */ = {isa = PBXFileReference; lastKnownFileType = audio.mp3; path = "04 - Caught Their Eyes [feat. Frank Ocean] [Explicit].mp3"; sourceTree = "<group>"; };
		D318C57A259583F70067B5D3 /* 09 - Marcy Me [Explicit].mp3 */ = {isa = PBXFileReference; lastKnownFileType = audio.mp3; path = "09 - Marcy Me [Explicit].mp3"; sourceTree = "<group>"; };
		D318C57B259583F80067B5D3 /* 06 - Family Feud [feat. Beyoncé] [Explicit].mp3 */ = {isa = PBXFileReference; lastKnownFileType = audio.mp3; path = "06 - Family Feud [feat. Beyoncé] [Explicit].mp3"; sourceTree = "<group>"; };
		D318C57C259583F90067B5D3 /* 05 - 4_44 [Explicit].mp3 */ = {isa = PBXFileReference; lastKnownFileType = audio.mp3; path = "05 - 4_44 [Explicit].mp3"; sourceTree = "<group>"; };
		D318C57E259583FB0067B5D3 /* 08 - Moonlight [Explicit].mp3 */ = {isa = PBXFileReference; lastKnownFileType = audio.mp3; path = "08 - Moonlight [Explicit].mp3"; sourceTree = "<group>"; };
		D318C57F259583FB0067B5D3 /* 01 - Kill Jay-Z [Explicit].mp3 */ = {isa = PBXFileReference; lastKnownFileType = audio.mp3; path = "01 - Kill Jay-Z [Explicit].mp3"; sourceTree = "<group>"; };
		D31CAA5E2581DBC900817AE0 /* SelectedAlbumViewController.swift */ = {isa = PBXFileReference; lastKnownFileType = sourcecode.swift; path = SelectedAlbumViewController.swift; sourceTree = "<group>"; };
		D346E7F5259C31FD00F5A1B0 /* 04 - - Blood Sweat And Gears feat Fiend.mp3 */ = {isa = PBXFileReference; lastKnownFileType = audio.mp3; path = "04 - - Blood Sweat And Gears feat Fiend.mp3"; sourceTree = "<group>"; };
		D346E7F6259C31FD00F5A1B0 /* 07 - - Scottie Pippens feat Feddie Gibbs.mp3 */ = {isa = PBXFileReference; lastKnownFileType = audio.mp3; path = "07 - - Scottie Pippens feat Feddie Gibbs.mp3"; sourceTree = "<group>"; };
		D346E7F7259C31FE00F5A1B0 /* 03 - - The Type feat Prodigy.mp3 */ = {isa = PBXFileReference; lastKnownFileType = audio.mp3; path = "03 - - The Type feat Prodigy.mp3"; sourceTree = "<group>"; };
		D346E7F8259C31FE00F5A1B0 /* 05 - - Life Instructions feat Smoke DZA.mp3 */ = {isa = PBXFileReference; lastKnownFileType = audio.mp3; path = "05 - - Life Instructions feat Smoke DZA.mp3"; sourceTree = "<group>"; };
		D346E7F9259C31FE00F5A1B0 /* 08 - - Ventilation.mp3 */ = {isa = PBXFileReference; lastKnownFileType = audio.mp3; path = "08 - - Ventilation.mp3"; sourceTree = "<group>"; };
		D346E7FA259C31FE00F5A1B0 /* 09 - - Double 07.mp3 */ = {isa = PBXFileReference; lastKnownFileType = audio.mp3; path = "09 - - Double 07.mp3"; sourceTree = "<group>"; };
		D346E7FB259C31FF00F5A1B0 /* 06 - - Smoke Break.mp3 */ = {isa = PBXFileReference; lastKnownFileType = audio.mp3; path = "06 - - Smoke Break.mp3"; sourceTree = "<group>"; };
		D346E7FC259C31FF00F5A1B0 /* 02 - - Full Metal.mp3 */ = {isa = PBXFileReference; lastKnownFileType = audio.mp3; path = "02 - - Full Metal.mp3"; sourceTree = "<group>"; };
		D346E7FD259C320000F5A1B0 /* 01 - - BBS.mp3 */ = {isa = PBXFileReference; lastKnownFileType = audio.mp3; path = "01 - - BBS.mp3"; sourceTree = "<group>"; };
		D346E7FE259C320000F5A1B0 /* 10 - - Success Is My Cologne.mp3 */ = {isa = PBXFileReference; lastKnownFileType = audio.mp3; path = "10 - - Success Is My Cologne.mp3"; sourceTree = "<group>"; };
		D346E80C259C320C00F5A1B0 /* 10 - Legacy [Explicit].mp3 */ = {isa = PBXFileReference; lastKnownFileType = audio.mp3; path = "10 - Legacy [Explicit].mp3"; sourceTree = "<group>"; };
		D346E811259C33F200F5A1B0 /* 17 - - Fields.mp3 */ = {isa = PBXFileReference; lastKnownFileType = audio.mp3; path = "17 - - Fields.mp3"; sourceTree = "<group>"; };
		D346E812259C33F300F5A1B0 /* 08 - - Detroit 187 feat Chip.mp3 */ = {isa = PBXFileReference; lastKnownFileType = audio.mp3; path = "08 - - Detroit 187 feat Chip.mp3"; sourceTree = "<group>"; };
		D346E813259C33F300F5A1B0 /* 03 - - Pac Blood.mp3 */ = {isa = PBXFileReference; lastKnownFileType = audio.mp3; path = "03 - - Pac Blood.mp3"; sourceTree = "<group>"; };
		D346E814259C33F300F5A1B0 /* 14 - - Nosebleeds.mp3 */ = {isa = PBXFileReference; lastKnownFileType = audio.mp3; path = "14 - - Nosebleeds.mp3"; sourceTree = "<group>"; };
		D346E815259C33F300F5A1B0 /* 01 - - XXX.mp3 */ = {isa = PBXFileReference; lastKnownFileType = audio.mp3; path = "01 - - XXX.mp3"; sourceTree = "<group>"; };
		D346E816259C33F300F5A1B0 /* 05 - - Lie4.mp3 */ = {isa = PBXFileReference; lastKnownFileType = audio.mp3; path = "05 - - Lie4.mp3"; sourceTree = "<group>"; };
		D346E817259C33F400F5A1B0 /* 18 - - Scrap Or Die.mp3 */ = {isa = PBXFileReference; lastKnownFileType = audio.mp3; path = "18 - - Scrap Or Die.mp3"; sourceTree = "<group>"; };
		D346E818259C33F400F5A1B0 /* 16 - - EWNESW.mp3 */ = {isa = PBXFileReference; lastKnownFileType = audio.mp3; path = "16 - - EWNESW.mp3"; sourceTree = "<group>"; };
		D346E819259C33F400F5A1B0 /* 19 - - 30.mp3 */ = {isa = PBXFileReference; lastKnownFileType = audio.mp3; path = "19 - - 30.mp3"; sourceTree = "<group>"; };
		D346E81A259C33F400F5A1B0 /* 07 - - Bruiser Brigade feat Dopehead.mp3 */ = {isa = PBXFileReference; lastKnownFileType = audio.mp3; path = "07 - - Bruiser Brigade feat Dopehead.mp3"; sourceTree = "<group>"; };
		D346E81B259C33F400F5A1B0 /* 04 - - Radio Song.mp3 */ = {isa = PBXFileReference; lastKnownFileType = audio.mp3; path = "04 - - Radio Song.mp3"; sourceTree = "<group>"; };
		D346E81C259C33F400F5A1B0 /* 12 - - Adderall Admiral.mp3 */ = {isa = PBXFileReference; lastKnownFileType = audio.mp3; path = "12 - - Adderall Admiral.mp3"; sourceTree = "<group>"; };
		D346E81D259C33F500F5A1B0 /* 09 - - Monopoly.mp3 */ = {isa = PBXFileReference; lastKnownFileType = audio.mp3; path = "09 - - Monopoly.mp3"; sourceTree = "<group>"; };
		D346E81E259C33F500F5A1B0 /* 15 - - Party All The Time.mp3 */ = {isa = PBXFileReference; lastKnownFileType = audio.mp3; path = "15 - - Party All The Time.mp3"; sourceTree = "<group>"; };
		D346E81F259C33F500F5A1B0 /* 02 - - Die Like A Rockstar.mp3 */ = {isa = PBXFileReference; lastKnownFileType = audio.mp3; path = "02 - - Die Like A Rockstar.mp3"; sourceTree = "<group>"; };
		D346E820259C33F500F5A1B0 /* 06 - - I Will.mp3 */ = {isa = PBXFileReference; lastKnownFileType = audio.mp3; path = "06 - - I Will.mp3"; sourceTree = "<group>"; };
		D346E821259C33F500F5A1B0 /* 10 - - Blunt After Blunt.mp3 */ = {isa = PBXFileReference; lastKnownFileType = audio.mp3; path = "10 - - Blunt After Blunt.mp3"; sourceTree = "<group>"; };
		D346E822259C33F600F5A1B0 /* 11 - - Outer Space.mp3 */ = {isa = PBXFileReference; lastKnownFileType = audio.mp3; path = "11 - - Outer Space.mp3"; sourceTree = "<group>"; };
		D346E823259C33F600F5A1B0 /* 13 - - DNA.mp3 */ = {isa = PBXFileReference; lastKnownFileType = audio.mp3; path = "13 - - DNA.mp3"; sourceTree = "<group>"; };
		D3499309256EEE0B00FE14BA /* SongCollection.swift */ = {isa = PBXFileReference; lastKnownFileType = sourcecode.swift; path = SongCollection.swift; sourceTree = "<group>"; };
		D3499394256F3C1200FE14BA /* FullPlayerViewController.swift */ = {isa = PBXFileReference; lastKnownFileType = sourcecode.swift; path = FullPlayerViewController.swift; sourceTree = "<group>"; };
		D39AE25F25958B45003F67FC /* ArtistsViewController.swift */ = {isa = PBXFileReference; lastKnownFileType = sourcecode.swift; path = ArtistsViewController.swift; sourceTree = "<group>"; };
		D39AE264259590D0003F67FC /* AlbumsOfSelectedArtistViewController.swift */ = {isa = PBXFileReference; lastKnownFileType = sourcecode.swift; path = AlbumsOfSelectedArtistViewController.swift; sourceTree = "<group>"; };
		D3CC825925808650006BA6A6 /* AlbumsViewController.swift */ = {isa = PBXFileReference; lastKnownFileType = sourcecode.swift; path = AlbumsViewController.swift; sourceTree = "<group>"; };
		D3CC828E258091F7006BA6A6 /* MiniPlayerViewController.swift */ = {isa = PBXFileReference; lastKnownFileType = sourcecode.swift; path = MiniPlayerViewController.swift; sourceTree = "<group>"; };
		D3D11962256F5E210071F1C6 /* SongPlayer.swift */ = {isa = PBXFileReference; lastKnownFileType = sourcecode.swift; path = SongPlayer.swift; sourceTree = "<group>"; };
		D3D5D47F259692A400312DD9 /* 13 - Big KRIT-Banana Clip Theory Prod By Big KRIT.mp3 */ = {isa = PBXFileReference; lastKnownFileType = audio.mp3; path = "13 - Big KRIT-Banana Clip Theory Prod By Big KRIT.mp3"; sourceTree = "<group>"; };
		D3D5D480259692A400312DD9 /* 01 - Big KRIT-Purpose Prod By Big KRIT.mp3 */ = {isa = PBXFileReference; lastKnownFileType = audio.mp3; path = "01 - Big KRIT-Purpose Prod By Big KRIT.mp3"; sourceTree = "<group>"; };
		D3D5D481259692A400312DD9 /* 14 - Big KRIT-Life Is A Gamble Feat BJ The Chicago Kid Prod By 9th Wonder.mp3 */ = {isa = PBXFileReference; lastKnownFileType = audio.mp3; path = "14 - Big KRIT-Life Is A Gamble Feat BJ The Chicago Kid Prod By 9th Wonder.mp3"; sourceTree = "<group>"; };
		D3D5D482259692A500312DD9 /* 02 - Big KRIT-Shine On Feat Bun B Prod By Big KRIT.mp3 */ = {isa = PBXFileReference; lastKnownFileType = audio.mp3; path = "02 - Big KRIT-Shine On Feat Bun B Prod By Big KRIT.mp3"; sourceTree = "<group>"; };
		D3D5D483259692A500312DD9 /* 06 - Big KRIT-Meditate Prod By Big KRIT.mp3 */ = {isa = PBXFileReference; lastKnownFileType = audio.mp3; path = "06 - Big KRIT-Meditate Prod By Big KRIT.mp3"; sourceTree = "<group>"; };
		D3D5D484259692A500312DD9 /* 17 - Big KRIT-Multi Til The Sun Die Prod By Big KRIT.mp3 */ = {isa = PBXFileReference; lastKnownFileType = audio.mp3; path = "17 - Big KRIT-Multi Til The Sun Die Prod By Big KRIT.mp3"; sourceTree = "<group>"; };
		D3D5D485259692A500312DD9 /* 11 - Big KRIT-How U Luv That Feat Big SANT Prod By Big KRIT.mp3 */ = {isa = PBXFileReference; lastKnownFileType = audio.mp3; path = "11 - Big KRIT-How U Luv That Feat Big SANT Prod By Big KRIT.mp3"; sourceTree = "<group>"; };
		D3D5D486259692A500312DD9 /* 05 - Big KRIT-REM Prod By Big KRIT.mp3 */ = {isa = PBXFileReference; lastKnownFileType = audio.mp3; path = "05 - Big KRIT-REM Prod By Big KRIT.mp3"; sourceTree = "<group>"; };
		D3D5D487259692A500312DD9 /* 07 - Big KRIT-Serve This Royalty Prod By Big KRIT.mp3 */ = {isa = PBXFileReference; lastKnownFileType = audio.mp3; path = "07 - Big KRIT-Serve This Royalty Prod By Big KRIT.mp3"; sourceTree = "<group>"; };
		D3D5D488259692A600312DD9 /* 09 - Big KRIT-Just Last Week Feat Future Snippet Prod By Big KRIT.mp3 */ = {isa = PBXFileReference; lastKnownFileType = audio.mp3; path = "09 - Big KRIT-Just Last Week Feat Future Snippet Prod By Big KRIT.mp3"; sourceTree = "<group>"; };
		D3D5D489259692A600312DD9 /* 12 - Big KRIT-Only One Feat Wiz Khalifa Smoke DZA Prod By Big KRIT.mp3 */ = {isa = PBXFileReference; lastKnownFileType = audio.mp3; path = "12 - Big KRIT-Only One Feat Wiz Khalifa Smoke DZA Prod By Big KRIT.mp3"; sourceTree = "<group>"; };
		D3D5D48A259692A600312DD9 /* 08 - Big KRIT-Good 2getha Feat Ashton Jones Prod By Big KRIT.mp3 */ = {isa = PBXFileReference; lastKnownFileType = audio.mp3; path = "08 - Big KRIT-Good 2getha Feat Ashton Jones Prod By Big KRIT.mp3"; sourceTree = "<group>"; };
		D3D5D48B259692A600312DD9 /* 03 - Big KRIT-Talkin Bout Nothing Prod By Big KRIT.mp3 */ = {isa = PBXFileReference; lastKnownFileType = audio.mp3; path = "03 - Big KRIT-Talkin Bout Nothing Prod By Big KRIT.mp3"; sourceTree = "<group>"; };
		D3D5D48C259692A600312DD9 /* 10 - Big KRIT-My Trunk Feat Trinidad Jame Prod By Big KRIT.mp3 */ = {isa = PBXFileReference; lastKnownFileType = audio.mp3; path = "10 - Big KRIT-My Trunk Feat Trinidad Jame Prod By Big KRIT.mp3"; sourceTree = "<group>"; };
		D3D5D48D259692A700312DD9 /* 04 - Big KRIT-King Without A Crown Prod By Big KRIT.mp3 */ = {isa = PBXFileReference; lastKnownFileType = audio.mp3; path = "04 - Big KRIT-King Without A Crown Prod By Big KRIT.mp3"; sourceTree = "<group>"; };
		D3D5D48E259692A700312DD9 /* 16 - Big KRIT-Bigger Picture Prod By Big KRIT.mp3 */ = {isa = PBXFileReference; lastKnownFileType = audio.mp3; path = "16 - Big KRIT-Bigger Picture Prod By Big KRIT.mp3"; sourceTree = "<group>"; };
		D3D5D48F259692A700312DD9 /* 15 - Big KRIT-WTF Prod By Big KRIT.mp3 */ = {isa = PBXFileReference; lastKnownFileType = audio.mp3; path = "15 - Big KRIT-WTF Prod By Big KRIT.mp3"; sourceTree = "<group>"; };
		D3D5D4A42596AC8600312DD9 /* 11 - Cant Be Stll Feat BJ The Chicago Kid (Produced by Big KRIT) (DatPiff Exclusive).mp3 */ = {isa = PBXFileReference; lastKnownFileType = audio.mp3; path = "11 - Cant Be Stll Feat BJ The Chicago Kid (Produced by Big KRIT) (DatPiff Exclusive).mp3"; sourceTree = "<group>"; };
		D3D5D4A52596AC8600312DD9 /* 09 - Vanilla Sky (Produced by Big KRIT) (DatPiff Exclusive).mp3 */ = {isa = PBXFileReference; lastKnownFileType = audio.mp3; path = "09 - Vanilla Sky (Produced by Big KRIT) (DatPiff Exclusive).mp3"; sourceTree = "<group>"; };
		D3D5D4A62596AC8600312DD9 /* 02 - King Pt 4 (Produced by Kenneth Whalum) (DatPiff Exclusive).mp3 */ = {isa = PBXFileReference; lastKnownFileType = audio.mp3; path = "02 - King Pt 4 (Produced by Kenneth Whalum) (DatPiff Exclusive).mp3"; sourceTree = "<group>"; };
		D3D5D4A72596AC8600312DD9 /* 07 - How Bout That Money Feat Young Dolph (Produced by Big KRIT) (DatPiff Exclusive).mp3 */ = {isa = PBXFileReference; lastKnownFileType = audio.mp3; path = "07 - How Bout That Money Feat Young Dolph (Produced by Big KRIT) (DatPiff Exclusive).mp3"; sourceTree = "<group>"; };
		D3D5D4A82596AC8700312DD9 /* 08 - In The Darkness Feat Wolfe de MCHLS (Produced by WOLFE de MCHLS) (DatPiff Exclusive).mp3 */ = {isa = PBXFileReference; lastKnownFileType = audio.mp3; path = "08 - In The Darkness Feat Wolfe de MCHLS (Produced by WOLFE de MCHLS) (DatPiff Exclusive).mp3"; sourceTree = "<group>"; };
		D3D5D4A92596AC8700312DD9 /* 14 - Its Better This Way (Produced by Big KRIT) (DatPiff Exclusive).mp3 */ = {isa = PBXFileReference; lastKnownFileType = audio.mp3; path = "14 - Its Better This Way (Produced by Big KRIT) (DatPiff Exclusive).mp3"; sourceTree = "<group>"; };
		D3D5D4AA2596AC8700312DD9 /* 01 - Intro (DatPiff Exclusive).mp3 */ = {isa = PBXFileReference; lastKnownFileType = audio.mp3; path = "01 - Intro (DatPiff Exclusive).mp3"; sourceTree = "<group>"; };
		D3D5D4AB2596AC8700312DD9 /* 05 - Piece On Chain (Produced by Big KRIT) (DatPiff Exclusive).mp3 */ = {isa = PBXFileReference; lastKnownFileType = audio.mp3; path = "05 - Piece On Chain (Produced by Big KRIT) (DatPiff Exclusive).mp3"; sourceTree = "<group>"; };
		D3D5D4AC2596AC8700312DD9 /* 04 - No Static ft Warren G  (Produced by Big KRIT) (DatPiff Exclusive).mp3 */ = {isa = PBXFileReference; lastKnownFileType = audio.mp3; path = "04 - No Static ft Warren G  (Produced by Big KRIT) (DatPiff Exclusive).mp3"; sourceTree = "<group>"; };
		D3D5D4AD2596AC8700312DD9 /* 12 - Keep It Boomin (Produced by Big KRIT) (DatPiff Exclusive).mp3 */ = {isa = PBXFileReference; lastKnownFileType = audio.mp3; path = "12 - Keep It Boomin (Produced by Big KRIT) (DatPiff Exclusive).mp3"; sourceTree = "<group>"; };
		D3D5D4AE2596AC8700312DD9 /* 06 - Shakem Off Feat Ludacis  K Camp (Produced by WOLFE de MCHLS) (DatPiff Exclusive).mp3 */ = {isa = PBXFileReference; lastKnownFileType = audio.mp3; path = "06 - Shakem Off Feat Ludacis  K Camp (Produced by WOLFE de MCHLS) (DatPiff Exclusive).mp3"; sourceTree = "<group>"; };
		D3D5D4AF2596AC8700312DD9 /* 13 - Party Tonight (Produced by Big KRIT) (DatPiff Exclusive).mp3 */ = {isa = PBXFileReference; lastKnownFileType = audio.mp3; path = "13 - Party Tonight (Produced by Big KRIT) (DatPiff Exclusive).mp3"; sourceTree = "<group>"; };
		D3D5D4B02596AC8700312DD9 /* 10 - Got Me Thru Feat DeLorean Big SANT  Scar (Produced by Big KRIT) (DatPiff Exclusive).mp3 */ = {isa = PBXFileReference; lastKnownFileType = audio.mp3; path = "10 - Got Me Thru Feat DeLorean Big SANT  Scar (Produced by Big KRIT) (DatPiff Exclusive).mp3"; sourceTree = "<group>"; };
		D3D5D4B12596AC8800312DD9 /* 03 - 86  (Produced by Big KRIT) (DatPiff Exclusive).mp3 */ = {isa = PBXFileReference; lastKnownFileType = audio.mp3; path = "03 - 86  (Produced by Big KRIT) (DatPiff Exclusive).mp3"; sourceTree = "<group>"; };
		D3EE3224256DC74000926074 /* MyMusic.app */ = {isa = PBXFileReference; explicitFileType = wrapper.application; includeInIndex = 0; path = MyMusic.app; sourceTree = BUILT_PRODUCTS_DIR; };
		D3EE3227256DC74000926074 /* AppDelegate.swift */ = {isa = PBXFileReference; lastKnownFileType = sourcecode.swift; path = AppDelegate.swift; sourceTree = "<group>"; };
		D3EE3229256DC74000926074 /* SceneDelegate.swift */ = {isa = PBXFileReference; lastKnownFileType = sourcecode.swift; path = SceneDelegate.swift; sourceTree = "<group>"; };
		D3EE322B256DC74000926074 /* SongsViewController.swift */ = {isa = PBXFileReference; lastKnownFileType = sourcecode.swift; path = SongsViewController.swift; sourceTree = "<group>"; };
		D3EE322E256DC74000926074 /* Base */ = {isa = PBXFileReference; lastKnownFileType = file.storyboard; name = Base; path = Base.lproj/Main.storyboard; sourceTree = "<group>"; };
		D3EE3230256DC74300926074 /* Assets.xcassets */ = {isa = PBXFileReference; lastKnownFileType = folder.assetcatalog; path = Assets.xcassets; sourceTree = "<group>"; };
		D3EE3233256DC74300926074 /* Base */ = {isa = PBXFileReference; lastKnownFileType = file.storyboard; name = Base; path = Base.lproj/LaunchScreen.storyboard; sourceTree = "<group>"; };
		D3EE3235256DC74300926074 /* Info.plist */ = {isa = PBXFileReference; lastKnownFileType = text.plist.xml; path = Info.plist; sourceTree = "<group>"; };
		D3EE323A256DC74300926074 /* MyMusicTests.xctest */ = {isa = PBXFileReference; explicitFileType = wrapper.cfbundle; includeInIndex = 0; path = MyMusicTests.xctest; sourceTree = BUILT_PRODUCTS_DIR; };
		D3EE323E256DC74300926074 /* MyMusicTests.swift */ = {isa = PBXFileReference; lastKnownFileType = sourcecode.swift; path = MyMusicTests.swift; sourceTree = "<group>"; };
		D3EE3240256DC74300926074 /* Info.plist */ = {isa = PBXFileReference; lastKnownFileType = text.plist.xml; path = Info.plist; sourceTree = "<group>"; };
		D3EE3245256DC74300926074 /* MyMusicUITests.xctest */ = {isa = PBXFileReference; explicitFileType = wrapper.cfbundle; includeInIndex = 0; path = MyMusicUITests.xctest; sourceTree = BUILT_PRODUCTS_DIR; };
		D3EE3249256DC74400926074 /* MyMusicUITests.swift */ = {isa = PBXFileReference; lastKnownFileType = sourcecode.swift; path = MyMusicUITests.swift; sourceTree = "<group>"; };
		D3EE324B256DC74400926074 /* Info.plist */ = {isa = PBXFileReference; lastKnownFileType = text.plist.xml; path = Info.plist; sourceTree = "<group>"; };
/* End PBXFileReference section */

/* Begin PBXFrameworksBuildPhase section */
		D3EE3221256DC74000926074 /* Frameworks */ = {
			isa = PBXFrameworksBuildPhase;
			buildActionMask = 2147483647;
			files = (
				0B1915288DA13528647F7337 /* Pods_MyMusic.framework in Frameworks */,
			);
			runOnlyForDeploymentPostprocessing = 0;
		};
		D3EE3237256DC74300926074 /* Frameworks */ = {
			isa = PBXFrameworksBuildPhase;
			buildActionMask = 2147483647;
			files = (
			);
			runOnlyForDeploymentPostprocessing = 0;
		};
		D3EE3242256DC74300926074 /* Frameworks */ = {
			isa = PBXFrameworksBuildPhase;
			buildActionMask = 2147483647;
			files = (
			);
			runOnlyForDeploymentPostprocessing = 0;
		};
/* End PBXFrameworksBuildPhase section */

/* Begin PBXGroup section */
		4E9ACF241851E98FFF590915 /* Frameworks */ = {
			isa = PBXGroup;
			children = (
				6155E6CFBC8410C32A871674 /* Pods_MyMusic.framework */,
			);
			name = Frameworks;
			sourceTree = "<group>";
		};
		55EEB52910D813054C722715 /* Pods */ = {
			isa = PBXGroup;
			children = (
				2BFCEC84A25AA755F8A27B34 /* Pods-MyMusic.debug.xcconfig */,
				9F512FD159070C6E27905E63 /* Pods-MyMusic.release.xcconfig */,
			);
			path = Pods;
			sourceTree = "<group>";
		};
		D3EE321B256DC74000926074 = {
			isa = PBXGroup;
			children = (
				D3EE3226256DC74000926074 /* MyMusic */,
				D3EE323D256DC74300926074 /* MyMusicTests */,
				D3EE3248256DC74400926074 /* MyMusicUITests */,
				D3EE3225256DC74000926074 /* Products */,
				55EEB52910D813054C722715 /* Pods */,
				4E9ACF241851E98FFF590915 /* Frameworks */,
			);
			sourceTree = "<group>";
		};
		D3EE3225256DC74000926074 /* Products */ = {
			isa = PBXGroup;
			children = (
				D3EE3224256DC74000926074 /* MyMusic.app */,
				D3EE323A256DC74300926074 /* MyMusicTests.xctest */,
				D3EE3245256DC74300926074 /* MyMusicUITests.xctest */,
			);
			name = Products;
			sourceTree = "<group>";
		};
		D3EE3226256DC74000926074 /* MyMusic */ = {
			isa = PBXGroup;
			children = (
				D3499394256F3C1200FE14BA /* FullPlayerViewController.swift */,
				D3EE325A256DC7D900926074 /* Songs */,
				D3EE3227256DC74000926074 /* AppDelegate.swift */,
				D3EE3229256DC74000926074 /* SceneDelegate.swift */,
				D3EE322B256DC74000926074 /* SongsViewController.swift */,
				D3EE322D256DC74000926074 /* Main.storyboard */,
				D3EE3230256DC74300926074 /* Assets.xcassets */,
				D3EE3232256DC74300926074 /* LaunchScreen.storyboard */,
				D3EE3235256DC74300926074 /* Info.plist */,
				D3499309256EEE0B00FE14BA /* SongCollection.swift */,
				D3D11962256F5E210071F1C6 /* SongPlayer.swift */,
				D3CC825925808650006BA6A6 /* AlbumsViewController.swift */,
				D3CC828E258091F7006BA6A6 /* MiniPlayerViewController.swift */,
				D31CAA5E2581DBC900817AE0 /* SelectedAlbumViewController.swift */,
				D39AE25F25958B45003F67FC /* ArtistsViewController.swift */,
				D39AE264259590D0003F67FC /* AlbumsOfSelectedArtistViewController.swift */,
				D30A17AA25995304004251A1 /* CustomSlider.swift */,
			);
			path = MyMusic;
			sourceTree = "<group>";
		};
		D3EE323D256DC74300926074 /* MyMusicTests */ = {
			isa = PBXGroup;
			children = (
				D3EE323E256DC74300926074 /* MyMusicTests.swift */,
				D3EE3240256DC74300926074 /* Info.plist */,
			);
			path = MyMusicTests;
			sourceTree = "<group>";
		};
		D3EE3248256DC74400926074 /* MyMusicUITests */ = {
			isa = PBXGroup;
			children = (
				D3EE3249256DC74400926074 /* MyMusicUITests.swift */,
				D3EE324B256DC74400926074 /* Info.plist */,
			);
			path = MyMusicUITests;
			sourceTree = "<group>";
		};
		D3EE325A256DC7D900926074 /* Songs */ = {
			isa = PBXGroup;
			children = (
				D318C57F259583FB0067B5D3 /* 01 - Kill Jay-Z [Explicit].mp3 */,
				D318C577259583F50067B5D3 /* 02 - The Story of O.J. [Explicit].mp3 */,
				D318C578259583F60067B5D3 /* 03 - Smile [feat. Gloria Carter] [Explicit].mp3 */,
				D318C579259583F60067B5D3 /* 04 - Caught Their Eyes [feat. Frank Ocean] [Explicit].mp3 */,
				D318C57C259583F90067B5D3 /* 05 - 4_44 [Explicit].mp3 */,
				D318C57B259583F80067B5D3 /* 06 - Family Feud [feat. Beyoncé] [Explicit].mp3 */,
				D318C576259583F40067B5D3 /* 07 - Bam [feat. Damian Marley] [Explicit].mp3 */,
				D318C57E259583FB0067B5D3 /* 08 - Moonlight [Explicit].mp3 */,
				D318C57A259583F70067B5D3 /* 09 - Marcy Me [Explicit].mp3 */,
				D3D5D480259692A400312DD9 /* 01 - Big KRIT-Purpose Prod By Big KRIT.mp3 */,
				D3D5D4AA2596AC8700312DD9 /* 01 - Intro (DatPiff Exclusive).mp3 */,
				D346E815259C33F300F5A1B0 /* 01 - - XXX.mp3 */,
				D346E81F259C33F500F5A1B0 /* 02 - - Die Like A Rockstar.mp3 */,
				D346E813259C33F300F5A1B0 /* 03 - - Pac Blood.mp3 */,
				D346E81B259C33F400F5A1B0 /* 04 - - Radio Song.mp3 */,
				D346E816259C33F300F5A1B0 /* 05 - - Lie4.mp3 */,
				D346E820259C33F500F5A1B0 /* 06 - - I Will.mp3 */,
				D346E81A259C33F400F5A1B0 /* 07 - - Bruiser Brigade feat Dopehead.mp3 */,
				D346E812259C33F300F5A1B0 /* 08 - - Detroit 187 feat Chip.mp3 */,
				D346E81D259C33F500F5A1B0 /* 09 - - Monopoly.mp3 */,
				D346E821259C33F500F5A1B0 /* 10 - - Blunt After Blunt.mp3 */,
				D346E822259C33F600F5A1B0 /* 11 - - Outer Space.mp3 */,
				D346E81C259C33F400F5A1B0 /* 12 - - Adderall Admiral.mp3 */,
				D346E823259C33F600F5A1B0 /* 13 - - DNA.mp3 */,
				D346E814259C33F300F5A1B0 /* 14 - - Nosebleeds.mp3 */,
				D346E81E259C33F500F5A1B0 /* 15 - - Party All The Time.mp3 */,
				D346E818259C33F400F5A1B0 /* 16 - - EWNESW.mp3 */,
				D346E811259C33F200F5A1B0 /* 17 - - Fields.mp3 */,
				D346E817259C33F400F5A1B0 /* 18 - - Scrap Or Die.mp3 */,
				D346E819259C33F400F5A1B0 /* 19 - - 30.mp3 */,
				D3D5D4A62596AC8600312DD9 /* 02 - King Pt 4 (Produced by Kenneth Whalum) (DatPiff Exclusive).mp3 */,
				D346E7FD259C320000F5A1B0 /* 01 - - BBS.mp3 */,
				D346E7FC259C31FF00F5A1B0 /* 02 - - Full Metal.mp3 */,
				D346E7F7259C31FE00F5A1B0 /* 03 - - The Type feat Prodigy.mp3 */,
				D346E7F5259C31FD00F5A1B0 /* 04 - - Blood Sweat And Gears feat Fiend.mp3 */,
				D346E7F8259C31FE00F5A1B0 /* 05 - - Life Instructions feat Smoke DZA.mp3 */,
				D346E7FB259C31FF00F5A1B0 /* 06 - - Smoke Break.mp3 */,
				D346E7F6259C31FD00F5A1B0 /* 07 - - Scottie Pippens feat Feddie Gibbs.mp3 */,
				D346E7F9259C31FE00F5A1B0 /* 08 - - Ventilation.mp3 */,
				D346E7FA259C31FE00F5A1B0 /* 09 - - Double 07.mp3 */,
				D346E7FE259C320000F5A1B0 /* 10 - - Success Is My Cologne.mp3 */,
				D3D5D4B12596AC8800312DD9 /* 03 - 86  (Produced by Big KRIT) (DatPiff Exclusive).mp3 */,
				D3D5D4AC2596AC8700312DD9 /* 04 - No Static ft Warren G  (Produced by Big KRIT) (DatPiff Exclusive).mp3 */,
				D346E80C259C320C00F5A1B0 /* 10 - Legacy [Explicit].mp3 */,
				D3D5D4AB2596AC8700312DD9 /* 05 - Piece On Chain (Produced by Big KRIT) (DatPiff Exclusive).mp3 */,
				D3D5D4AE2596AC8700312DD9 /* 06 - Shakem Off Feat Ludacis  K Camp (Produced by WOLFE de MCHLS) (DatPiff Exclusive).mp3 */,
				D3D5D4A72596AC8600312DD9 /* 07 - How Bout That Money Feat Young Dolph (Produced by Big KRIT) (DatPiff Exclusive).mp3 */,
				D3D5D4A82596AC8700312DD9 /* 08 - In The Darkness Feat Wolfe de MCHLS (Produced by WOLFE de MCHLS) (DatPiff Exclusive).mp3 */,
				D3D5D4A52596AC8600312DD9 /* 09 - Vanilla Sky (Produced by Big KRIT) (DatPiff Exclusive).mp3 */,
				D3D5D4B02596AC8700312DD9 /* 10 - Got Me Thru Feat DeLorean Big SANT  Scar (Produced by Big KRIT) (DatPiff Exclusive).mp3 */,
				D3D5D4A42596AC8600312DD9 /* 11 - Cant Be Stll Feat BJ The Chicago Kid (Produced by Big KRIT) (DatPiff Exclusive).mp3 */,
				D3D5D4AD2596AC8700312DD9 /* 12 - Keep It Boomin (Produced by Big KRIT) (DatPiff Exclusive).mp3 */,
				D3D5D4AF2596AC8700312DD9 /* 13 - Party Tonight (Produced by Big KRIT) (DatPiff Exclusive).mp3 */,
				D3D5D4A92596AC8700312DD9 /* 14 - Its Better This Way (Produced by Big KRIT) (DatPiff Exclusive).mp3 */,
				D3D5D482259692A500312DD9 /* 02 - Big KRIT-Shine On Feat Bun B Prod By Big KRIT.mp3 */,
				D3D5D48B259692A600312DD9 /* 03 - Big KRIT-Talkin Bout Nothing Prod By Big KRIT.mp3 */,
				D3D5D48D259692A700312DD9 /* 04 - Big KRIT-King Without A Crown Prod By Big KRIT.mp3 */,
				D3D5D486259692A500312DD9 /* 05 - Big KRIT-REM Prod By Big KRIT.mp3 */,
				D3D5D483259692A500312DD9 /* 06 - Big KRIT-Meditate Prod By Big KRIT.mp3 */,
				D3D5D487259692A500312DD9 /* 07 - Big KRIT-Serve This Royalty Prod By Big KRIT.mp3 */,
				D3D5D48A259692A600312DD9 /* 08 - Big KRIT-Good 2getha Feat Ashton Jones Prod By Big KRIT.mp3 */,
				D3D5D488259692A600312DD9 /* 09 - Big KRIT-Just Last Week Feat Future Snippet Prod By Big KRIT.mp3 */,
				D3D5D48C259692A600312DD9 /* 10 - Big KRIT-My Trunk Feat Trinidad Jame Prod By Big KRIT.mp3 */,
				D3D5D485259692A500312DD9 /* 11 - Big KRIT-How U Luv That Feat Big SANT Prod By Big KRIT.mp3 */,
				D3D5D489259692A600312DD9 /* 12 - Big KRIT-Only One Feat Wiz Khalifa Smoke DZA Prod By Big KRIT.mp3 */,
				D3D5D47F259692A400312DD9 /* 13 - Big KRIT-Banana Clip Theory Prod By Big KRIT.mp3 */,
				D3D5D481259692A400312DD9 /* 14 - Big KRIT-Life Is A Gamble Feat BJ The Chicago Kid Prod By 9th Wonder.mp3 */,
				D3D5D48F259692A700312DD9 /* 15 - Big KRIT-WTF Prod By Big KRIT.mp3 */,
				D3D5D48E259692A700312DD9 /* 16 - Big KRIT-Bigger Picture Prod By Big KRIT.mp3 */,
				D3D5D484259692A500312DD9 /* 17 - Big KRIT-Multi Til The Sun Die Prod By Big KRIT.mp3 */,
			);
			path = Songs;
			sourceTree = "<group>";
		};
/* End PBXGroup section */

/* Begin PBXNativeTarget section */
		D3EE3223256DC74000926074 /* MyMusic */ = {
			isa = PBXNativeTarget;
			buildConfigurationList = D3EE324E256DC74400926074 /* Build configuration list for PBXNativeTarget "MyMusic" */;
			buildPhases = (
				A989E85B272D1E05C9D012C4 /* [CP] Check Pods Manifest.lock */,
				D3EE3220256DC74000926074 /* Sources */,
				D3EE3221256DC74000926074 /* Frameworks */,
				D3EE3222256DC74000926074 /* Resources */,
				07A37B896BB252F836D5D49C /* [CP] Embed Pods Frameworks */,
			);
			buildRules = (
			);
			dependencies = (
			);
			name = MyMusic;
			productName = MyMusic;
			productReference = D3EE3224256DC74000926074 /* MyMusic.app */;
			productType = "com.apple.product-type.application";
		};
		D3EE3239256DC74300926074 /* MyMusicTests */ = {
			isa = PBXNativeTarget;
			buildConfigurationList = D3EE3251256DC74400926074 /* Build configuration list for PBXNativeTarget "MyMusicTests" */;
			buildPhases = (
				D3EE3236256DC74300926074 /* Sources */,
				D3EE3237256DC74300926074 /* Frameworks */,
				D3EE3238256DC74300926074 /* Resources */,
			);
			buildRules = (
			);
			dependencies = (
				D3EE323C256DC74300926074 /* PBXTargetDependency */,
			);
			name = MyMusicTests;
			productName = MyMusicTests;
			productReference = D3EE323A256DC74300926074 /* MyMusicTests.xctest */;
			productType = "com.apple.product-type.bundle.unit-test";
		};
		D3EE3244256DC74300926074 /* MyMusicUITests */ = {
			isa = PBXNativeTarget;
			buildConfigurationList = D3EE3254256DC74400926074 /* Build configuration list for PBXNativeTarget "MyMusicUITests" */;
			buildPhases = (
				D3EE3241256DC74300926074 /* Sources */,
				D3EE3242256DC74300926074 /* Frameworks */,
				D3EE3243256DC74300926074 /* Resources */,
			);
			buildRules = (
			);
			dependencies = (
				D3EE3247256DC74400926074 /* PBXTargetDependency */,
			);
			name = MyMusicUITests;
			productName = MyMusicUITests;
			productReference = D3EE3245256DC74300926074 /* MyMusicUITests.xctest */;
			productType = "com.apple.product-type.bundle.ui-testing";
		};
/* End PBXNativeTarget section */

/* Begin PBXProject section */
		D3EE321C256DC74000926074 /* Project object */ = {
			isa = PBXProject;
			attributes = {
				LastSwiftUpdateCheck = 1220;
				LastUpgradeCheck = 1220;
				TargetAttributes = {
					D3EE3223256DC74000926074 = {
						CreatedOnToolsVersion = 12.2;
					};
					D3EE3239256DC74300926074 = {
						CreatedOnToolsVersion = 12.2;
						TestTargetID = D3EE3223256DC74000926074;
					};
					D3EE3244256DC74300926074 = {
						CreatedOnToolsVersion = 12.2;
						TestTargetID = D3EE3223256DC74000926074;
					};
				};
			};
			buildConfigurationList = D3EE321F256DC74000926074 /* Build configuration list for PBXProject "MyMusic" */;
			compatibilityVersion = "Xcode 9.3";
			developmentRegion = en;
			hasScannedForEncodings = 0;
			knownRegions = (
				en,
				Base,
			);
			mainGroup = D3EE321B256DC74000926074;
			productRefGroup = D3EE3225256DC74000926074 /* Products */;
			projectDirPath = "";
			projectRoot = "";
			targets = (
				D3EE3223256DC74000926074 /* MyMusic */,
				D3EE3239256DC74300926074 /* MyMusicTests */,
				D3EE3244256DC74300926074 /* MyMusicUITests */,
			);
		};
/* End PBXProject section */

/* Begin PBXResourcesBuildPhase section */
		D3EE3222256DC74000926074 /* Resources */ = {
			isa = PBXResourcesBuildPhase;
			buildActionMask = 2147483647;
			files = (
				D346E82E259C33F600F5A1B0 /* 04 - - Radio Song.mp3 in Resources */,
				D3D5D4B42596AC8800312DD9 /* 02 - King Pt 4 (Produced by Kenneth Whalum) (DatPiff Exclusive).mp3 in Resources */,
				D346E824259C33F600F5A1B0 /* 17 - - Fields.mp3 in Resources */,
				D318C585259583FB0067B5D3 /* 06 - Family Feud [feat. Beyoncé] [Explicit].mp3 in Resources */,
				D346E807259C320000F5A1B0 /* 01 - - BBS.mp3 in Resources */,
				D3D5D4B22596AC8800312DD9 /* 11 - Cant Be Stll Feat BJ The Chicago Kid (Produced by Big KRIT) (DatPiff Exclusive).mp3 in Resources */,
				D3D5D4B82596AC8800312DD9 /* 01 - Intro (DatPiff Exclusive).mp3 in Resources */,
				D346E829259C33F600F5A1B0 /* 05 - - Lie4.mp3 in Resources */,
				D346E828259C33F600F5A1B0 /* 01 - - XXX.mp3 in Resources */,
				D3D5D493259692A700312DD9 /* 02 - Big KRIT-Shine On Feat Bun B Prod By Big KRIT.mp3 in Resources */,
				D3D5D4B62596AC8800312DD9 /* 08 - In The Darkness Feat Wolfe de MCHLS (Produced by WOLFE de MCHLS) (DatPiff Exclusive).mp3 in Resources */,
				D346E80D259C320C00F5A1B0 /* 10 - Legacy [Explicit].mp3 in Resources */,
				D346E836259C33F600F5A1B0 /* 13 - - DNA.mp3 in Resources */,
				D3D5D497259692A700312DD9 /* 05 - Big KRIT-REM Prod By Big KRIT.mp3 in Resources */,
				D3D5D49C259692A700312DD9 /* 03 - Big KRIT-Talkin Bout Nothing Prod By Big KRIT.mp3 in Resources */,
				D346E833259C33F600F5A1B0 /* 06 - - I Will.mp3 in Resources */,
				D346E826259C33F600F5A1B0 /* 03 - - Pac Blood.mp3 in Resources */,
				D346E801259C320000F5A1B0 /* 03 - - The Type feat Prodigy.mp3 in Resources */,
				D346E804259C320000F5A1B0 /* 09 - - Double 07.mp3 in Resources */,
				D346E802259C320000F5A1B0 /* 05 - - Life Instructions feat Smoke DZA.mp3 in Resources */,
				D3D5D4BD2596AC8800312DD9 /* 13 - Party Tonight (Produced by Big KRIT) (DatPiff Exclusive).mp3 in Resources */,
				D3D5D490259692A700312DD9 /* 13 - Big KRIT-Banana Clip Theory Prod By Big KRIT.mp3 in Resources */,
				D3D5D4B32596AC8800312DD9 /* 09 - Vanilla Sky (Produced by Big KRIT) (DatPiff Exclusive).mp3 in Resources */,
				D3D5D492259692A700312DD9 /* 14 - Big KRIT-Life Is A Gamble Feat BJ The Chicago Kid Prod By 9th Wonder.mp3 in Resources */,
				D3D5D49E259692A700312DD9 /* 04 - Big KRIT-King Without A Crown Prod By Big KRIT.mp3 in Resources */,
				D3D5D4BE2596AC8800312DD9 /* 10 - Got Me Thru Feat DeLorean Big SANT  Scar (Produced by Big KRIT) (DatPiff Exclusive).mp3 in Resources */,
				D3D5D49A259692A700312DD9 /* 12 - Big KRIT-Only One Feat Wiz Khalifa Smoke DZA Prod By Big KRIT.mp3 in Resources */,
				D346E805259C320000F5A1B0 /* 06 - - Smoke Break.mp3 in Resources */,
				D346E825259C33F600F5A1B0 /* 08 - - Detroit 187 feat Chip.mp3 in Resources */,
				D3D5D4B92596AC8800312DD9 /* 05 - Piece On Chain (Produced by Big KRIT) (DatPiff Exclusive).mp3 in Resources */,
				D318C584259583FB0067B5D3 /* 09 - Marcy Me [Explicit].mp3 in Resources */,
				D346E808259C320000F5A1B0 /* 10 - - Success Is My Cologne.mp3 in Resources */,
				D346E803259C320000F5A1B0 /* 08 - - Ventilation.mp3 in Resources */,
				D3D5D4BC2596AC8800312DD9 /* 06 - Shakem Off Feat Ludacis  K Camp (Produced by WOLFE de MCHLS) (DatPiff Exclusive).mp3 in Resources */,
				D3D5D491259692A700312DD9 /* 01 - Big KRIT-Purpose Prod By Big KRIT.mp3 in Resources */,
				D3D5D498259692A700312DD9 /* 07 - Big KRIT-Serve This Royalty Prod By Big KRIT.mp3 in Resources */,
				D346E806259C320000F5A1B0 /* 02 - - Full Metal.mp3 in Resources */,
				D318C589259583FB0067B5D3 /* 01 - Kill Jay-Z [Explicit].mp3 in Resources */,
				D3D5D499259692A700312DD9 /* 09 - Big KRIT-Just Last Week Feat Future Snippet Prod By Big KRIT.mp3 in Resources */,
				D3D5D4B52596AC8800312DD9 /* 07 - How Bout That Money Feat Young Dolph (Produced by Big KRIT) (DatPiff Exclusive).mp3 in Resources */,
				D3D5D496259692A700312DD9 /* 11 - Big KRIT-How U Luv That Feat Big SANT Prod By Big KRIT.mp3 in Resources */,
				D346E830259C33F600F5A1B0 /* 09 - - Monopoly.mp3 in Resources */,
				D3D5D4BA2596AC8800312DD9 /* 04 - No Static ft Warren G  (Produced by Big KRIT) (DatPiff Exclusive).mp3 in Resources */,
				D318C588259583FB0067B5D3 /* 08 - Moonlight [Explicit].mp3 in Resources */,
				D346E7FF259C320000F5A1B0 /* 04 - - Blood Sweat And Gears feat Fiend.mp3 in Resources */,
				D318C581259583FB0067B5D3 /* 02 - The Story of O.J. [Explicit].mp3 in Resources */,
				D3D5D494259692A700312DD9 /* 06 - Big KRIT-Meditate Prod By Big KRIT.mp3 in Resources */,
				D346E82D259C33F600F5A1B0 /* 07 - - Bruiser Brigade feat Dopehead.mp3 in Resources */,
				D318C583259583FB0067B5D3 /* 04 - Caught Their Eyes [feat. Frank Ocean] [Explicit].mp3 in Resources */,
				D3EE3234256DC74300926074 /* LaunchScreen.storyboard in Resources */,
				D346E834259C33F600F5A1B0 /* 10 - - Blunt After Blunt.mp3 in Resources */,
				D346E831259C33F600F5A1B0 /* 15 - - Party All The Time.mp3 in Resources */,
				D3EE3231256DC74300926074 /* Assets.xcassets in Resources */,
				D3EE322F256DC74000926074 /* Main.storyboard in Resources */,
				D318C586259583FB0067B5D3 /* 05 - 4_44 [Explicit].mp3 in Resources */,
				D346E827259C33F600F5A1B0 /* 14 - - Nosebleeds.mp3 in Resources */,
				D3D5D4BB2596AC8800312DD9 /* 12 - Keep It Boomin (Produced by Big KRIT) (DatPiff Exclusive).mp3 in Resources */,
				D3D5D495259692A700312DD9 /* 17 - Big KRIT-Multi Til The Sun Die Prod By Big KRIT.mp3 in Resources */,
				D3D5D49B259692A700312DD9 /* 08 - Big KRIT-Good 2getha Feat Ashton Jones Prod By Big KRIT.mp3 in Resources */,
				D346E82C259C33F600F5A1B0 /* 19 - - 30.mp3 in Resources */,
				D3D5D49D259692A700312DD9 /* 10 - Big KRIT-My Trunk Feat Trinidad Jame Prod By Big KRIT.mp3 in Resources */,
				D3D5D4B72596AC8800312DD9 /* 14 - Its Better This Way (Produced by Big KRIT) (DatPiff Exclusive).mp3 in Resources */,
				D346E832259C33F600F5A1B0 /* 02 - - Die Like A Rockstar.mp3 in Resources */,
				D318C582259583FB0067B5D3 /* 03 - Smile [feat. Gloria Carter] [Explicit].mp3 in Resources */,
				D346E800259C320000F5A1B0 /* 07 - - Scottie Pippens feat Feddie Gibbs.mp3 in Resources */,
				D346E82A259C33F600F5A1B0 /* 18 - - Scrap Or Die.mp3 in Resources */,
				D3D5D4BF2596AC8800312DD9 /* 03 - 86  (Produced by Big KRIT) (DatPiff Exclusive).mp3 in Resources */,
				D3D5D49F259692A700312DD9 /* 16 - Big KRIT-Bigger Picture Prod By Big KRIT.mp3 in Resources */,
				D346E835259C33F600F5A1B0 /* 11 - - Outer Space.mp3 in Resources */,
				D318C580259583FB0067B5D3 /* 07 - Bam [feat. Damian Marley] [Explicit].mp3 in Resources */,
				D3D5D4A0259692A700312DD9 /* 15 - Big KRIT-WTF Prod By Big KRIT.mp3 in Resources */,
				D346E82B259C33F600F5A1B0 /* 16 - - EWNESW.mp3 in Resources */,
				D346E82F259C33F600F5A1B0 /* 12 - - Adderall Admiral.mp3 in Resources */,
			);
			runOnlyForDeploymentPostprocessing = 0;
		};
		D3EE3238256DC74300926074 /* Resources */ = {
			isa = PBXResourcesBuildPhase;
			buildActionMask = 2147483647;
			files = (
			);
			runOnlyForDeploymentPostprocessing = 0;
		};
		D3EE3243256DC74300926074 /* Resources */ = {
			isa = PBXResourcesBuildPhase;
			buildActionMask = 2147483647;
			files = (
			);
			runOnlyForDeploymentPostprocessing = 0;
		};
/* End PBXResourcesBuildPhase section */

/* Begin PBXShellScriptBuildPhase section */
		07A37B896BB252F836D5D49C /* [CP] Embed Pods Frameworks */ = {
			isa = PBXShellScriptBuildPhase;
			buildActionMask = 2147483647;
			files = (
			);
			inputFileListPaths = (
				"${PODS_ROOT}/Target Support Files/Pods-MyMusic/Pods-MyMusic-frameworks-${CONFIGURATION}-input-files.xcfilelist",
			);
			name = "[CP] Embed Pods Frameworks";
			outputFileListPaths = (
				"${PODS_ROOT}/Target Support Files/Pods-MyMusic/Pods-MyMusic-frameworks-${CONFIGURATION}-output-files.xcfilelist",
			);
			runOnlyForDeploymentPostprocessing = 0;
			shellPath = /bin/sh;
			shellScript = "\"${PODS_ROOT}/Target Support Files/Pods-MyMusic/Pods-MyMusic-frameworks.sh\"\n";
			showEnvVarsInLog = 0;
		};
		A989E85B272D1E05C9D012C4 /* [CP] Check Pods Manifest.lock */ = {
			isa = PBXShellScriptBuildPhase;
			buildActionMask = 2147483647;
			files = (
			);
			inputFileListPaths = (
			);
			inputPaths = (
				"${PODS_PODFILE_DIR_PATH}/Podfile.lock",
				"${PODS_ROOT}/Manifest.lock",
			);
			name = "[CP] Check Pods Manifest.lock";
			outputFileListPaths = (
			);
			outputPaths = (
				"$(DERIVED_FILE_DIR)/Pods-MyMusic-checkManifestLockResult.txt",
			);
			runOnlyForDeploymentPostprocessing = 0;
			shellPath = /bin/sh;
			shellScript = "diff \"${PODS_PODFILE_DIR_PATH}/Podfile.lock\" \"${PODS_ROOT}/Manifest.lock\" > /dev/null\nif [ $? != 0 ] ; then\n    # print error to STDERR\n    echo \"error: The sandbox is not in sync with the Podfile.lock. Run 'pod install' or update your CocoaPods installation.\" >&2\n    exit 1\nfi\n# This output is used by Xcode 'outputs' to avoid re-running this script phase.\necho \"SUCCESS\" > \"${SCRIPT_OUTPUT_FILE_0}\"\n";
			showEnvVarsInLog = 0;
		};
/* End PBXShellScriptBuildPhase section */

/* Begin PBXSourcesBuildPhase section */
		D3EE3220256DC74000926074 /* Sources */ = {
			isa = PBXSourcesBuildPhase;
			buildActionMask = 2147483647;
			files = (
				D3CC825A25808650006BA6A6 /* AlbumsViewController.swift in Sources */,
				D3499395256F3C1200FE14BA /* FullPlayerViewController.swift in Sources */,
				D3CC828F258091F7006BA6A6 /* MiniPlayerViewController.swift in Sources */,
				D39AE26025958B45003F67FC /* ArtistsViewController.swift in Sources */,
				D3EE322C256DC74000926074 /* SongsViewController.swift in Sources */,
				D3EE3228256DC74000926074 /* AppDelegate.swift in Sources */,
				D31CAA5F2581DBC900817AE0 /* SelectedAlbumViewController.swift in Sources */,
				D30A17AB25995304004251A1 /* CustomSlider.swift in Sources */,
				D349930A256EEE0B00FE14BA /* SongCollection.swift in Sources */,
				D39AE265259590D0003F67FC /* AlbumsOfSelectedArtistViewController.swift in Sources */,
				D3EE322A256DC74000926074 /* SceneDelegate.swift in Sources */,
				D3D11963256F5E210071F1C6 /* SongPlayer.swift in Sources */,
			);
			runOnlyForDeploymentPostprocessing = 0;
		};
		D3EE3236256DC74300926074 /* Sources */ = {
			isa = PBXSourcesBuildPhase;
			buildActionMask = 2147483647;
			files = (
				D3EE323F256DC74300926074 /* MyMusicTests.swift in Sources */,
			);
			runOnlyForDeploymentPostprocessing = 0;
		};
		D3EE3241256DC74300926074 /* Sources */ = {
			isa = PBXSourcesBuildPhase;
			buildActionMask = 2147483647;
			files = (
				D3EE324A256DC74400926074 /* MyMusicUITests.swift in Sources */,
			);
			runOnlyForDeploymentPostprocessing = 0;
		};
/* End PBXSourcesBuildPhase section */

/* Begin PBXTargetDependency section */
		D3EE323C256DC74300926074 /* PBXTargetDependency */ = {
			isa = PBXTargetDependency;
			target = D3EE3223256DC74000926074 /* MyMusic */;
			targetProxy = D3EE323B256DC74300926074 /* PBXContainerItemProxy */;
		};
		D3EE3247256DC74400926074 /* PBXTargetDependency */ = {
			isa = PBXTargetDependency;
			target = D3EE3223256DC74000926074 /* MyMusic */;
			targetProxy = D3EE3246256DC74400926074 /* PBXContainerItemProxy */;
		};
/* End PBXTargetDependency section */

/* Begin PBXVariantGroup section */
		D3EE322D256DC74000926074 /* Main.storyboard */ = {
			isa = PBXVariantGroup;
			children = (
				D3EE322E256DC74000926074 /* Base */,
			);
			name = Main.storyboard;
			sourceTree = "<group>";
		};
		D3EE3232256DC74300926074 /* LaunchScreen.storyboard */ = {
			isa = PBXVariantGroup;
			children = (
				D3EE3233256DC74300926074 /* Base */,
			);
			name = LaunchScreen.storyboard;
			sourceTree = "<group>";
		};
/* End PBXVariantGroup section */

/* Begin XCBuildConfiguration section */
		D3EE324C256DC74400926074 /* Debug */ = {
			isa = XCBuildConfiguration;
			buildSettings = {
				ALWAYS_SEARCH_USER_PATHS = NO;
				CLANG_ANALYZER_NONNULL = YES;
				CLANG_ANALYZER_NUMBER_OBJECT_CONVERSION = YES_AGGRESSIVE;
				CLANG_CXX_LANGUAGE_STANDARD = "gnu++14";
				CLANG_CXX_LIBRARY = "libc++";
				CLANG_ENABLE_MODULES = YES;
				CLANG_ENABLE_OBJC_ARC = YES;
				CLANG_ENABLE_OBJC_WEAK = YES;
				CLANG_WARN_BLOCK_CAPTURE_AUTORELEASING = YES;
				CLANG_WARN_BOOL_CONVERSION = YES;
				CLANG_WARN_COMMA = YES;
				CLANG_WARN_CONSTANT_CONVERSION = YES;
				CLANG_WARN_DEPRECATED_OBJC_IMPLEMENTATIONS = YES;
				CLANG_WARN_DIRECT_OBJC_ISA_USAGE = YES_ERROR;
				CLANG_WARN_DOCUMENTATION_COMMENTS = YES;
				CLANG_WARN_EMPTY_BODY = YES;
				CLANG_WARN_ENUM_CONVERSION = YES;
				CLANG_WARN_INFINITE_RECURSION = YES;
				CLANG_WARN_INT_CONVERSION = YES;
				CLANG_WARN_NON_LITERAL_NULL_CONVERSION = YES;
				CLANG_WARN_OBJC_IMPLICIT_RETAIN_SELF = YES;
				CLANG_WARN_OBJC_LITERAL_CONVERSION = YES;
				CLANG_WARN_OBJC_ROOT_CLASS = YES_ERROR;
				CLANG_WARN_QUOTED_INCLUDE_IN_FRAMEWORK_HEADER = YES;
				CLANG_WARN_RANGE_LOOP_ANALYSIS = YES;
				CLANG_WARN_STRICT_PROTOTYPES = YES;
				CLANG_WARN_SUSPICIOUS_MOVE = YES;
				CLANG_WARN_UNGUARDED_AVAILABILITY = YES_AGGRESSIVE;
				CLANG_WARN_UNREACHABLE_CODE = YES;
				CLANG_WARN__DUPLICATE_METHOD_MATCH = YES;
				COPY_PHASE_STRIP = NO;
				DEBUG_INFORMATION_FORMAT = dwarf;
				ENABLE_STRICT_OBJC_MSGSEND = YES;
				ENABLE_TESTABILITY = YES;
				GCC_C_LANGUAGE_STANDARD = gnu11;
				GCC_DYNAMIC_NO_PIC = NO;
				GCC_NO_COMMON_BLOCKS = YES;
				GCC_OPTIMIZATION_LEVEL = 0;
				GCC_PREPROCESSOR_DEFINITIONS = (
					"DEBUG=1",
					"$(inherited)",
				);
				GCC_WARN_64_TO_32_BIT_CONVERSION = YES;
				GCC_WARN_ABOUT_RETURN_TYPE = YES_ERROR;
				GCC_WARN_UNDECLARED_SELECTOR = YES;
				GCC_WARN_UNINITIALIZED_AUTOS = YES_AGGRESSIVE;
				GCC_WARN_UNUSED_FUNCTION = YES;
				GCC_WARN_UNUSED_VARIABLE = YES;
				IPHONEOS_DEPLOYMENT_TARGET = 14.2;
				MTL_ENABLE_DEBUG_INFO = INCLUDE_SOURCE;
				MTL_FAST_MATH = YES;
				ONLY_ACTIVE_ARCH = YES;
				SDKROOT = iphoneos;
				SWIFT_ACTIVE_COMPILATION_CONDITIONS = DEBUG;
				SWIFT_OPTIMIZATION_LEVEL = "-Onone";
			};
			name = Debug;
		};
		D3EE324D256DC74400926074 /* Release */ = {
			isa = XCBuildConfiguration;
			buildSettings = {
				ALWAYS_SEARCH_USER_PATHS = NO;
				CLANG_ANALYZER_NONNULL = YES;
				CLANG_ANALYZER_NUMBER_OBJECT_CONVERSION = YES_AGGRESSIVE;
				CLANG_CXX_LANGUAGE_STANDARD = "gnu++14";
				CLANG_CXX_LIBRARY = "libc++";
				CLANG_ENABLE_MODULES = YES;
				CLANG_ENABLE_OBJC_ARC = YES;
				CLANG_ENABLE_OBJC_WEAK = YES;
				CLANG_WARN_BLOCK_CAPTURE_AUTORELEASING = YES;
				CLANG_WARN_BOOL_CONVERSION = YES;
				CLANG_WARN_COMMA = YES;
				CLANG_WARN_CONSTANT_CONVERSION = YES;
				CLANG_WARN_DEPRECATED_OBJC_IMPLEMENTATIONS = YES;
				CLANG_WARN_DIRECT_OBJC_ISA_USAGE = YES_ERROR;
				CLANG_WARN_DOCUMENTATION_COMMENTS = YES;
				CLANG_WARN_EMPTY_BODY = YES;
				CLANG_WARN_ENUM_CONVERSION = YES;
				CLANG_WARN_INFINITE_RECURSION = YES;
				CLANG_WARN_INT_CONVERSION = YES;
				CLANG_WARN_NON_LITERAL_NULL_CONVERSION = YES;
				CLANG_WARN_OBJC_IMPLICIT_RETAIN_SELF = YES;
				CLANG_WARN_OBJC_LITERAL_CONVERSION = YES;
				CLANG_WARN_OBJC_ROOT_CLASS = YES_ERROR;
				CLANG_WARN_QUOTED_INCLUDE_IN_FRAMEWORK_HEADER = YES;
				CLANG_WARN_RANGE_LOOP_ANALYSIS = YES;
				CLANG_WARN_STRICT_PROTOTYPES = YES;
				CLANG_WARN_SUSPICIOUS_MOVE = YES;
				CLANG_WARN_UNGUARDED_AVAILABILITY = YES_AGGRESSIVE;
				CLANG_WARN_UNREACHABLE_CODE = YES;
				CLANG_WARN__DUPLICATE_METHOD_MATCH = YES;
				COPY_PHASE_STRIP = NO;
				DEBUG_INFORMATION_FORMAT = "dwarf-with-dsym";
				ENABLE_NS_ASSERTIONS = NO;
				ENABLE_STRICT_OBJC_MSGSEND = YES;
				GCC_C_LANGUAGE_STANDARD = gnu11;
				GCC_NO_COMMON_BLOCKS = YES;
				GCC_WARN_64_TO_32_BIT_CONVERSION = YES;
				GCC_WARN_ABOUT_RETURN_TYPE = YES_ERROR;
				GCC_WARN_UNDECLARED_SELECTOR = YES;
				GCC_WARN_UNINITIALIZED_AUTOS = YES_AGGRESSIVE;
				GCC_WARN_UNUSED_FUNCTION = YES;
				GCC_WARN_UNUSED_VARIABLE = YES;
				IPHONEOS_DEPLOYMENT_TARGET = 14.2;
				MTL_ENABLE_DEBUG_INFO = NO;
				MTL_FAST_MATH = YES;
				SDKROOT = iphoneos;
				SWIFT_COMPILATION_MODE = wholemodule;
				SWIFT_OPTIMIZATION_LEVEL = "-O";
				VALIDATE_PRODUCT = YES;
			};
			name = Release;
		};
		D3EE324F256DC74400926074 /* Debug */ = {
			isa = XCBuildConfiguration;
			baseConfigurationReference = 2BFCEC84A25AA755F8A27B34 /* Pods-MyMusic.debug.xcconfig */;
			buildSettings = {
				ASSETCATALOG_COMPILER_APPICON_NAME = AppIcon;
				ASSETCATALOG_COMPILER_GLOBAL_ACCENT_COLOR_NAME = AccentColor;
				CODE_SIGN_STYLE = Automatic;
				DEVELOPMENT_TEAM = N5SQL3383G;
				INFOPLIST_FILE = MyMusic/Info.plist;
				IPHONEOS_DEPLOYMENT_TARGET = 14.2;
				LD_RUNPATH_SEARCH_PATHS = (
					"$(inherited)",
					"@executable_path/Frameworks",
				);
				PRODUCT_BUNDLE_IDENTIFIER = dsimpson.sfsu.edu.MyMusic;
				PRODUCT_NAME = "$(TARGET_NAME)";
				SWIFT_VERSION = 5.0;
				TARGETED_DEVICE_FAMILY = "1,2";
			};
			name = Debug;
		};
		D3EE3250256DC74400926074 /* Release */ = {
			isa = XCBuildConfiguration;
			baseConfigurationReference = 9F512FD159070C6E27905E63 /* Pods-MyMusic.release.xcconfig */;
			buildSettings = {
				ASSETCATALOG_COMPILER_APPICON_NAME = AppIcon;
				ASSETCATALOG_COMPILER_GLOBAL_ACCENT_COLOR_NAME = AccentColor;
				CODE_SIGN_STYLE = Automatic;
				DEVELOPMENT_TEAM = N5SQL3383G;
				INFOPLIST_FILE = MyMusic/Info.plist;
				IPHONEOS_DEPLOYMENT_TARGET = 14.2;
				LD_RUNPATH_SEARCH_PATHS = (
					"$(inherited)",
					"@executable_path/Frameworks",
				);
				PRODUCT_BUNDLE_IDENTIFIER = dsimpson.sfsu.edu.MyMusic;
				PRODUCT_NAME = "$(TARGET_NAME)";
				SWIFT_VERSION = 5.0;
				TARGETED_DEVICE_FAMILY = "1,2";
			};
			name = Release;
		};
		D3EE3252256DC74400926074 /* Debug */ = {
			isa = XCBuildConfiguration;
			buildSettings = {
				ALWAYS_EMBED_SWIFT_STANDARD_LIBRARIES = YES;
				BUNDLE_LOADER = "$(TEST_HOST)";
				CODE_SIGN_STYLE = Automatic;
				DEVELOPMENT_TEAM = N5SQL3383G;
				INFOPLIST_FILE = MyMusicTests/Info.plist;
				IPHONEOS_DEPLOYMENT_TARGET = 14.2;
				LD_RUNPATH_SEARCH_PATHS = (
					"$(inherited)",
					"@executable_path/Frameworks",
					"@loader_path/Frameworks",
				);
				PRODUCT_BUNDLE_IDENTIFIER = dsimpson.sfsu.edu.MyMusicTests;
				PRODUCT_NAME = "$(TARGET_NAME)";
				SWIFT_VERSION = 5.0;
				TARGETED_DEVICE_FAMILY = "1,2";
				TEST_HOST = "$(BUILT_PRODUCTS_DIR)/MyMusic.app/MyMusic";
			};
			name = Debug;
		};
		D3EE3253256DC74400926074 /* Release */ = {
			isa = XCBuildConfiguration;
			buildSettings = {
				ALWAYS_EMBED_SWIFT_STANDARD_LIBRARIES = YES;
				BUNDLE_LOADER = "$(TEST_HOST)";
				CODE_SIGN_STYLE = Automatic;
				DEVELOPMENT_TEAM = N5SQL3383G;
				INFOPLIST_FILE = MyMusicTests/Info.plist;
				IPHONEOS_DEPLOYMENT_TARGET = 14.2;
				LD_RUNPATH_SEARCH_PATHS = (
					"$(inherited)",
					"@executable_path/Frameworks",
					"@loader_path/Frameworks",
				);
				PRODUCT_BUNDLE_IDENTIFIER = dsimpson.sfsu.edu.MyMusicTests;
				PRODUCT_NAME = "$(TARGET_NAME)";
				SWIFT_VERSION = 5.0;
				TARGETED_DEVICE_FAMILY = "1,2";
				TEST_HOST = "$(BUILT_PRODUCTS_DIR)/MyMusic.app/MyMusic";
			};
			name = Release;
		};
		D3EE3255256DC74400926074 /* Debug */ = {
			isa = XCBuildConfiguration;
			buildSettings = {
				ALWAYS_EMBED_SWIFT_STANDARD_LIBRARIES = YES;
				CODE_SIGN_STYLE = Automatic;
				DEVELOPMENT_TEAM = N5SQL3383G;
				INFOPLIST_FILE = MyMusicUITests/Info.plist;
				LD_RUNPATH_SEARCH_PATHS = (
					"$(inherited)",
					"@executable_path/Frameworks",
					"@loader_path/Frameworks",
				);
				PRODUCT_BUNDLE_IDENTIFIER = dsimpson.sfsu.edu.MyMusicUITests;
				PRODUCT_NAME = "$(TARGET_NAME)";
				SWIFT_VERSION = 5.0;
				TARGETED_DEVICE_FAMILY = "1,2";
				TEST_TARGET_NAME = MyMusic;
			};
			name = Debug;
		};
		D3EE3256256DC74400926074 /* Release */ = {
			isa = XCBuildConfiguration;
			buildSettings = {
				ALWAYS_EMBED_SWIFT_STANDARD_LIBRARIES = YES;
				CODE_SIGN_STYLE = Automatic;
				DEVELOPMENT_TEAM = N5SQL3383G;
				INFOPLIST_FILE = MyMusicUITests/Info.plist;
				LD_RUNPATH_SEARCH_PATHS = (
					"$(inherited)",
					"@executable_path/Frameworks",
					"@loader_path/Frameworks",
				);
				PRODUCT_BUNDLE_IDENTIFIER = dsimpson.sfsu.edu.MyMusicUITests;
				PRODUCT_NAME = "$(TARGET_NAME)";
				SWIFT_VERSION = 5.0;
				TARGETED_DEVICE_FAMILY = "1,2";
				TEST_TARGET_NAME = MyMusic;
			};
			name = Release;
		};
/* End XCBuildConfiguration section */

/* Begin XCConfigurationList section */
		D3EE321F256DC74000926074 /* Build configuration list for PBXProject "MyMusic" */ = {
			isa = XCConfigurationList;
			buildConfigurations = (
				D3EE324C256DC74400926074 /* Debug */,
				D3EE324D256DC74400926074 /* Release */,
			);
			defaultConfigurationIsVisible = 0;
			defaultConfigurationName = Release;
		};
		D3EE324E256DC74400926074 /* Build configuration list for PBXNativeTarget "MyMusic" */ = {
			isa = XCConfigurationList;
			buildConfigurations = (
				D3EE324F256DC74400926074 /* Debug */,
				D3EE3250256DC74400926074 /* Release */,
			);
			defaultConfigurationIsVisible = 0;
			defaultConfigurationName = Release;
		};
		D3EE3251256DC74400926074 /* Build configuration list for PBXNativeTarget "MyMusicTests" */ = {
			isa = XCConfigurationList;
			buildConfigurations = (
				D3EE3252256DC74400926074 /* Debug */,
				D3EE3253256DC74400926074 /* Release */,
			);
			defaultConfigurationIsVisible = 0;
			defaultConfigurationName = Release;
		};
		D3EE3254256DC74400926074 /* Build configuration list for PBXNativeTarget "MyMusicUITests" */ = {
			isa = XCConfigurationList;
			buildConfigurations = (
				D3EE3255256DC74400926074 /* Debug */,
				D3EE3256256DC74400926074 /* Release */,
			);
			defaultConfigurationIsVisible = 0;
			defaultConfigurationName = Release;
		};
/* End XCConfigurationList section */
	};
	rootObject = D3EE321C256DC74000926074 /* Project object */;
}
