// !$*UTF8*$!
{
	archiveVersion = 1;
	classes = {
	};
	objectVersion = 51;
	objects = {

/* Begin PBXBuildFile section */
		0B1915288DA13528647F7337 /* Pods_MyMusic.framework in Frameworks */ = {isa = PBXBuildFile; fileRef = 6155E6CFBC8410C32A871674 /* Pods_MyMusic.framework */; };
		D31CAA5F2581DBC900817AE0 /* SelectedAlbumViewController.swift in Sources */ = {isa = PBXBuildFile; fileRef = D31CAA5E2581DBC900817AE0 /* SelectedAlbumViewController.swift */; };
		D349930A256EEE0B00FE14BA /* SongCollection.swift in Sources */ = {isa = PBXBuildFile; fileRef = D3499309256EEE0B00FE14BA /* SongCollection.swift */; };
		D3499395256F3C1200FE14BA /* FullPlayerViewController.swift in Sources */ = {isa = PBXBuildFile; fileRef = D3499394256F3C1200FE14BA /* FullPlayerViewController.swift */; };
		D3C1113C25830CAB00DC3EAA /* 07 - Bam [feat. Damian Marley] [Explicit].mp3 in Resources */ = {isa = PBXBuildFile; fileRef = D3C1113425830CA200DC3EAA /* 07 - Bam [feat. Damian Marley] [Explicit].mp3 */; };
		D3C1113D25830CAB00DC3EAA /* 01 - Kill Jay-Z [Explicit].mp3 in Resources */ = {isa = PBXBuildFile; fileRef = D3C1113525830CA300DC3EAA /* 01 - Kill Jay-Z [Explicit].mp3 */; };
		D3C1113E25830CAB00DC3EAA /* 08 - Moonlight [Explicit].mp3 in Resources */ = {isa = PBXBuildFile; fileRef = D3C1113625830CA400DC3EAA /* 08 - Moonlight [Explicit].mp3 */; };
		D3C1113F25830CAB00DC3EAA /* 09 - Marcy Me [Explicit].mp3 in Resources */ = {isa = PBXBuildFile; fileRef = D3C1113725830CA600DC3EAA /* 09 - Marcy Me [Explicit].mp3 */; };
		D3C1114025830CAB00DC3EAA /* 05 - 4_44 [Explicit].mp3 in Resources */ = {isa = PBXBuildFile; fileRef = D3C1113825830CA700DC3EAA /* 05 - 4_44 [Explicit].mp3 */; };
		D3C1114125830CAB00DC3EAA /* 04 - Caught Their Eyes [feat. Frank Ocean] [Explicit].mp3 in Resources */ = {isa = PBXBuildFile; fileRef = D3C1113925830CA900DC3EAA /* 04 - Caught Their Eyes [feat. Frank Ocean] [Explicit].mp3 */; };
		D3C1114225830CAB00DC3EAA /* 02 - The Story of O.J. [Explicit].mp3 in Resources */ = {isa = PBXBuildFile; fileRef = D3C1113A25830CAA00DC3EAA /* 02 - The Story of O.J. [Explicit].mp3 */; };
		D3C1114325830CAB00DC3EAA /* 03 - Smile [feat. Gloria Carter] [Explicit].mp3 in Resources */ = {isa = PBXBuildFile; fileRef = D3C1113B25830CAB00DC3EAA /* 03 - Smile [feat. Gloria Carter] [Explicit].mp3 */; };
		D3C1115125830CD400DC3EAA /* 10 - - Success Is My Cologne.mp3 in Resources */ = {isa = PBXBuildFile; fileRef = D3C1114725830CC800DC3EAA /* 10 - - Success Is My Cologne.mp3 */; };
		D3C1115225830CD400DC3EAA /* 04 - - Blood Sweat And Gears feat Fiend.mp3 in Resources */ = {isa = PBXBuildFile; fileRef = D3C1114825830CCA00DC3EAA /* 04 - - Blood Sweat And Gears feat Fiend.mp3 */; };
		D3C1115325830CD400DC3EAA /* 03 - - The Type feat Prodigy.mp3 in Resources */ = {isa = PBXBuildFile; fileRef = D3C1114925830CCB00DC3EAA /* 03 - - The Type feat Prodigy.mp3 */; };
		D3C1115425830CD400DC3EAA /* 07 - - Scottie Pippens feat Feddie Gibbs.mp3 in Resources */ = {isa = PBXBuildFile; fileRef = D3C1114A25830CCC00DC3EAA /* 07 - - Scottie Pippens feat Feddie Gibbs.mp3 */; };
		D3C1115525830CD400DC3EAA /* 06 - - Smoke Break.mp3 in Resources */ = {isa = PBXBuildFile; fileRef = D3C1114B25830CCD00DC3EAA /* 06 - - Smoke Break.mp3 */; };
		D3C1115625830CD400DC3EAA /* 02 - - Full Metal.mp3 in Resources */ = {isa = PBXBuildFile; fileRef = D3C1114C25830CCF00DC3EAA /* 02 - - Full Metal.mp3 */; };
		D3C1115725830CD400DC3EAA /* 05 - - Life Instructions feat Smoke DZA.mp3 in Resources */ = {isa = PBXBuildFile; fileRef = D3C1114D25830CD000DC3EAA /* 05 - - Life Instructions feat Smoke DZA.mp3 */; };
		D3C1115825830CD400DC3EAA /* 08 - - Ventilation.mp3 in Resources */ = {isa = PBXBuildFile; fileRef = D3C1114E25830CD100DC3EAA /* 08 - - Ventilation.mp3 */; };
		D3C1115925830CD400DC3EAA /* 01 - - BBS.mp3 in Resources */ = {isa = PBXBuildFile; fileRef = D3C1114F25830CD300DC3EAA /* 01 - - BBS.mp3 */; };
		D3C1115A25830CD400DC3EAA /* 09 - - Double 07.mp3 in Resources */ = {isa = PBXBuildFile; fileRef = D3C1115025830CD400DC3EAA /* 09 - - Double 07.mp3 */; };
		D3C1117E258322C600DC3EAA /* 17 - Wale-The Ambitious Girl.mp3 in Resources */ = {isa = PBXBuildFile; fileRef = D3C11169258322A500DC3EAA /* 17 - Wale-The Ambitious Girl.mp3 */; };
		D3C1117F258322C600DC3EAA /* 02 - Wale-The MC.mp3 in Resources */ = {isa = PBXBuildFile; fileRef = D3C1116A258322A700DC3EAA /* 02 - Wale-The MC.mp3 */; };
		D3C11180258322C600DC3EAA /* 11 - Wale-The Black N Gold.mp3 in Resources */ = {isa = PBXBuildFile; fileRef = D3C1116B258322A900DC3EAA /* 11 - Wale-The Black N Gold.mp3 */; };
		D3C11181258322C600DC3EAA /* 16 - Wale-The Trip Downtown.mp3 in Resources */ = {isa = PBXBuildFile; fileRef = D3C1116C258322AB00DC3EAA /* 16 - Wale-The Trip Downtown.mp3 */; };
		D3C11182258322C600DC3EAA /* 10 - Wale-The Work Workin.mp3 in Resources */ = {isa = PBXBuildFile; fileRef = D3C1116D258322AC00DC3EAA /* 10 - Wale-The Work Workin.mp3 */; };
		D3C11183258322C600DC3EAA /* 05 - Wale-The Friends Strangers.mp3 in Resources */ = {isa = PBXBuildFile; fileRef = D3C1116E258322AE00DC3EAA /* 05 - Wale-The Friends Strangers.mp3 */; };
		D3C11184258322C600DC3EAA /* 06 - Wale-The Number Won.mp3 in Resources */ = {isa = PBXBuildFile; fileRef = D3C1116F258322B000DC3EAA /* 06 - Wale-The Number Won.mp3 */; };
		D3C11185258322C600DC3EAA /* 08 - Wale-The War.mp3 in Resources */ = {isa = PBXBuildFile; fileRef = D3C11170258322B100DC3EAA /* 08 - Wale-The War.mp3 */; };
		D3C11186258322C600DC3EAA /* 21 - Wale-The Flight.mp3 in Resources */ = {isa = PBXBuildFile; fileRef = D3C11171258322B300DC3EAA /* 21 - Wale-The Flight.mp3 */; };
		D3C11187258322C600DC3EAA /* 01 - Wale-The Problem.mp3 in Resources */ = {isa = PBXBuildFile; fileRef = D3C11172258322B500DC3EAA /* 01 - Wale-The Problem.mp3 */; };
		D3C11188258322C600DC3EAA /* 04 - Wale-The Breeze Cool.mp3 in Resources */ = {isa = PBXBuildFile; fileRef = D3C11173258322B700DC3EAA /* 04 - Wale-The Breeze Cool.mp3 */; };
		D3C11189258322C600DC3EAA /* 07 - Wale-The Eyes of The Tiger.mp3 in Resources */ = {isa = PBXBuildFile; fileRef = D3C11174258322B900DC3EAA /* 07 - Wale-The Eyes of The Tiger.mp3 */; };
		D3C1118A258322C600DC3EAA /* 12 - Wale-The Manipulation 2.mp3 in Resources */ = {isa = PBXBuildFile; fileRef = D3C11175258322BA00DC3EAA /* 12 - Wale-The Manipulation 2.mp3 */; };
		D3C1118B258322C600DC3EAA /* 18 - Wale-The Motivation B Right.mp3 in Resources */ = {isa = PBXBuildFile; fileRef = D3C11176258322BC00DC3EAA /* 18 - Wale-The Motivation B Right.mp3 */; };
		D3C1118C258322C600DC3EAA /* 13 - Wale-The Best In The League.mp3 in Resources */ = {isa = PBXBuildFile; fileRef = D3C11177258322BD00DC3EAA /* 13 - Wale-The Best In The League.mp3 */; };
		D3C1118D258322C600DC3EAA /* 20 - Wale-The Power.mp3 in Resources */ = {isa = PBXBuildFile; fileRef = D3C11178258322BF00DC3EAA /* 20 - Wale-The Power.mp3 */; };
		D3C1118E258322C600DC3EAA /* 14 - Wale-The Posse Cut.mp3 in Resources */ = {isa = PBXBuildFile; fileRef = D3C11179258322C000DC3EAA /* 14 - Wale-The Posse Cut.mp3 */; };
		D3C1118F258322C600DC3EAA /* 15 - Wale-The Guilty Pleasure No Hands.mp3 in Resources */ = {isa = PBXBuildFile; fileRef = D3C1117A258322C100DC3EAA /* 15 - Wale-The Guilty Pleasure No Hands.mp3 */; };
		D3C11190258322C600DC3EAA /* 19 - Wale-The Cloud.mp3 in Resources */ = {isa = PBXBuildFile; fileRef = D3C1117B258322C300DC3EAA /* 19 - Wale-The Cloud.mp3 */; };
		D3C11191258322C600DC3EAA /* 09 - Wale-The Breakup Song.mp3 in Resources */ = {isa = PBXBuildFile; fileRef = D3C1117C258322C400DC3EAA /* 09 - Wale-The Breakup Song.mp3 */; };
		D3C11192258322C600DC3EAA /* 03 - Wale-The Soup.mp3 in Resources */ = {isa = PBXBuildFile; fileRef = D3C1117D258322C600DC3EAA /* 03 - Wale-The Soup.mp3 */; };
		D3C111A42583262F00DC3EAA /* 05 - Fun (Interlude).mp3 in Resources */ = {isa = PBXBuildFile; fileRef = D3C111962583261A00DC3EAA /* 05 - Fun (Interlude).mp3 */; };
		D3C111A52583262F00DC3EAA /* 07 - Time Is Money (Ft Rockie Fresh).mp3 in Resources */ = {isa = PBXBuildFile; fileRef = D3C111972583261B00DC3EAA /* 07 - Time Is Money (Ft Rockie Fresh).mp3 */; };
		D3C111A62583262F00DC3EAA /* 03 - Lovely Day.mp3 in Resources */ = {isa = PBXBuildFile; fileRef = D3C111982583261D00DC3EAA /* 03 - Lovely Day.mp3 */; };
		D3C111A72583262F00DC3EAA /* 12 - Yap Yap.mp3 in Resources */ = {isa = PBXBuildFile; fileRef = D3C111992583261F00DC3EAA /* 12 - Yap Yap.mp3 */; };
		D3C111A82583262F00DC3EAA /* 11 - Fear & Doubt (Ft Kenna & Joey Purp).mp3 in Resources */ = {isa = PBXBuildFile; fileRef = D3C1119A2583262100DC3EAA /* 11 - Fear & Doubt (Ft Kenna & Joey Purp).mp3 */; };
		D3C111A92583262F00DC3EAA /* 04 - Tweakin (Ft Chance The Rapper).mp3 in Resources */ = {isa = PBXBuildFile; fileRef = D3C1119B2583262300DC3EAA /* 04 - Tweakin (Ft Chance The Rapper).mp3 */; };
		D3C111AA2583262F00DC3EAA /* 01 - Welcome to INNANET.mp3 in Resources */ = {isa = PBXBuildFile; fileRef = D3C1119C2583262400DC3EAA /* 01 - Welcome to INNANET.mp3 */; };
		D3C111AB2583262F00DC3EAA /* 02 - Orange Soda.mp3 in Resources */ = {isa = PBXBuildFile; fileRef = D3C1119D2583262600DC3EAA /* 02 - Orange Soda.mp3 */; };
		D3C111AC2583262F00DC3EAA /* 06 - Magic (Ft Jesse Boykins III).mp3 in Resources */ = {isa = PBXBuildFile; fileRef = D3C1119E2583262700DC3EAA /* 06 - Magic (Ft Jesse Boykins III).mp3 */; };
		D3C111AD2583262F00DC3EAA /* 14 - That Nigga.mp3 in Resources */ = {isa = PBXBuildFile; fileRef = D3C1119F2583262900DC3EAA /* 14 - That Nigga.mp3 */; };
		D3C111AE2583262F00DC3EAA /* 09 - Hollywood LA (Ft Lili K).mp3 in Resources */ = {isa = PBXBuildFile; fileRef = D3C111A02583262A00DC3EAA /* 09 - Hollywood LA (Ft Lili K).mp3 */; };
		D3C111AF2583262F00DC3EAA /* 10 - Holy Holy (Ft Ab-Soul & BJ The Chicago Kid).mp3 in Resources */ = {isa = PBXBuildFile; fileRef = D3C111A12583262C00DC3EAA /* 10 - Holy Holy (Ft Ab-Soul & BJ The Chicago Kid).mp3 */; };
		D3C111B02583262F00DC3EAA /* 13 - RUN (Ft Thundercat).mp3 in Resources */ = {isa = PBXBuildFile; fileRef = D3C111A22583262D00DC3EAA /* 13 - RUN (Ft Thundercat).mp3 */; };
		D3C111B12583262F00DC3EAA /* 08 - YNSP (Ft Eliza Doolittle).mp3 in Resources */ = {isa = PBXBuildFile; fileRef = D3C111A32583262E00DC3EAA /* 08 - YNSP (Ft Eliza Doolittle).mp3 */; };
		D3C111C32583268F00DC3EAA /* 04 - Windows (Ft Alex Wiley and Akenya Seymour).mp3 in Resources */ = {isa = PBXBuildFile; fileRef = D3C111B52583268100DC3EAA /* 04 - Windows (Ft Alex Wiley and Akenya Seymour).mp3 */; };
		D3C111C42583268F00DC3EAA /* 14 - Hey Ma (ft Lili K and Peter CottonTale) [prod by Zak  Fox  Jablow and MC TREE].mp3 in Resources */ = {isa = PBXBuildFile; fileRef = D3C111B62583268200DC3EAA /* 14 - Hey Ma (ft Lili K and Peter CottonTale) [prod by Zak  Fox  Jablow and MC TREE].mp3 */; };
		D3C111C52583268F00DC3EAA /* 10 - Juke Juke [prod by Caleb James].mp3 in Resources */ = {isa = PBXBuildFile; fileRef = D3C111B72583268300DC3EAA /* 10 - Juke Juke [prod by Caleb James].mp3 */; };
		D3C111C62583268F00DC3EAA /* 03 - Missing You [prod by Thomas Foolery].mp3 in Resources */ = {isa = PBXBuildFile; fileRef = D3C111B82583268400DC3EAA /* 03 - Missing You [prod by Thomas Foolery].mp3 */; };
		D3C111C72583268F00DC3EAA /* 07 - 22 Offs.mp3 in Resources */ = {isa = PBXBuildFile; fileRef = D3C111B92583268500DC3EAA /* 07 - 22 Offs.mp3 */; };
		D3C111C82583268F00DC3EAA /* 12 - Long Time II (ft Nico Segal) [prod by THEMPeople and Peter CottonTale].mp3 in Resources */ = {isa = PBXBuildFile; fileRef = D3C111BA2583268700DC3EAA /* 12 - Long Time II (ft Nico Segal) [prod by THEMPeople and Peter CottonTale].mp3 */; };
		D3C111C92583268F00DC3EAA /* 02 - Nostalgia.mp3 in Resources */ = {isa = PBXBuildFile; fileRef = D3C111BB2583268800DC3EAA /* 02 - Nostalgia.mp3 */; };
		D3C111CA2583268F00DC3EAA /* 06 - Long Time.mp3 in Resources */ = {isa = PBXBuildFile; fileRef = D3C111BC2583268900DC3EAA /* 06 - Long Time.mp3 */; };
		D3C111CB2583268F00DC3EAA /* 08 - U Got Me Fucked Up [prod by Chuck Inglish].mp3 in Resources */ = {isa = PBXBuildFile; fileRef = D3C111BD2583268A00DC3EAA /* 08 - U Got Me Fucked Up [prod by Chuck Inglish].mp3 */; };
		D3C111CC2583268F00DC3EAA /* 11 - Fuck You Tahm Bout.mp3 in Resources */ = {isa = PBXBuildFile; fileRef = D3C111BE2583268B00DC3EAA /* 11 - Fuck You Tahm Bout.mp3 */; };
		D3C111CD2583268F00DC3EAA /* 01 - 14400 Minutes [prod by DJ SuchNSuch].mp3 in Resources */ = {isa = PBXBuildFile; fileRef = D3C111BF2583268C00DC3EAA /* 01 - 14400 Minutes [prod by DJ SuchNSuch].mp3 */; };
		D3C111CE2583268F00DC3EAA /* 05 - Brain Cells [prod by Peter Cottontale].mp3 in Resources */ = {isa = PBXBuildFile; fileRef = D3C111C02583268D00DC3EAA /* 05 - Brain Cells [prod by Peter Cottontale].mp3 */; };
		D3C111CF2583268F00DC3EAA /* 13 - Prom Night [Prod by Prince Talent DJ SuchNSuch and THEMpeople].mp3 in Resources */ = {isa = PBXBuildFile; fileRef = D3C111C12583268E00DC3EAA /* 13 - Prom Night [Prod by Prince Talent DJ SuchNSuch and THEMpeople].mp3 */; };
		D3C111D02583268F00DC3EAA /* 09 - Family (ft Vic Mensa and Sulaiman) [prod by The Blended Babies].mp3 in Resources */ = {isa = PBXBuildFile; fileRef = D3C111C22583268F00DC3EAA /* 09 - Family (ft Vic Mensa and Sulaiman) [prod by The Blended Babies].mp3 */; };
		D3C111E3258326E300DC3EAA /* 04 - Survival Tactics Feat Capital STEEZ (Prod By Vin Skully).mp3 in Resources */ = {isa = PBXBuildFile; fileRef = D3C111D4258326D600DC3EAA /* 04 - Survival Tactics Feat Capital STEEZ (Prod By Vin Skully).mp3 */; };
		D3C111E4258326E300DC3EAA /* 12 - Don t Front Feat CJ Fly (Prod By Statik Selektah).mp3 in Resources */ = {isa = PBXBuildFile; fileRef = D3C111D5258326D700DC3EAA /* 12 - Don t Front Feat CJ Fly (Prod By Statik Selektah).mp3 */; };
		D3C111E5258326E300DC3EAA /* 08 - Pennyroyal (Prod By MF DOOM).mp3 in Resources */ = {isa = PBXBuildFile; fileRef = D3C111D6258326D800DC3EAA /* 08 - Pennyroyal (Prod By MF DOOM).mp3 */; };
		D3C111E6258326E300DC3EAA /* 06 - Hardknock Feat CJ Fly (Prod By Lewis Parker).mp3 in Resources */ = {isa = PBXBuildFile; fileRef = D3C111D7258326D900DC3EAA /* 06 - Hardknock Feat CJ Fly (Prod By Lewis Parker).mp3 */; };
		D3C111E7258326E300DC3EAA /* 09 - Funky Ho (Prod By Lord Finesse).mp3 in Resources */ = {isa = PBXBuildFile; fileRef = D3C111D8258326DA00DC3EAA /* 09 - Funky Ho (Prod By Lord Finesse).mp3 */; };
		D3C111E8258326E300DC3EAA /* 15 - Suspect Feat PRO ERA Capital STEEZ CJ Fly Chuck Strangers Dyemond Lewis NYCk Caution Kirk.mp3 in Resources */ = {isa = PBXBuildFile; fileRef = D3C111D9258326DB00DC3EAA /* 15 - Suspect Feat PRO ERA Capital STEEZ CJ Fly Chuck Strangers Dyemond Lewis NYCk Caution Kirk.mp3 */; };
		D3C111E9258326E300DC3EAA /* 05 - Killuminati Feat Capital STEEZ (Prod By Knxwledge).mp3 in Resources */ = {isa = PBXBuildFile; fileRef = D3C111DA258326DB00DC3EAA /* 05 - Killuminati Feat Capital STEEZ (Prod By Knxwledge).mp3 */; };
		D3C111EA258326E300DC3EAA /* 14 - Where It At Feat Kirk Knight (Prod By J Dilla).mp3 in Resources */ = {isa = PBXBuildFile; fileRef = D3C111DB258326DC00DC3EAA /* 14 - Where It At Feat Kirk Knight (Prod By J Dilla).mp3 */; };
		D3C111EB258326E300DC3EAA /* 07 - World Domination (Prod By MF DOOM).mp3 in Resources */ = {isa = PBXBuildFile; fileRef = D3C111DC258326DD00DC3EAA /* 07 - World Domination (Prod By MF DOOM).mp3 */; };
		D3C111EC258326E300DC3EAA /* 10 - Daily Routine (Prod By Chuck Strangers).mp3 in Resources */ = {isa = PBXBuildFile; fileRef = D3C111DD258326DE00DC3EAA /* 10 - Daily Routine (Prod By Chuck Strangers).mp3 */; };
		D3C111ED258326E300DC3EAA /* 11 - Snakes Feat T nah Apex (Prod By J Dilla).mp3 in Resources */ = {isa = PBXBuildFile; fileRef = D3C111DE258326DF00DC3EAA /* 11 - Snakes Feat T nah Apex (Prod By J Dilla).mp3 */; };
		D3C111EE258326E300DC3EAA /* 01 - Summer Knights (Prod By Chuck Strangers).mp3 in Resources */ = {isa = PBXBuildFile; fileRef = D3C111DF258326E000DC3EAA /* 01 - Summer Knights (Prod By Chuck Strangers).mp3 */; };
		D3C111EF258326E300DC3EAA /* 13 - Righteous Minds (Prod By Bruce LeeKix).mp3 in Resources */ = {isa = PBXBuildFile; fileRef = D3C111E0258326E100DC3EAA /* 13 - Righteous Minds (Prod By Bruce LeeKix).mp3 */; };
		D3C111F0258326E300DC3EAA /* 03 - FromdaTomb Feat Chuck Strangers (Prod By Chuck Strangers Scratches By Statik Selektah).mp3 in Resources */ = {isa = PBXBuildFile; fileRef = D3C111E1258326E200DC3EAA /* 03 - FromdaTomb Feat Chuck Strangers (Prod By Chuck Strangers Scratches By Statik Selektah).mp3 */; };
		D3C111F1258326E300DC3EAA /* 02 - Waves (Prod By Freddie Joachim).mp3 in Resources */ = {isa = PBXBuildFile; fileRef = D3C111E2258326E300DC3EAA /* 02 - Waves (Prod By Freddie Joachim).mp3 */; };
		D3CC825A25808650006BA6A6 /* AlbumsViewController.swift in Sources */ = {isa = PBXBuildFile; fileRef = D3CC825925808650006BA6A6 /* AlbumsViewController.swift */; };
		D3CC828F258091F7006BA6A6 /* MiniPlayerViewController.swift in Sources */ = {isa = PBXBuildFile; fileRef = D3CC828E258091F7006BA6A6 /* MiniPlayerViewController.swift */; };
		D3D11963256F5E210071F1C6 /* SongPlayer.swift in Sources */ = {isa = PBXBuildFile; fileRef = D3D11962256F5E210071F1C6 /* SongPlayer.swift */; };
		D3EE3228256DC74000926074 /* AppDelegate.swift in Sources */ = {isa = PBXBuildFile; fileRef = D3EE3227256DC74000926074 /* AppDelegate.swift */; };
		D3EE322A256DC74000926074 /* SceneDelegate.swift in Sources */ = {isa = PBXBuildFile; fileRef = D3EE3229256DC74000926074 /* SceneDelegate.swift */; };
		D3EE322C256DC74000926074 /* SongsViewController.swift in Sources */ = {isa = PBXBuildFile; fileRef = D3EE322B256DC74000926074 /* SongsViewController.swift */; };
		D3EE322F256DC74000926074 /* Main.storyboard in Resources */ = {isa = PBXBuildFile; fileRef = D3EE322D256DC74000926074 /* Main.storyboard */; };
		D3EE3231256DC74300926074 /* Assets.xcassets in Resources */ = {isa = PBXBuildFile; fileRef = D3EE3230256DC74300926074 /* Assets.xcassets */; };
		D3EE3234256DC74300926074 /* LaunchScreen.storyboard in Resources */ = {isa = PBXBuildFile; fileRef = D3EE3232256DC74300926074 /* LaunchScreen.storyboard */; };
		D3EE323F256DC74300926074 /* MyMusicTests.swift in Sources */ = {isa = PBXBuildFile; fileRef = D3EE323E256DC74300926074 /* MyMusicTests.swift */; };
		D3EE324A256DC74400926074 /* MyMusicUITests.swift in Sources */ = {isa = PBXBuildFile; fileRef = D3EE3249256DC74400926074 /* MyMusicUITests.swift */; };
/* End PBXBuildFile section */

/* Begin PBXContainerItemProxy section */
		D3EE323B256DC74300926074 /* PBXContainerItemProxy */ = {
			isa = PBXContainerItemProxy;
			containerPortal = D3EE321C256DC74000926074 /* Project object */;
			proxyType = 1;
			remoteGlobalIDString = D3EE3223256DC74000926074;
			remoteInfo = MyMusic;
		};
		D3EE3246256DC74400926074 /* PBXContainerItemProxy */ = {
			isa = PBXContainerItemProxy;
			containerPortal = D3EE321C256DC74000926074 /* Project object */;
			proxyType = 1;
			remoteGlobalIDString = D3EE3223256DC74000926074;
			remoteInfo = MyMusic;
		};
/* End PBXContainerItemProxy section */

/* Begin PBXFileReference section */
		2BFCEC84A25AA755F8A27B34 /* Pods-MyMusic.debug.xcconfig */ = {isa = PBXFileReference; includeInIndex = 1; lastKnownFileType = text.xcconfig; name = "Pods-MyMusic.debug.xcconfig"; path = "Target Support Files/Pods-MyMusic/Pods-MyMusic.debug.xcconfig"; sourceTree = "<group>"; };
		6155E6CFBC8410C32A871674 /* Pods_MyMusic.framework */ = {isa = PBXFileReference; explicitFileType = wrapper.framework; includeInIndex = 0; path = Pods_MyMusic.framework; sourceTree = BUILT_PRODUCTS_DIR; };
		9F512FD159070C6E27905E63 /* Pods-MyMusic.release.xcconfig */ = {isa = PBXFileReference; includeInIndex = 1; lastKnownFileType = text.xcconfig; name = "Pods-MyMusic.release.xcconfig"; path = "Target Support Files/Pods-MyMusic/Pods-MyMusic.release.xcconfig"; sourceTree = "<group>"; };
		D31CAA5E2581DBC900817AE0 /* SelectedAlbumViewController.swift */ = {isa = PBXFileReference; lastKnownFileType = sourcecode.swift; path = SelectedAlbumViewController.swift; sourceTree = "<group>"; };
		D3499309256EEE0B00FE14BA /* SongCollection.swift */ = {isa = PBXFileReference; lastKnownFileType = sourcecode.swift; path = SongCollection.swift; sourceTree = "<group>"; };
		D3499394256F3C1200FE14BA /* FullPlayerViewController.swift */ = {isa = PBXFileReference; lastKnownFileType = sourcecode.swift; path = FullPlayerViewController.swift; sourceTree = "<group>"; };
		D3C1113425830CA200DC3EAA /* 07 - Bam [feat. Damian Marley] [Explicit].mp3 */ = {isa = PBXFileReference; lastKnownFileType = audio.mp3; path = "07 - Bam [feat. Damian Marley] [Explicit].mp3"; sourceTree = "<group>"; };
		D3C1113525830CA300DC3EAA /* 01 - Kill Jay-Z [Explicit].mp3 */ = {isa = PBXFileReference; lastKnownFileType = audio.mp3; path = "01 - Kill Jay-Z [Explicit].mp3"; sourceTree = "<group>"; };
		D3C1113625830CA400DC3EAA /* 08 - Moonlight [Explicit].mp3 */ = {isa = PBXFileReference; lastKnownFileType = audio.mp3; path = "08 - Moonlight [Explicit].mp3"; sourceTree = "<group>"; };
		D3C1113725830CA600DC3EAA /* 09 - Marcy Me [Explicit].mp3 */ = {isa = PBXFileReference; lastKnownFileType = audio.mp3; path = "09 - Marcy Me [Explicit].mp3"; sourceTree = "<group>"; };
		D3C1113825830CA700DC3EAA /* 05 - 4_44 [Explicit].mp3 */ = {isa = PBXFileReference; lastKnownFileType = audio.mp3; path = "05 - 4_44 [Explicit].mp3"; sourceTree = "<group>"; };
		D3C1113925830CA900DC3EAA /* 04 - Caught Their Eyes [feat. Frank Ocean] [Explicit].mp3 */ = {isa = PBXFileReference; lastKnownFileType = audio.mp3; path = "04 - Caught Their Eyes [feat. Frank Ocean] [Explicit].mp3"; sourceTree = "<group>"; };
		D3C1113A25830CAA00DC3EAA /* 02 - The Story of O.J. [Explicit].mp3 */ = {isa = PBXFileReference; lastKnownFileType = audio.mp3; path = "02 - The Story of O.J. [Explicit].mp3"; sourceTree = "<group>"; };
		D3C1113B25830CAB00DC3EAA /* 03 - Smile [feat. Gloria Carter] [Explicit].mp3 */ = {isa = PBXFileReference; lastKnownFileType = audio.mp3; path = "03 - Smile [feat. Gloria Carter] [Explicit].mp3"; sourceTree = "<group>"; };
		D3C1114725830CC800DC3EAA /* 10 - - Success Is My Cologne.mp3 */ = {isa = PBXFileReference; lastKnownFileType = audio.mp3; path = "10 - - Success Is My Cologne.mp3"; sourceTree = "<group>"; };
		D3C1114825830CCA00DC3EAA /* 04 - - Blood Sweat And Gears feat Fiend.mp3 */ = {isa = PBXFileReference; lastKnownFileType = audio.mp3; path = "04 - - Blood Sweat And Gears feat Fiend.mp3"; sourceTree = "<group>"; };
		D3C1114925830CCB00DC3EAA /* 03 - - The Type feat Prodigy.mp3 */ = {isa = PBXFileReference; lastKnownFileType = audio.mp3; path = "03 - - The Type feat Prodigy.mp3"; sourceTree = "<group>"; };
		D3C1114A25830CCC00DC3EAA /* 07 - - Scottie Pippens feat Feddie Gibbs.mp3 */ = {isa = PBXFileReference; lastKnownFileType = audio.mp3; path = "07 - - Scottie Pippens feat Feddie Gibbs.mp3"; sourceTree = "<group>"; };
		D3C1114B25830CCD00DC3EAA /* 06 - - Smoke Break.mp3 */ = {isa = PBXFileReference; lastKnownFileType = audio.mp3; path = "06 - - Smoke Break.mp3"; sourceTree = "<group>"; };
		D3C1114C25830CCF00DC3EAA /* 02 - - Full Metal.mp3 */ = {isa = PBXFileReference; lastKnownFileType = audio.mp3; path = "02 - - Full Metal.mp3"; sourceTree = "<group>"; };
		D3C1114D25830CD000DC3EAA /* 05 - - Life Instructions feat Smoke DZA.mp3 */ = {isa = PBXFileReference; lastKnownFileType = audio.mp3; path = "05 - - Life Instructions feat Smoke DZA.mp3"; sourceTree = "<group>"; };
		D3C1114E25830CD100DC3EAA /* 08 - - Ventilation.mp3 */ = {isa = PBXFileReference; lastKnownFileType = audio.mp3; path = "08 - - Ventilation.mp3"; sourceTree = "<group>"; };
		D3C1114F25830CD300DC3EAA /* 01 - - BBS.mp3 */ = {isa = PBXFileReference; lastKnownFileType = audio.mp3; path = "01 - - BBS.mp3"; sourceTree = "<group>"; };
		D3C1115025830CD400DC3EAA /* 09 - - Double 07.mp3 */ = {isa = PBXFileReference; lastKnownFileType = audio.mp3; path = "09 - - Double 07.mp3"; sourceTree = "<group>"; };
		D3C11169258322A500DC3EAA /* 17 - Wale-The Ambitious Girl.mp3 */ = {isa = PBXFileReference; lastKnownFileType = audio.mp3; path = "17 - Wale-The Ambitious Girl.mp3"; sourceTree = "<group>"; };
		D3C1116A258322A700DC3EAA /* 02 - Wale-The MC.mp3 */ = {isa = PBXFileReference; lastKnownFileType = audio.mp3; path = "02 - Wale-The MC.mp3"; sourceTree = "<group>"; };
		D3C1116B258322A900DC3EAA /* 11 - Wale-The Black N Gold.mp3 */ = {isa = PBXFileReference; lastKnownFileType = audio.mp3; path = "11 - Wale-The Black N Gold.mp3"; sourceTree = "<group>"; };
		D3C1116C258322AB00DC3EAA /* 16 - Wale-The Trip Downtown.mp3 */ = {isa = PBXFileReference; lastKnownFileType = audio.mp3; path = "16 - Wale-The Trip Downtown.mp3"; sourceTree = "<group>"; };
		D3C1116D258322AC00DC3EAA /* 10 - Wale-The Work Workin.mp3 */ = {isa = PBXFileReference; lastKnownFileType = audio.mp3; path = "10 - Wale-The Work Workin.mp3"; sourceTree = "<group>"; };
		D3C1116E258322AE00DC3EAA /* 05 - Wale-The Friends Strangers.mp3 */ = {isa = PBXFileReference; lastKnownFileType = audio.mp3; path = "05 - Wale-The Friends Strangers.mp3"; sourceTree = "<group>"; };
		D3C1116F258322B000DC3EAA /* 06 - Wale-The Number Won.mp3 */ = {isa = PBXFileReference; lastKnownFileType = audio.mp3; path = "06 - Wale-The Number Won.mp3"; sourceTree = "<group>"; };
		D3C11170258322B100DC3EAA /* 08 - Wale-The War.mp3 */ = {isa = PBXFileReference; lastKnownFileType = audio.mp3; path = "08 - Wale-The War.mp3"; sourceTree = "<group>"; };
		D3C11171258322B300DC3EAA /* 21 - Wale-The Flight.mp3 */ = {isa = PBXFileReference; lastKnownFileType = audio.mp3; path = "21 - Wale-The Flight.mp3"; sourceTree = "<group>"; };
		D3C11172258322B500DC3EAA /* 01 - Wale-The Problem.mp3 */ = {isa = PBXFileReference; lastKnownFileType = audio.mp3; path = "01 - Wale-The Problem.mp3"; sourceTree = "<group>"; };
		D3C11173258322B700DC3EAA /* 04 - Wale-The Breeze Cool.mp3 */ = {isa = PBXFileReference; lastKnownFileType = audio.mp3; path = "04 - Wale-The Breeze Cool.mp3"; sourceTree = "<group>"; };
		D3C11174258322B900DC3EAA /* 07 - Wale-The Eyes of The Tiger.mp3 */ = {isa = PBXFileReference; lastKnownFileType = audio.mp3; path = "07 - Wale-The Eyes of The Tiger.mp3"; sourceTree = "<group>"; };
		D3C11175258322BA00DC3EAA /* 12 - Wale-The Manipulation 2.mp3 */ = {isa = PBXFileReference; lastKnownFileType = audio.mp3; path = "12 - Wale-The Manipulation 2.mp3"; sourceTree = "<group>"; };
		D3C11176258322BC00DC3EAA /* 18 - Wale-The Motivation B Right.mp3 */ = {isa = PBXFileReference; lastKnownFileType = audio.mp3; path = "18 - Wale-The Motivation B Right.mp3"; sourceTree = "<group>"; };
		D3C11177258322BD00DC3EAA /* 13 - Wale-The Best In The League.mp3 */ = {isa = PBXFileReference; lastKnownFileType = audio.mp3; path = "13 - Wale-The Best In The League.mp3"; sourceTree = "<group>"; };
		D3C11178258322BF00DC3EAA /* 20 - Wale-The Power.mp3 */ = {isa = PBXFileReference; lastKnownFileType = audio.mp3; path = "20 - Wale-The Power.mp3"; sourceTree = "<group>"; };
		D3C11179258322C000DC3EAA /* 14 - Wale-The Posse Cut.mp3 */ = {isa = PBXFileReference; lastKnownFileType = audio.mp3; path = "14 - Wale-The Posse Cut.mp3"; sourceTree = "<group>"; };
		D3C1117A258322C100DC3EAA /* 15 - Wale-The Guilty Pleasure No Hands.mp3 */ = {isa = PBXFileReference; lastKnownFileType = audio.mp3; path = "15 - Wale-The Guilty Pleasure No Hands.mp3"; sourceTree = "<group>"; };
		D3C1117B258322C300DC3EAA /* 19 - Wale-The Cloud.mp3 */ = {isa = PBXFileReference; lastKnownFileType = audio.mp3; path = "19 - Wale-The Cloud.mp3"; sourceTree = "<group>"; };
		D3C1117C258322C400DC3EAA /* 09 - Wale-The Breakup Song.mp3 */ = {isa = PBXFileReference; lastKnownFileType = audio.mp3; path = "09 - Wale-The Breakup Song.mp3"; sourceTree = "<group>"; };
		D3C1117D258322C600DC3EAA /* 03 - Wale-The Soup.mp3 */ = {isa = PBXFileReference; lastKnownFileType = audio.mp3; path = "03 - Wale-The Soup.mp3"; sourceTree = "<group>"; };
		D3C111962583261A00DC3EAA /* 05 - Fun (Interlude).mp3 */ = {isa = PBXFileReference; lastKnownFileType = audio.mp3; path = "05 - Fun (Interlude).mp3"; sourceTree = "<group>"; };
		D3C111972583261B00DC3EAA /* 07 - Time Is Money (Ft Rockie Fresh).mp3 */ = {isa = PBXFileReference; lastKnownFileType = audio.mp3; path = "07 - Time Is Money (Ft Rockie Fresh).mp3"; sourceTree = "<group>"; };
		D3C111982583261D00DC3EAA /* 03 - Lovely Day.mp3 */ = {isa = PBXFileReference; lastKnownFileType = audio.mp3; path = "03 - Lovely Day.mp3"; sourceTree = "<group>"; };
		D3C111992583261F00DC3EAA /* 12 - Yap Yap.mp3 */ = {isa = PBXFileReference; lastKnownFileType = audio.mp3; path = "12 - Yap Yap.mp3"; sourceTree = "<group>"; };
		D3C1119A2583262100DC3EAA /* 11 - Fear & Doubt (Ft Kenna & Joey Purp).mp3 */ = {isa = PBXFileReference; lastKnownFileType = audio.mp3; path = "11 - Fear & Doubt (Ft Kenna & Joey Purp).mp3"; sourceTree = "<group>"; };
		D3C1119B2583262300DC3EAA /* 04 - Tweakin (Ft Chance The Rapper).mp3 */ = {isa = PBXFileReference; lastKnownFileType = audio.mp3; path = "04 - Tweakin (Ft Chance The Rapper).mp3"; sourceTree = "<group>"; };
		D3C1119C2583262400DC3EAA /* 01 - Welcome to INNANET.mp3 */ = {isa = PBXFileReference; lastKnownFileType = audio.mp3; path = "01 - Welcome to INNANET.mp3"; sourceTree = "<group>"; };
		D3C1119D2583262600DC3EAA /* 02 - Orange Soda.mp3 */ = {isa = PBXFileReference; lastKnownFileType = audio.mp3; path = "02 - Orange Soda.mp3"; sourceTree = "<group>"; };
		D3C1119E2583262700DC3EAA /* 06 - Magic (Ft Jesse Boykins III).mp3 */ = {isa = PBXFileReference; lastKnownFileType = audio.mp3; path = "06 - Magic (Ft Jesse Boykins III).mp3"; sourceTree = "<group>"; };
		D3C1119F2583262900DC3EAA /* 14 - That Nigga.mp3 */ = {isa = PBXFileReference; lastKnownFileType = audio.mp3; path = "14 - That Nigga.mp3"; sourceTree = "<group>"; };
		D3C111A02583262A00DC3EAA /* 09 - Hollywood LA (Ft Lili K).mp3 */ = {isa = PBXFileReference; lastKnownFileType = audio.mp3; path = "09 - Hollywood LA (Ft Lili K).mp3"; sourceTree = "<group>"; };
		D3C111A12583262C00DC3EAA /* 10 - Holy Holy (Ft Ab-Soul & BJ The Chicago Kid).mp3 */ = {isa = PBXFileReference; lastKnownFileType = audio.mp3; path = "10 - Holy Holy (Ft Ab-Soul & BJ The Chicago Kid).mp3"; sourceTree = "<group>"; };
		D3C111A22583262D00DC3EAA /* 13 - RUN (Ft Thundercat).mp3 */ = {isa = PBXFileReference; lastKnownFileType = audio.mp3; path = "13 - RUN (Ft Thundercat).mp3"; sourceTree = "<group>"; };
		D3C111A32583262E00DC3EAA /* 08 - YNSP (Ft Eliza Doolittle).mp3 */ = {isa = PBXFileReference; lastKnownFileType = audio.mp3; path = "08 - YNSP (Ft Eliza Doolittle).mp3"; sourceTree = "<group>"; };
		D3C111B52583268100DC3EAA /* 04 - Windows (Ft Alex Wiley and Akenya Seymour).mp3 */ = {isa = PBXFileReference; lastKnownFileType = audio.mp3; path = "04 - Windows (Ft Alex Wiley and Akenya Seymour).mp3"; sourceTree = "<group>"; };
		D3C111B62583268200DC3EAA /* 14 - Hey Ma (ft Lili K and Peter CottonTale) [prod by Zak  Fox  Jablow and MC TREE].mp3 */ = {isa = PBXFileReference; lastKnownFileType = audio.mp3; path = "14 - Hey Ma (ft Lili K and Peter CottonTale) [prod by Zak  Fox  Jablow and MC TREE].mp3"; sourceTree = "<group>"; };
		D3C111B72583268300DC3EAA /* 10 - Juke Juke [prod by Caleb James].mp3 */ = {isa = PBXFileReference; lastKnownFileType = audio.mp3; path = "10 - Juke Juke [prod by Caleb James].mp3"; sourceTree = "<group>"; };
		D3C111B82583268400DC3EAA /* 03 - Missing You [prod by Thomas Foolery].mp3 */ = {isa = PBXFileReference; lastKnownFileType = audio.mp3; path = "03 - Missing You [prod by Thomas Foolery].mp3"; sourceTree = "<group>"; };
		D3C111B92583268500DC3EAA /* 07 - 22 Offs.mp3 */ = {isa = PBXFileReference; lastKnownFileType = audio.mp3; path = "07 - 22 Offs.mp3"; sourceTree = "<group>"; };
		D3C111BA2583268700DC3EAA /* 12 - Long Time II (ft Nico Segal) [prod by THEMPeople and Peter CottonTale].mp3 */ = {isa = PBXFileReference; lastKnownFileType = audio.mp3; path = "12 - Long Time II (ft Nico Segal) [prod by THEMPeople and Peter CottonTale].mp3"; sourceTree = "<group>"; };
		D3C111BB2583268800DC3EAA /* 02 - Nostalgia.mp3 */ = {isa = PBXFileReference; lastKnownFileType = audio.mp3; path = "02 - Nostalgia.mp3"; sourceTree = "<group>"; };
		D3C111BC2583268900DC3EAA /* 06 - Long Time.mp3 */ = {isa = PBXFileReference; lastKnownFileType = audio.mp3; path = "06 - Long Time.mp3"; sourceTree = "<group>"; };
		D3C111BD2583268A00DC3EAA /* 08 - U Got Me Fucked Up [prod by Chuck Inglish].mp3 */ = {isa = PBXFileReference; lastKnownFileType = audio.mp3; path = "08 - U Got Me Fucked Up [prod by Chuck Inglish].mp3"; sourceTree = "<group>"; };
		D3C111BE2583268B00DC3EAA /* 11 - Fuck You Tahm Bout.mp3 */ = {isa = PBXFileReference; lastKnownFileType = audio.mp3; path = "11 - Fuck You Tahm Bout.mp3"; sourceTree = "<group>"; };
		D3C111BF2583268C00DC3EAA /* 01 - 14400 Minutes [prod by DJ SuchNSuch].mp3 */ = {isa = PBXFileReference; lastKnownFileType = audio.mp3; path = "01 - 14400 Minutes [prod by DJ SuchNSuch].mp3"; sourceTree = "<group>"; };
		D3C111C02583268D00DC3EAA /* 05 - Brain Cells [prod by Peter Cottontale].mp3 */ = {isa = PBXFileReference; lastKnownFileType = audio.mp3; path = "05 - Brain Cells [prod by Peter Cottontale].mp3"; sourceTree = "<group>"; };
		D3C111C12583268E00DC3EAA /* 13 - Prom Night [Prod by Prince Talent DJ SuchNSuch and THEMpeople].mp3 */ = {isa = PBXFileReference; lastKnownFileType = audio.mp3; path = "13 - Prom Night [Prod by Prince Talent DJ SuchNSuch and THEMpeople].mp3"; sourceTree = "<group>"; };
		D3C111C22583268F00DC3EAA /* 09 - Family (ft Vic Mensa and Sulaiman) [prod by The Blended Babies].mp3 */ = {isa = PBXFileReference; lastKnownFileType = audio.mp3; path = "09 - Family (ft Vic Mensa and Sulaiman) [prod by The Blended Babies].mp3"; sourceTree = "<group>"; };
		D3C111D4258326D600DC3EAA /* 04 - Survival Tactics Feat Capital STEEZ (Prod By Vin Skully).mp3 */ = {isa = PBXFileReference; lastKnownFileType = audio.mp3; path = "04 - Survival Tactics Feat Capital STEEZ (Prod By Vin Skully).mp3"; sourceTree = "<group>"; };
		D3C111D5258326D700DC3EAA /* 12 - Don t Front Feat CJ Fly (Prod By Statik Selektah).mp3 */ = {isa = PBXFileReference; lastKnownFileType = audio.mp3; path = "12 - Don t Front Feat CJ Fly (Prod By Statik Selektah).mp3"; sourceTree = "<group>"; };
		D3C111D6258326D800DC3EAA /* 08 - Pennyroyal (Prod By MF DOOM).mp3 */ = {isa = PBXFileReference; lastKnownFileType = audio.mp3; path = "08 - Pennyroyal (Prod By MF DOOM).mp3"; sourceTree = "<group>"; };
		D3C111D7258326D900DC3EAA /* 06 - Hardknock Feat CJ Fly (Prod By Lewis Parker).mp3 */ = {isa = PBXFileReference; lastKnownFileType = audio.mp3; path = "06 - Hardknock Feat CJ Fly (Prod By Lewis Parker).mp3"; sourceTree = "<group>"; };
		D3C111D8258326DA00DC3EAA /* 09 - Funky Ho (Prod By Lord Finesse).mp3 */ = {isa = PBXFileReference; lastKnownFileType = audio.mp3; path = "09 - Funky Ho (Prod By Lord Finesse).mp3"; sourceTree = "<group>"; };
		D3C111D9258326DB00DC3EAA /* 15 - Suspect Feat PRO ERA Capital STEEZ CJ Fly Chuck Strangers Dyemond Lewis NYCk Caution Kirk.mp3 */ = {isa = PBXFileReference; lastKnownFileType = audio.mp3; path = "15 - Suspect Feat PRO ERA Capital STEEZ CJ Fly Chuck Strangers Dyemond Lewis NYCk Caution Kirk.mp3"; sourceTree = "<group>"; };
		D3C111DA258326DB00DC3EAA /* 05 - Killuminati Feat Capital STEEZ (Prod By Knxwledge).mp3 */ = {isa = PBXFileReference; lastKnownFileType = audio.mp3; path = "05 - Killuminati Feat Capital STEEZ (Prod By Knxwledge).mp3"; sourceTree = "<group>"; };
		D3C111DB258326DC00DC3EAA /* 14 - Where It At Feat Kirk Knight (Prod By J Dilla).mp3 */ = {isa = PBXFileReference; lastKnownFileType = audio.mp3; path = "14 - Where It At Feat Kirk Knight (Prod By J Dilla).mp3"; sourceTree = "<group>"; };
		D3C111DC258326DD00DC3EAA /* 07 - World Domination (Prod By MF DOOM).mp3 */ = {isa = PBXFileReference; lastKnownFileType = audio.mp3; path = "07 - World Domination (Prod By MF DOOM).mp3"; sourceTree = "<group>"; };
		D3C111DD258326DE00DC3EAA /* 10 - Daily Routine (Prod By Chuck Strangers).mp3 */ = {isa = PBXFileReference; lastKnownFileType = audio.mp3; path = "10 - Daily Routine (Prod By Chuck Strangers).mp3"; sourceTree = "<group>"; };
		D3C111DE258326DF00DC3EAA /* 11 - Snakes Feat T nah Apex (Prod By J Dilla).mp3 */ = {isa = PBXFileReference; lastKnownFileType = audio.mp3; path = "11 - Snakes Feat T nah Apex (Prod By J Dilla).mp3"; sourceTree = "<group>"; };
		D3C111DF258326E000DC3EAA /* 01 - Summer Knights (Prod By Chuck Strangers).mp3 */ = {isa = PBXFileReference; lastKnownFileType = audio.mp3; path = "01 - Summer Knights (Prod By Chuck Strangers).mp3"; sourceTree = "<group>"; };
		D3C111E0258326E100DC3EAA /* 13 - Righteous Minds (Prod By Bruce LeeKix).mp3 */ = {isa = PBXFileReference; lastKnownFileType = audio.mp3; path = "13 - Righteous Minds (Prod By Bruce LeeKix).mp3"; sourceTree = "<group>"; };
		D3C111E1258326E200DC3EAA /* 03 - FromdaTomb Feat Chuck Strangers (Prod By Chuck Strangers Scratches By Statik Selektah).mp3 */ = {isa = PBXFileReference; lastKnownFileType = audio.mp3; path = "03 - FromdaTomb Feat Chuck Strangers (Prod By Chuck Strangers Scratches By Statik Selektah).mp3"; sourceTree = "<group>"; };
		D3C111E2258326E300DC3EAA /* 02 - Waves (Prod By Freddie Joachim).mp3 */ = {isa = PBXFileReference; lastKnownFileType = audio.mp3; path = "02 - Waves (Prod By Freddie Joachim).mp3"; sourceTree = "<group>"; };
		D3CC825925808650006BA6A6 /* AlbumsViewController.swift */ = {isa = PBXFileReference; lastKnownFileType = sourcecode.swift; path = AlbumsViewController.swift; sourceTree = "<group>"; };
		D3CC828E258091F7006BA6A6 /* MiniPlayerViewController.swift */ = {isa = PBXFileReference; lastKnownFileType = sourcecode.swift; path = MiniPlayerViewController.swift; sourceTree = "<group>"; };
		D3D11962256F5E210071F1C6 /* SongPlayer.swift */ = {isa = PBXFileReference; lastKnownFileType = sourcecode.swift; path = SongPlayer.swift; sourceTree = "<group>"; };
		D3EE3224256DC74000926074 /* MyMusic.app */ = {isa = PBXFileReference; explicitFileType = wrapper.application; includeInIndex = 0; path = MyMusic.app; sourceTree = BUILT_PRODUCTS_DIR; };
		D3EE3227256DC74000926074 /* AppDelegate.swift */ = {isa = PBXFileReference; lastKnownFileType = sourcecode.swift; path = AppDelegate.swift; sourceTree = "<group>"; };
		D3EE3229256DC74000926074 /* SceneDelegate.swift */ = {isa = PBXFileReference; lastKnownFileType = sourcecode.swift; path = SceneDelegate.swift; sourceTree = "<group>"; };
		D3EE322B256DC74000926074 /* SongsViewController.swift */ = {isa = PBXFileReference; lastKnownFileType = sourcecode.swift; path = SongsViewController.swift; sourceTree = "<group>"; };
		D3EE322E256DC74000926074 /* Base */ = {isa = PBXFileReference; lastKnownFileType = file.storyboard; name = Base; path = Base.lproj/Main.storyboard; sourceTree = "<group>"; };
		D3EE3230256DC74300926074 /* Assets.xcassets */ = {isa = PBXFileReference; lastKnownFileType = folder.assetcatalog; path = Assets.xcassets; sourceTree = "<group>"; };
		D3EE3233256DC74300926074 /* Base */ = {isa = PBXFileReference; lastKnownFileType = file.storyboard; name = Base; path = Base.lproj/LaunchScreen.storyboard; sourceTree = "<group>"; };
		D3EE3235256DC74300926074 /* Info.plist */ = {isa = PBXFileReference; lastKnownFileType = text.plist.xml; path = Info.plist; sourceTree = "<group>"; };
		D3EE323A256DC74300926074 /* MyMusicTests.xctest */ = {isa = PBXFileReference; explicitFileType = wrapper.cfbundle; includeInIndex = 0; path = MyMusicTests.xctest; sourceTree = BUILT_PRODUCTS_DIR; };
		D3EE323E256DC74300926074 /* MyMusicTests.swift */ = {isa = PBXFileReference; lastKnownFileType = sourcecode.swift; path = MyMusicTests.swift; sourceTree = "<group>"; };
		D3EE3240256DC74300926074 /* Info.plist */ = {isa = PBXFileReference; lastKnownFileType = text.plist.xml; path = Info.plist; sourceTree = "<group>"; };
		D3EE3245256DC74300926074 /* MyMusicUITests.xctest */ = {isa = PBXFileReference; explicitFileType = wrapper.cfbundle; includeInIndex = 0; path = MyMusicUITests.xctest; sourceTree = BUILT_PRODUCTS_DIR; };
		D3EE3249256DC74400926074 /* MyMusicUITests.swift */ = {isa = PBXFileReference; lastKnownFileType = sourcecode.swift; path = MyMusicUITests.swift; sourceTree = "<group>"; };
		D3EE324B256DC74400926074 /* Info.plist */ = {isa = PBXFileReference; lastKnownFileType = text.plist.xml; path = Info.plist; sourceTree = "<group>"; };
/* End PBXFileReference section */

/* Begin PBXFrameworksBuildPhase section */
		D3EE3221256DC74000926074 /* Frameworks */ = {
			isa = PBXFrameworksBuildPhase;
			buildActionMask = 2147483647;
			files = (
				0B1915288DA13528647F7337 /* Pods_MyMusic.framework in Frameworks */,
			);
			runOnlyForDeploymentPostprocessing = 0;
		};
		D3EE3237256DC74300926074 /* Frameworks */ = {
			isa = PBXFrameworksBuildPhase;
			buildActionMask = 2147483647;
			files = (
			);
			runOnlyForDeploymentPostprocessing = 0;
		};
		D3EE3242256DC74300926074 /* Frameworks */ = {
			isa = PBXFrameworksBuildPhase;
			buildActionMask = 2147483647;
			files = (
			);
			runOnlyForDeploymentPostprocessing = 0;
		};
/* End PBXFrameworksBuildPhase section */

/* Begin PBXGroup section */
		4E9ACF241851E98FFF590915 /* Frameworks */ = {
			isa = PBXGroup;
			children = (
				6155E6CFBC8410C32A871674 /* Pods_MyMusic.framework */,
			);
			name = Frameworks;
			sourceTree = "<group>";
		};
		55EEB52910D813054C722715 /* Pods */ = {
			isa = PBXGroup;
			children = (
				2BFCEC84A25AA755F8A27B34 /* Pods-MyMusic.debug.xcconfig */,
				9F512FD159070C6E27905E63 /* Pods-MyMusic.release.xcconfig */,
			);
			path = Pods;
			sourceTree = "<group>";
		};
		D3EE321B256DC74000926074 = {
			isa = PBXGroup;
			children = (
				D3EE3226256DC74000926074 /* MyMusic */,
				D3EE323D256DC74300926074 /* MyMusicTests */,
				D3EE3248256DC74400926074 /* MyMusicUITests */,
				D3EE3225256DC74000926074 /* Products */,
				55EEB52910D813054C722715 /* Pods */,
				4E9ACF241851E98FFF590915 /* Frameworks */,
			);
			sourceTree = "<group>";
		};
		D3EE3225256DC74000926074 /* Products */ = {
			isa = PBXGroup;
			children = (
				D3EE3224256DC74000926074 /* MyMusic.app */,
				D3EE323A256DC74300926074 /* MyMusicTests.xctest */,
				D3EE3245256DC74300926074 /* MyMusicUITests.xctest */,
			);
			name = Products;
			sourceTree = "<group>";
		};
		D3EE3226256DC74000926074 /* MyMusic */ = {
			isa = PBXGroup;
			children = (
				D3499394256F3C1200FE14BA /* FullPlayerViewController.swift */,
				D3EE325A256DC7D900926074 /* Songs */,
				D3EE3227256DC74000926074 /* AppDelegate.swift */,
				D3EE3229256DC74000926074 /* SceneDelegate.swift */,
				D3EE322B256DC74000926074 /* SongsViewController.swift */,
				D3EE322D256DC74000926074 /* Main.storyboard */,
				D3EE3230256DC74300926074 /* Assets.xcassets */,
				D3EE3232256DC74300926074 /* LaunchScreen.storyboard */,
				D3EE3235256DC74300926074 /* Info.plist */,
				D3499309256EEE0B00FE14BA /* SongCollection.swift */,
				D3D11962256F5E210071F1C6 /* SongPlayer.swift */,
				D3CC825925808650006BA6A6 /* AlbumsViewController.swift */,
				D3CC828E258091F7006BA6A6 /* MiniPlayerViewController.swift */,
				D31CAA5E2581DBC900817AE0 /* SelectedAlbumViewController.swift */,
			);
			path = MyMusic;
			sourceTree = "<group>";
		};
		D3EE323D256DC74300926074 /* MyMusicTests */ = {
			isa = PBXGroup;
			children = (
				D3EE323E256DC74300926074 /* MyMusicTests.swift */,
				D3EE3240256DC74300926074 /* Info.plist */,
			);
			path = MyMusicTests;
			sourceTree = "<group>";
		};
		D3EE3248256DC74400926074 /* MyMusicUITests */ = {
			isa = PBXGroup;
			children = (
				D3EE3249256DC74400926074 /* MyMusicUITests.swift */,
				D3EE324B256DC74400926074 /* Info.plist */,
			);
			path = MyMusicUITests;
			sourceTree = "<group>";
		};
		D3EE325A256DC7D900926074 /* Songs */ = {
			isa = PBXGroup;
			children = (
				D3C1113525830CA300DC3EAA /* 01 - Kill Jay-Z [Explicit].mp3 */,
				D3C1113A25830CAA00DC3EAA /* 02 - The Story of O.J. [Explicit].mp3 */,
				D3C1113B25830CAB00DC3EAA /* 03 - Smile [feat. Gloria Carter] [Explicit].mp3 */,
				D3C1113925830CA900DC3EAA /* 04 - Caught Their Eyes [feat. Frank Ocean] [Explicit].mp3 */,
				D3C1114F25830CD300DC3EAA /* 01 - - BBS.mp3 */,
				D3C1114C25830CCF00DC3EAA /* 02 - - Full Metal.mp3 */,
				D3C1114925830CCB00DC3EAA /* 03 - - The Type feat Prodigy.mp3 */,
				D3C11172258322B500DC3EAA /* 01 - Wale-The Problem.mp3 */,
				D3C1116A258322A700DC3EAA /* 02 - Wale-The MC.mp3 */,
				D3C1117D258322C600DC3EAA /* 03 - Wale-The Soup.mp3 */,
				D3C11173258322B700DC3EAA /* 04 - Wale-The Breeze Cool.mp3 */,
				D3C1116E258322AE00DC3EAA /* 05 - Wale-The Friends Strangers.mp3 */,
				D3C1116F258322B000DC3EAA /* 06 - Wale-The Number Won.mp3 */,
				D3C11174258322B900DC3EAA /* 07 - Wale-The Eyes of The Tiger.mp3 */,
				D3C11170258322B100DC3EAA /* 08 - Wale-The War.mp3 */,
				D3C1117C258322C400DC3EAA /* 09 - Wale-The Breakup Song.mp3 */,
				D3C111DF258326E000DC3EAA /* 01 - Summer Knights (Prod By Chuck Strangers).mp3 */,
				D3C111E2258326E300DC3EAA /* 02 - Waves (Prod By Freddie Joachim).mp3 */,
				D3C111E1258326E200DC3EAA /* 03 - FromdaTomb Feat Chuck Strangers (Prod By Chuck Strangers Scratches By Statik Selektah).mp3 */,
				D3C111D4258326D600DC3EAA /* 04 - Survival Tactics Feat Capital STEEZ (Prod By Vin Skully).mp3 */,
				D3C111DA258326DB00DC3EAA /* 05 - Killuminati Feat Capital STEEZ (Prod By Knxwledge).mp3 */,
				D3C111D7258326D900DC3EAA /* 06 - Hardknock Feat CJ Fly (Prod By Lewis Parker).mp3 */,
				D3C111DC258326DD00DC3EAA /* 07 - World Domination (Prod By MF DOOM).mp3 */,
				D3C111D6258326D800DC3EAA /* 08 - Pennyroyal (Prod By MF DOOM).mp3 */,
				D3C111D8258326DA00DC3EAA /* 09 - Funky Ho (Prod By Lord Finesse).mp3 */,
				D3C111DD258326DE00DC3EAA /* 10 - Daily Routine (Prod By Chuck Strangers).mp3 */,
				D3C111DE258326DF00DC3EAA /* 11 - Snakes Feat T nah Apex (Prod By J Dilla).mp3 */,
				D3C111D5258326D700DC3EAA /* 12 - Don t Front Feat CJ Fly (Prod By Statik Selektah).mp3 */,
				D3C111E0258326E100DC3EAA /* 13 - Righteous Minds (Prod By Bruce LeeKix).mp3 */,
				D3C111DB258326DC00DC3EAA /* 14 - Where It At Feat Kirk Knight (Prod By J Dilla).mp3 */,
				D3C111D9258326DB00DC3EAA /* 15 - Suspect Feat PRO ERA Capital STEEZ CJ Fly Chuck Strangers Dyemond Lewis NYCk Caution Kirk.mp3 */,
				D3C1119C2583262400DC3EAA /* 01 - Welcome to INNANET.mp3 */,
				D3C1119D2583262600DC3EAA /* 02 - Orange Soda.mp3 */,
				D3C111982583261D00DC3EAA /* 03 - Lovely Day.mp3 */,
				D3C1119B2583262300DC3EAA /* 04 - Tweakin (Ft Chance The Rapper).mp3 */,
				D3C111962583261A00DC3EAA /* 05 - Fun (Interlude).mp3 */,
				D3C111BF2583268C00DC3EAA /* 01 - 14400 Minutes [prod by DJ SuchNSuch].mp3 */,
				D3C111BB2583268800DC3EAA /* 02 - Nostalgia.mp3 */,
				D3C111B82583268400DC3EAA /* 03 - Missing You [prod by Thomas Foolery].mp3 */,
				D3C111B52583268100DC3EAA /* 04 - Windows (Ft Alex Wiley and Akenya Seymour).mp3 */,
				D3C111C02583268D00DC3EAA /* 05 - Brain Cells [prod by Peter Cottontale].mp3 */,
				D3C111BC2583268900DC3EAA /* 06 - Long Time.mp3 */,
				D3C111B92583268500DC3EAA /* 07 - 22 Offs.mp3 */,
				D3C111BD2583268A00DC3EAA /* 08 - U Got Me Fucked Up [prod by Chuck Inglish].mp3 */,
				D3C111C22583268F00DC3EAA /* 09 - Family (ft Vic Mensa and Sulaiman) [prod by The Blended Babies].mp3 */,
				D3C111B72583268300DC3EAA /* 10 - Juke Juke [prod by Caleb James].mp3 */,
				D3C111BE2583268B00DC3EAA /* 11 - Fuck You Tahm Bout.mp3 */,
				D3C111BA2583268700DC3EAA /* 12 - Long Time II (ft Nico Segal) [prod by THEMPeople and Peter CottonTale].mp3 */,
				D3C111C12583268E00DC3EAA /* 13 - Prom Night [Prod by Prince Talent DJ SuchNSuch and THEMpeople].mp3 */,
				D3C111B62583268200DC3EAA /* 14 - Hey Ma (ft Lili K and Peter CottonTale) [prod by Zak  Fox  Jablow and MC TREE].mp3 */,
				D3C1119E2583262700DC3EAA /* 06 - Magic (Ft Jesse Boykins III).mp3 */,
				D3C111972583261B00DC3EAA /* 07 - Time Is Money (Ft Rockie Fresh).mp3 */,
				D3C111A32583262E00DC3EAA /* 08 - YNSP (Ft Eliza Doolittle).mp3 */,
				D3C111A02583262A00DC3EAA /* 09 - Hollywood LA (Ft Lili K).mp3 */,
				D3C111A12583262C00DC3EAA /* 10 - Holy Holy (Ft Ab-Soul & BJ The Chicago Kid).mp3 */,
				D3C1119A2583262100DC3EAA /* 11 - Fear & Doubt (Ft Kenna & Joey Purp).mp3 */,
				D3C111992583261F00DC3EAA /* 12 - Yap Yap.mp3 */,
				D3C111A22583262D00DC3EAA /* 13 - RUN (Ft Thundercat).mp3 */,
				D3C1119F2583262900DC3EAA /* 14 - That Nigga.mp3 */,
				D3C1116D258322AC00DC3EAA /* 10 - Wale-The Work Workin.mp3 */,
				D3C1116B258322A900DC3EAA /* 11 - Wale-The Black N Gold.mp3 */,
				D3C11175258322BA00DC3EAA /* 12 - Wale-The Manipulation 2.mp3 */,
				D3C11177258322BD00DC3EAA /* 13 - Wale-The Best In The League.mp3 */,
				D3C11179258322C000DC3EAA /* 14 - Wale-The Posse Cut.mp3 */,
				D3C1117A258322C100DC3EAA /* 15 - Wale-The Guilty Pleasure No Hands.mp3 */,
				D3C1116C258322AB00DC3EAA /* 16 - Wale-The Trip Downtown.mp3 */,
				D3C11169258322A500DC3EAA /* 17 - Wale-The Ambitious Girl.mp3 */,
				D3C11176258322BC00DC3EAA /* 18 - Wale-The Motivation B Right.mp3 */,
				D3C1117B258322C300DC3EAA /* 19 - Wale-The Cloud.mp3 */,
				D3C11178258322BF00DC3EAA /* 20 - Wale-The Power.mp3 */,
				D3C11171258322B300DC3EAA /* 21 - Wale-The Flight.mp3 */,
				D3C1114825830CCA00DC3EAA /* 04 - - Blood Sweat And Gears feat Fiend.mp3 */,
				D3C1114D25830CD000DC3EAA /* 05 - - Life Instructions feat Smoke DZA.mp3 */,
				D3C1114B25830CCD00DC3EAA /* 06 - - Smoke Break.mp3 */,
				D3C1114A25830CCC00DC3EAA /* 07 - - Scottie Pippens feat Feddie Gibbs.mp3 */,
				D3C1114E25830CD100DC3EAA /* 08 - - Ventilation.mp3 */,
				D3C1115025830CD400DC3EAA /* 09 - - Double 07.mp3 */,
				D3C1114725830CC800DC3EAA /* 10 - - Success Is My Cologne.mp3 */,
				D3C1113825830CA700DC3EAA /* 05 - 4_44 [Explicit].mp3 */,
				D3C1113425830CA200DC3EAA /* 07 - Bam [feat. Damian Marley] [Explicit].mp3 */,
				D3C1113625830CA400DC3EAA /* 08 - Moonlight [Explicit].mp3 */,
				D3C1113725830CA600DC3EAA /* 09 - Marcy Me [Explicit].mp3 */,
			);
			path = Songs;
			sourceTree = "<group>";
		};
/* End PBXGroup section */

/* Begin PBXNativeTarget section */
		D3EE3223256DC74000926074 /* MyMusic */ = {
			isa = PBXNativeTarget;
			buildConfigurationList = D3EE324E256DC74400926074 /* Build configuration list for PBXNativeTarget "MyMusic" */;
			buildPhases = (
				A989E85B272D1E05C9D012C4 /* [CP] Check Pods Manifest.lock */,
				D3EE3220256DC74000926074 /* Sources */,
				D3EE3221256DC74000926074 /* Frameworks */,
				D3EE3222256DC74000926074 /* Resources */,
				07A37B896BB252F836D5D49C /* [CP] Embed Pods Frameworks */,
			);
			buildRules = (
			);
			dependencies = (
			);
			name = MyMusic;
			productName = MyMusic;
			productReference = D3EE3224256DC74000926074 /* MyMusic.app */;
			productType = "com.apple.product-type.application";
		};
		D3EE3239256DC74300926074 /* MyMusicTests */ = {
			isa = PBXNativeTarget;
			buildConfigurationList = D3EE3251256DC74400926074 /* Build configuration list for PBXNativeTarget "MyMusicTests" */;
			buildPhases = (
				D3EE3236256DC74300926074 /* Sources */,
				D3EE3237256DC74300926074 /* Frameworks */,
				D3EE3238256DC74300926074 /* Resources */,
			);
			buildRules = (
			);
			dependencies = (
				D3EE323C256DC74300926074 /* PBXTargetDependency */,
			);
			name = MyMusicTests;
			productName = MyMusicTests;
			productReference = D3EE323A256DC74300926074 /* MyMusicTests.xctest */;
			productType = "com.apple.product-type.bundle.unit-test";
		};
		D3EE3244256DC74300926074 /* MyMusicUITests */ = {
			isa = PBXNativeTarget;
			buildConfigurationList = D3EE3254256DC74400926074 /* Build configuration list for PBXNativeTarget "MyMusicUITests" */;
			buildPhases = (
				D3EE3241256DC74300926074 /* Sources */,
				D3EE3242256DC74300926074 /* Frameworks */,
				D3EE3243256DC74300926074 /* Resources */,
			);
			buildRules = (
			);
			dependencies = (
				D3EE3247256DC74400926074 /* PBXTargetDependency */,
			);
			name = MyMusicUITests;
			productName = MyMusicUITests;
			productReference = D3EE3245256DC74300926074 /* MyMusicUITests.xctest */;
			productType = "com.apple.product-type.bundle.ui-testing";
		};
/* End PBXNativeTarget section */

/* Begin PBXProject section */
		D3EE321C256DC74000926074 /* Project object */ = {
			isa = PBXProject;
			attributes = {
				LastSwiftUpdateCheck = 1220;
				LastUpgradeCheck = 1220;
				TargetAttributes = {
					D3EE3223256DC74000926074 = {
						CreatedOnToolsVersion = 12.2;
					};
					D3EE3239256DC74300926074 = {
						CreatedOnToolsVersion = 12.2;
						TestTargetID = D3EE3223256DC74000926074;
					};
					D3EE3244256DC74300926074 = {
						CreatedOnToolsVersion = 12.2;
						TestTargetID = D3EE3223256DC74000926074;
					};
				};
			};
			buildConfigurationList = D3EE321F256DC74000926074 /* Build configuration list for PBXProject "MyMusic" */;
			compatibilityVersion = "Xcode 9.3";
			developmentRegion = en;
			hasScannedForEncodings = 0;
			knownRegions = (
				en,
				Base,
			);
			mainGroup = D3EE321B256DC74000926074;
			productRefGroup = D3EE3225256DC74000926074 /* Products */;
			projectDirPath = "";
			projectRoot = "";
			targets = (
				D3EE3223256DC74000926074 /* MyMusic */,
				D3EE3239256DC74300926074 /* MyMusicTests */,
				D3EE3244256DC74300926074 /* MyMusicUITests */,
			);
		};
/* End PBXProject section */

/* Begin PBXResourcesBuildPhase section */
		D3EE3222256DC74000926074 /* Resources */ = {
			isa = PBXResourcesBuildPhase;
			buildActionMask = 2147483647;
			files = (
				D3C11181258322C600DC3EAA /* 16 - Wale-The Trip Downtown.mp3 in Resources */,
				D3C111AE2583262F00DC3EAA /* 09 - Hollywood LA (Ft Lili K).mp3 in Resources */,
				D3C1118F258322C600DC3EAA /* 15 - Wale-The Guilty Pleasure No Hands.mp3 in Resources */,
				D3C11192258322C600DC3EAA /* 03 - Wale-The Soup.mp3 in Resources */,
				D3C11186258322C600DC3EAA /* 21 - Wale-The Flight.mp3 in Resources */,
				D3C11187258322C600DC3EAA /* 01 - Wale-The Problem.mp3 in Resources */,
				D3C111C42583268F00DC3EAA /* 14 - Hey Ma (ft Lili K and Peter CottonTale) [prod by Zak  Fox  Jablow and MC TREE].mp3 in Resources */,
				D3C11184258322C600DC3EAA /* 06 - Wale-The Number Won.mp3 in Resources */,
				D3C111ED258326E300DC3EAA /* 11 - Snakes Feat T nah Apex (Prod By J Dilla).mp3 in Resources */,
				D3C1114225830CAB00DC3EAA /* 02 - The Story of O.J. [Explicit].mp3 in Resources */,
				D3EE3234256DC74300926074 /* LaunchScreen.storyboard in Resources */,
				D3C1115925830CD400DC3EAA /* 01 - - BBS.mp3 in Resources */,
				D3C111C52583268F00DC3EAA /* 10 - Juke Juke [prod by Caleb James].mp3 in Resources */,
				D3C111CC2583268F00DC3EAA /* 11 - Fuck You Tahm Bout.mp3 in Resources */,
				D3C1118C258322C600DC3EAA /* 13 - Wale-The Best In The League.mp3 in Resources */,
				D3C111AD2583262F00DC3EAA /* 14 - That Nigga.mp3 in Resources */,
				D3C111E5258326E300DC3EAA /* 08 - Pennyroyal (Prod By MF DOOM).mp3 in Resources */,
				D3C111A62583262F00DC3EAA /* 03 - Lovely Day.mp3 in Resources */,
				D3C111CB2583268F00DC3EAA /* 08 - U Got Me Fucked Up [prod by Chuck Inglish].mp3 in Resources */,
				D3C11180258322C600DC3EAA /* 11 - Wale-The Black N Gold.mp3 in Resources */,
				D3C11190258322C600DC3EAA /* 19 - Wale-The Cloud.mp3 in Resources */,
				D3C111C82583268F00DC3EAA /* 12 - Long Time II (ft Nico Segal) [prod by THEMPeople and Peter CottonTale].mp3 in Resources */,
				D3C111AA2583262F00DC3EAA /* 01 - Welcome to INNANET.mp3 in Resources */,
				D3C11182258322C600DC3EAA /* 10 - Wale-The Work Workin.mp3 in Resources */,
				D3C111CD2583268F00DC3EAA /* 01 - 14400 Minutes [prod by DJ SuchNSuch].mp3 in Resources */,
				D3C111CE2583268F00DC3EAA /* 05 - Brain Cells [prod by Peter Cottontale].mp3 in Resources */,
				D3C1115125830CD400DC3EAA /* 10 - - Success Is My Cologne.mp3 in Resources */,
				D3C1115225830CD400DC3EAA /* 04 - - Blood Sweat And Gears feat Fiend.mp3 in Resources */,
				D3C11185258322C600DC3EAA /* 08 - Wale-The War.mp3 in Resources */,
				D3EE3231256DC74300926074 /* Assets.xcassets in Resources */,
				D3C11188258322C600DC3EAA /* 04 - Wale-The Breeze Cool.mp3 in Resources */,
				D3C1118D258322C600DC3EAA /* 20 - Wale-The Power.mp3 in Resources */,
				D3C111EA258326E300DC3EAA /* 14 - Where It At Feat Kirk Knight (Prod By J Dilla).mp3 in Resources */,
				D3C1117F258322C600DC3EAA /* 02 - Wale-The MC.mp3 in Resources */,
				D3C111A82583262F00DC3EAA /* 11 - Fear & Doubt (Ft Kenna & Joey Purp).mp3 in Resources */,
				D3C111AF2583262F00DC3EAA /* 10 - Holy Holy (Ft Ab-Soul & BJ The Chicago Kid).mp3 in Resources */,
				D3C1117E258322C600DC3EAA /* 17 - Wale-The Ambitious Girl.mp3 in Resources */,
				D3C111EF258326E300DC3EAA /* 13 - Righteous Minds (Prod By Bruce LeeKix).mp3 in Resources */,
				D3C1115825830CD400DC3EAA /* 08 - - Ventilation.mp3 in Resources */,
				D3C111C62583268F00DC3EAA /* 03 - Missing You [prod by Thomas Foolery].mp3 in Resources */,
				D3C1115725830CD400DC3EAA /* 05 - - Life Instructions feat Smoke DZA.mp3 in Resources */,
				D3C111AB2583262F00DC3EAA /* 02 - Orange Soda.mp3 in Resources */,
				D3C111E6258326E300DC3EAA /* 06 - Hardknock Feat CJ Fly (Prod By Lewis Parker).mp3 in Resources */,
				D3C111CA2583268F00DC3EAA /* 06 - Long Time.mp3 in Resources */,
				D3C1113D25830CAB00DC3EAA /* 01 - Kill Jay-Z [Explicit].mp3 in Resources */,
				D3C1115A25830CD400DC3EAA /* 09 - - Double 07.mp3 in Resources */,
				D3C111E8258326E300DC3EAA /* 15 - Suspect Feat PRO ERA Capital STEEZ CJ Fly Chuck Strangers Dyemond Lewis NYCk Caution Kirk.mp3 in Resources */,
				D3C111E9258326E300DC3EAA /* 05 - Killuminati Feat Capital STEEZ (Prod By Knxwledge).mp3 in Resources */,
				D3C1118E258322C600DC3EAA /* 14 - Wale-The Posse Cut.mp3 in Resources */,
				D3C111EE258326E300DC3EAA /* 01 - Summer Knights (Prod By Chuck Strangers).mp3 in Resources */,
				D3C1115325830CD400DC3EAA /* 03 - - The Type feat Prodigy.mp3 in Resources */,
				D3C1114325830CAB00DC3EAA /* 03 - Smile [feat. Gloria Carter] [Explicit].mp3 in Resources */,
				D3C111EB258326E300DC3EAA /* 07 - World Domination (Prod By MF DOOM).mp3 in Resources */,
				D3C111CF2583268F00DC3EAA /* 13 - Prom Night [Prod by Prince Talent DJ SuchNSuch and THEMpeople].mp3 in Resources */,
				D3C1118A258322C600DC3EAA /* 12 - Wale-The Manipulation 2.mp3 in Resources */,
				D3C111F0258326E300DC3EAA /* 03 - FromdaTomb Feat Chuck Strangers (Prod By Chuck Strangers Scratches By Statik Selektah).mp3 in Resources */,
				D3C111E7258326E300DC3EAA /* 09 - Funky Ho (Prod By Lord Finesse).mp3 in Resources */,
				D3C11183258322C600DC3EAA /* 05 - Wale-The Friends Strangers.mp3 in Resources */,
				D3C111D02583268F00DC3EAA /* 09 - Family (ft Vic Mensa and Sulaiman) [prod by The Blended Babies].mp3 in Resources */,
				D3C1118B258322C600DC3EAA /* 18 - Wale-The Motivation B Right.mp3 in Resources */,
				D3C111A92583262F00DC3EAA /* 04 - Tweakin (Ft Chance The Rapper).mp3 in Resources */,
				D3C111B02583262F00DC3EAA /* 13 - RUN (Ft Thundercat).mp3 in Resources */,
				D3C111A72583262F00DC3EAA /* 12 - Yap Yap.mp3 in Resources */,
				D3C1115625830CD400DC3EAA /* 02 - - Full Metal.mp3 in Resources */,
				D3C111C32583268F00DC3EAA /* 04 - Windows (Ft Alex Wiley and Akenya Seymour).mp3 in Resources */,
				D3C11191258322C600DC3EAA /* 09 - Wale-The Breakup Song.mp3 in Resources */,
				D3C111B12583262F00DC3EAA /* 08 - YNSP (Ft Eliza Doolittle).mp3 in Resources */,
				D3C111E4258326E300DC3EAA /* 12 - Don t Front Feat CJ Fly (Prod By Statik Selektah).mp3 in Resources */,
				D3C111A52583262F00DC3EAA /* 07 - Time Is Money (Ft Rockie Fresh).mp3 in Resources */,
				D3C11189258322C600DC3EAA /* 07 - Wale-The Eyes of The Tiger.mp3 in Resources */,
				D3C1115525830CD400DC3EAA /* 06 - - Smoke Break.mp3 in Resources */,
				D3C111E3258326E300DC3EAA /* 04 - Survival Tactics Feat Capital STEEZ (Prod By Vin Skully).mp3 in Resources */,
				D3C111AC2583262F00DC3EAA /* 06 - Magic (Ft Jesse Boykins III).mp3 in Resources */,
				D3C111F1258326E300DC3EAA /* 02 - Waves (Prod By Freddie Joachim).mp3 in Resources */,
				D3C1113E25830CAB00DC3EAA /* 08 - Moonlight [Explicit].mp3 in Resources */,
				D3EE322F256DC74000926074 /* Main.storyboard in Resources */,
				D3C111A42583262F00DC3EAA /* 05 - Fun (Interlude).mp3 in Resources */,
				D3C1115425830CD400DC3EAA /* 07 - - Scottie Pippens feat Feddie Gibbs.mp3 in Resources */,
				D3C111C72583268F00DC3EAA /* 07 - 22 Offs.mp3 in Resources */,
				D3C1114025830CAB00DC3EAA /* 05 - 4_44 [Explicit].mp3 in Resources */,
				D3C1113F25830CAB00DC3EAA /* 09 - Marcy Me [Explicit].mp3 in Resources */,
				D3C111C92583268F00DC3EAA /* 02 - Nostalgia.mp3 in Resources */,
				D3C111EC258326E300DC3EAA /* 10 - Daily Routine (Prod By Chuck Strangers).mp3 in Resources */,
				D3C1114125830CAB00DC3EAA /* 04 - Caught Their Eyes [feat. Frank Ocean] [Explicit].mp3 in Resources */,
				D3C1113C25830CAB00DC3EAA /* 07 - Bam [feat. Damian Marley] [Explicit].mp3 in Resources */,
			);
			runOnlyForDeploymentPostprocessing = 0;
		};
		D3EE3238256DC74300926074 /* Resources */ = {
			isa = PBXResourcesBuildPhase;
			buildActionMask = 2147483647;
			files = (
			);
			runOnlyForDeploymentPostprocessing = 0;
		};
		D3EE3243256DC74300926074 /* Resources */ = {
			isa = PBXResourcesBuildPhase;
			buildActionMask = 2147483647;
			files = (
			);
			runOnlyForDeploymentPostprocessing = 0;
		};
/* End PBXResourcesBuildPhase section */

/* Begin PBXShellScriptBuildPhase section */
		07A37B896BB252F836D5D49C /* [CP] Embed Pods Frameworks */ = {
			isa = PBXShellScriptBuildPhase;
			buildActionMask = 2147483647;
			files = (
			);
			inputFileListPaths = (
				"${PODS_ROOT}/Target Support Files/Pods-MyMusic/Pods-MyMusic-frameworks-${CONFIGURATION}-input-files.xcfilelist",
			);
			name = "[CP] Embed Pods Frameworks";
			outputFileListPaths = (
				"${PODS_ROOT}/Target Support Files/Pods-MyMusic/Pods-MyMusic-frameworks-${CONFIGURATION}-output-files.xcfilelist",
			);
			runOnlyForDeploymentPostprocessing = 0;
			shellPath = /bin/sh;
			shellScript = "\"${PODS_ROOT}/Target Support Files/Pods-MyMusic/Pods-MyMusic-frameworks.sh\"\n";
			showEnvVarsInLog = 0;
		};
		A989E85B272D1E05C9D012C4 /* [CP] Check Pods Manifest.lock */ = {
			isa = PBXShellScriptBuildPhase;
			buildActionMask = 2147483647;
			files = (
			);
			inputFileListPaths = (
			);
			inputPaths = (
				"${PODS_PODFILE_DIR_PATH}/Podfile.lock",
				"${PODS_ROOT}/Manifest.lock",
			);
			name = "[CP] Check Pods Manifest.lock";
			outputFileListPaths = (
			);
			outputPaths = (
				"$(DERIVED_FILE_DIR)/Pods-MyMusic-checkManifestLockResult.txt",
			);
			runOnlyForDeploymentPostprocessing = 0;
			shellPath = /bin/sh;
			shellScript = "diff \"${PODS_PODFILE_DIR_PATH}/Podfile.lock\" \"${PODS_ROOT}/Manifest.lock\" > /dev/null\nif [ $? != 0 ] ; then\n    # print error to STDERR\n    echo \"error: The sandbox is not in sync with the Podfile.lock. Run 'pod install' or update your CocoaPods installation.\" >&2\n    exit 1\nfi\n# This output is used by Xcode 'outputs' to avoid re-running this script phase.\necho \"SUCCESS\" > \"${SCRIPT_OUTPUT_FILE_0}\"\n";
			showEnvVarsInLog = 0;
		};
/* End PBXShellScriptBuildPhase section */

/* Begin PBXSourcesBuildPhase section */
		D3EE3220256DC74000926074 /* Sources */ = {
			isa = PBXSourcesBuildPhase;
			buildActionMask = 2147483647;
			files = (
				D3CC825A25808650006BA6A6 /* AlbumsViewController.swift in Sources */,
				D3499395256F3C1200FE14BA /* FullPlayerViewController.swift in Sources */,
				D3CC828F258091F7006BA6A6 /* MiniPlayerViewController.swift in Sources */,
				D3EE322C256DC74000926074 /* SongsViewController.swift in Sources */,
				D3EE3228256DC74000926074 /* AppDelegate.swift in Sources */,
				D31CAA5F2581DBC900817AE0 /* SelectedAlbumViewController.swift in Sources */,
				D349930A256EEE0B00FE14BA /* SongCollection.swift in Sources */,
				D3EE322A256DC74000926074 /* SceneDelegate.swift in Sources */,
				D3D11963256F5E210071F1C6 /* SongPlayer.swift in Sources */,
			);
			runOnlyForDeploymentPostprocessing = 0;
		};
		D3EE3236256DC74300926074 /* Sources */ = {
			isa = PBXSourcesBuildPhase;
			buildActionMask = 2147483647;
			files = (
				D3EE323F256DC74300926074 /* MyMusicTests.swift in Sources */,
			);
			runOnlyForDeploymentPostprocessing = 0;
		};
		D3EE3241256DC74300926074 /* Sources */ = {
			isa = PBXSourcesBuildPhase;
			buildActionMask = 2147483647;
			files = (
				D3EE324A256DC74400926074 /* MyMusicUITests.swift in Sources */,
			);
			runOnlyForDeploymentPostprocessing = 0;
		};
/* End PBXSourcesBuildPhase section */

/* Begin PBXTargetDependency section */
		D3EE323C256DC74300926074 /* PBXTargetDependency */ = {
			isa = PBXTargetDependency;
			target = D3EE3223256DC74000926074 /* MyMusic */;
			targetProxy = D3EE323B256DC74300926074 /* PBXContainerItemProxy */;
		};
		D3EE3247256DC74400926074 /* PBXTargetDependency */ = {
			isa = PBXTargetDependency;
			target = D3EE3223256DC74000926074 /* MyMusic */;
			targetProxy = D3EE3246256DC74400926074 /* PBXContainerItemProxy */;
		};
/* End PBXTargetDependency section */

/* Begin PBXVariantGroup section */
		D3EE322D256DC74000926074 /* Main.storyboard */ = {
			isa = PBXVariantGroup;
			children = (
				D3EE322E256DC74000926074 /* Base */,
			);
			name = Main.storyboard;
			sourceTree = "<group>";
		};
		D3EE3232256DC74300926074 /* LaunchScreen.storyboard */ = {
			isa = PBXVariantGroup;
			children = (
				D3EE3233256DC74300926074 /* Base */,
			);
			name = LaunchScreen.storyboard;
			sourceTree = "<group>";
		};
/* End PBXVariantGroup section */

/* Begin XCBuildConfiguration section */
		D3EE324C256DC74400926074 /* Debug */ = {
			isa = XCBuildConfiguration;
			buildSettings = {
				ALWAYS_SEARCH_USER_PATHS = NO;
				CLANG_ANALYZER_NONNULL = YES;
				CLANG_ANALYZER_NUMBER_OBJECT_CONVERSION = YES_AGGRESSIVE;
				CLANG_CXX_LANGUAGE_STANDARD = "gnu++14";
				CLANG_CXX_LIBRARY = "libc++";
				CLANG_ENABLE_MODULES = YES;
				CLANG_ENABLE_OBJC_ARC = YES;
				CLANG_ENABLE_OBJC_WEAK = YES;
				CLANG_WARN_BLOCK_CAPTURE_AUTORELEASING = YES;
				CLANG_WARN_BOOL_CONVERSION = YES;
				CLANG_WARN_COMMA = YES;
				CLANG_WARN_CONSTANT_CONVERSION = YES;
				CLANG_WARN_DEPRECATED_OBJC_IMPLEMENTATIONS = YES;
				CLANG_WARN_DIRECT_OBJC_ISA_USAGE = YES_ERROR;
				CLANG_WARN_DOCUMENTATION_COMMENTS = YES;
				CLANG_WARN_EMPTY_BODY = YES;
				CLANG_WARN_ENUM_CONVERSION = YES;
				CLANG_WARN_INFINITE_RECURSION = YES;
				CLANG_WARN_INT_CONVERSION = YES;
				CLANG_WARN_NON_LITERAL_NULL_CONVERSION = YES;
				CLANG_WARN_OBJC_IMPLICIT_RETAIN_SELF = YES;
				CLANG_WARN_OBJC_LITERAL_CONVERSION = YES;
				CLANG_WARN_OBJC_ROOT_CLASS = YES_ERROR;
				CLANG_WARN_QUOTED_INCLUDE_IN_FRAMEWORK_HEADER = YES;
				CLANG_WARN_RANGE_LOOP_ANALYSIS = YES;
				CLANG_WARN_STRICT_PROTOTYPES = YES;
				CLANG_WARN_SUSPICIOUS_MOVE = YES;
				CLANG_WARN_UNGUARDED_AVAILABILITY = YES_AGGRESSIVE;
				CLANG_WARN_UNREACHABLE_CODE = YES;
				CLANG_WARN__DUPLICATE_METHOD_MATCH = YES;
				COPY_PHASE_STRIP = NO;
				DEBUG_INFORMATION_FORMAT = dwarf;
				ENABLE_STRICT_OBJC_MSGSEND = YES;
				ENABLE_TESTABILITY = YES;
				GCC_C_LANGUAGE_STANDARD = gnu11;
				GCC_DYNAMIC_NO_PIC = NO;
				GCC_NO_COMMON_BLOCKS = YES;
				GCC_OPTIMIZATION_LEVEL = 0;
				GCC_PREPROCESSOR_DEFINITIONS = (
					"DEBUG=1",
					"$(inherited)",
				);
				GCC_WARN_64_TO_32_BIT_CONVERSION = YES;
				GCC_WARN_ABOUT_RETURN_TYPE = YES_ERROR;
				GCC_WARN_UNDECLARED_SELECTOR = YES;
				GCC_WARN_UNINITIALIZED_AUTOS = YES_AGGRESSIVE;
				GCC_WARN_UNUSED_FUNCTION = YES;
				GCC_WARN_UNUSED_VARIABLE = YES;
				IPHONEOS_DEPLOYMENT_TARGET = 14.1;
				MTL_ENABLE_DEBUG_INFO = INCLUDE_SOURCE;
				MTL_FAST_MATH = YES;
				ONLY_ACTIVE_ARCH = YES;
				SDKROOT = iphoneos;
				SWIFT_ACTIVE_COMPILATION_CONDITIONS = DEBUG;
				SWIFT_OPTIMIZATION_LEVEL = "-Onone";
			};
			name = Debug;
		};
		D3EE324D256DC74400926074 /* Release */ = {
			isa = XCBuildConfiguration;
			buildSettings = {
				ALWAYS_SEARCH_USER_PATHS = NO;
				CLANG_ANALYZER_NONNULL = YES;
				CLANG_ANALYZER_NUMBER_OBJECT_CONVERSION = YES_AGGRESSIVE;
				CLANG_CXX_LANGUAGE_STANDARD = "gnu++14";
				CLANG_CXX_LIBRARY = "libc++";
				CLANG_ENABLE_MODULES = YES;
				CLANG_ENABLE_OBJC_ARC = YES;
				CLANG_ENABLE_OBJC_WEAK = YES;
				CLANG_WARN_BLOCK_CAPTURE_AUTORELEASING = YES;
				CLANG_WARN_BOOL_CONVERSION = YES;
				CLANG_WARN_COMMA = YES;
				CLANG_WARN_CONSTANT_CONVERSION = YES;
				CLANG_WARN_DEPRECATED_OBJC_IMPLEMENTATIONS = YES;
				CLANG_WARN_DIRECT_OBJC_ISA_USAGE = YES_ERROR;
				CLANG_WARN_DOCUMENTATION_COMMENTS = YES;
				CLANG_WARN_EMPTY_BODY = YES;
				CLANG_WARN_ENUM_CONVERSION = YES;
				CLANG_WARN_INFINITE_RECURSION = YES;
				CLANG_WARN_INT_CONVERSION = YES;
				CLANG_WARN_NON_LITERAL_NULL_CONVERSION = YES;
				CLANG_WARN_OBJC_IMPLICIT_RETAIN_SELF = YES;
				CLANG_WARN_OBJC_LITERAL_CONVERSION = YES;
				CLANG_WARN_OBJC_ROOT_CLASS = YES_ERROR;
				CLANG_WARN_QUOTED_INCLUDE_IN_FRAMEWORK_HEADER = YES;
				CLANG_WARN_RANGE_LOOP_ANALYSIS = YES;
				CLANG_WARN_STRICT_PROTOTYPES = YES;
				CLANG_WARN_SUSPICIOUS_MOVE = YES;
				CLANG_WARN_UNGUARDED_AVAILABILITY = YES_AGGRESSIVE;
				CLANG_WARN_UNREACHABLE_CODE = YES;
				CLANG_WARN__DUPLICATE_METHOD_MATCH = YES;
				COPY_PHASE_STRIP = NO;
				DEBUG_INFORMATION_FORMAT = "dwarf-with-dsym";
				ENABLE_NS_ASSERTIONS = NO;
				ENABLE_STRICT_OBJC_MSGSEND = YES;
				GCC_C_LANGUAGE_STANDARD = gnu11;
				GCC_NO_COMMON_BLOCKS = YES;
				GCC_WARN_64_TO_32_BIT_CONVERSION = YES;
				GCC_WARN_ABOUT_RETURN_TYPE = YES_ERROR;
				GCC_WARN_UNDECLARED_SELECTOR = YES;
				GCC_WARN_UNINITIALIZED_AUTOS = YES_AGGRESSIVE;
				GCC_WARN_UNUSED_FUNCTION = YES;
				GCC_WARN_UNUSED_VARIABLE = YES;
				IPHONEOS_DEPLOYMENT_TARGET = 14.1;
				MTL_ENABLE_DEBUG_INFO = NO;
				MTL_FAST_MATH = YES;
				SDKROOT = iphoneos;
				SWIFT_COMPILATION_MODE = wholemodule;
				SWIFT_OPTIMIZATION_LEVEL = "-O";
				VALIDATE_PRODUCT = YES;
			};
			name = Release;
		};
		D3EE324F256DC74400926074 /* Debug */ = {
			isa = XCBuildConfiguration;
			baseConfigurationReference = 2BFCEC84A25AA755F8A27B34 /* Pods-MyMusic.debug.xcconfig */;
			buildSettings = {
				ASSETCATALOG_COMPILER_APPICON_NAME = AppIcon;
				ASSETCATALOG_COMPILER_GLOBAL_ACCENT_COLOR_NAME = AccentColor;
				CODE_SIGN_STYLE = Automatic;
				DEVELOPMENT_TEAM = N5SQL3383G;
				INFOPLIST_FILE = MyMusic/Info.plist;
				IPHONEOS_DEPLOYMENT_TARGET = 14.2;
				LD_RUNPATH_SEARCH_PATHS = (
					"$(inherited)",
					"@executable_path/Frameworks",
				);
				PRODUCT_BUNDLE_IDENTIFIER = dsimpson.sfsu.edu.MyMusic;
				PRODUCT_NAME = "$(TARGET_NAME)";
				SWIFT_VERSION = 5.0;
				TARGETED_DEVICE_FAMILY = "1,2";
			};
			name = Debug;
		};
		D3EE3250256DC74400926074 /* Release */ = {
			isa = XCBuildConfiguration;
			baseConfigurationReference = 9F512FD159070C6E27905E63 /* Pods-MyMusic.release.xcconfig */;
			buildSettings = {
				ASSETCATALOG_COMPILER_APPICON_NAME = AppIcon;
				ASSETCATALOG_COMPILER_GLOBAL_ACCENT_COLOR_NAME = AccentColor;
				CODE_SIGN_STYLE = Automatic;
				DEVELOPMENT_TEAM = N5SQL3383G;
				INFOPLIST_FILE = MyMusic/Info.plist;
				IPHONEOS_DEPLOYMENT_TARGET = 14.2;
				LD_RUNPATH_SEARCH_PATHS = (
					"$(inherited)",
					"@executable_path/Frameworks",
				);
				PRODUCT_BUNDLE_IDENTIFIER = dsimpson.sfsu.edu.MyMusic;
				PRODUCT_NAME = "$(TARGET_NAME)";
				SWIFT_VERSION = 5.0;
				TARGETED_DEVICE_FAMILY = "1,2";
			};
			name = Release;
		};
		D3EE3252256DC74400926074 /* Debug */ = {
			isa = XCBuildConfiguration;
			buildSettings = {
				ALWAYS_EMBED_SWIFT_STANDARD_LIBRARIES = YES;
				BUNDLE_LOADER = "$(TEST_HOST)";
				CODE_SIGN_STYLE = Automatic;
				DEVELOPMENT_TEAM = N5SQL3383G;
				INFOPLIST_FILE = MyMusicTests/Info.plist;
				IPHONEOS_DEPLOYMENT_TARGET = 14.2;
				LD_RUNPATH_SEARCH_PATHS = (
					"$(inherited)",
					"@executable_path/Frameworks",
					"@loader_path/Frameworks",
				);
				PRODUCT_BUNDLE_IDENTIFIER = dsimpson.sfsu.edu.MyMusicTests;
				PRODUCT_NAME = "$(TARGET_NAME)";
				SWIFT_VERSION = 5.0;
				TARGETED_DEVICE_FAMILY = "1,2";
				TEST_HOST = "$(BUILT_PRODUCTS_DIR)/MyMusic.app/MyMusic";
			};
			name = Debug;
		};
		D3EE3253256DC74400926074 /* Release */ = {
			isa = XCBuildConfiguration;
			buildSettings = {
				ALWAYS_EMBED_SWIFT_STANDARD_LIBRARIES = YES;
				BUNDLE_LOADER = "$(TEST_HOST)";
				CODE_SIGN_STYLE = Automatic;
				DEVELOPMENT_TEAM = N5SQL3383G;
				INFOPLIST_FILE = MyMusicTests/Info.plist;
				IPHONEOS_DEPLOYMENT_TARGET = 14.2;
				LD_RUNPATH_SEARCH_PATHS = (
					"$(inherited)",
					"@executable_path/Frameworks",
					"@loader_path/Frameworks",
				);
				PRODUCT_BUNDLE_IDENTIFIER = dsimpson.sfsu.edu.MyMusicTests;
				PRODUCT_NAME = "$(TARGET_NAME)";
				SWIFT_VERSION = 5.0;
				TARGETED_DEVICE_FAMILY = "1,2";
				TEST_HOST = "$(BUILT_PRODUCTS_DIR)/MyMusic.app/MyMusic";
			};
			name = Release;
		};
		D3EE3255256DC74400926074 /* Debug */ = {
			isa = XCBuildConfiguration;
			buildSettings = {
				ALWAYS_EMBED_SWIFT_STANDARD_LIBRARIES = YES;
				CODE_SIGN_STYLE = Automatic;
				DEVELOPMENT_TEAM = N5SQL3383G;
				INFOPLIST_FILE = MyMusicUITests/Info.plist;
				LD_RUNPATH_SEARCH_PATHS = (
					"$(inherited)",
					"@executable_path/Frameworks",
					"@loader_path/Frameworks",
				);
				PRODUCT_BUNDLE_IDENTIFIER = dsimpson.sfsu.edu.MyMusicUITests;
				PRODUCT_NAME = "$(TARGET_NAME)";
				SWIFT_VERSION = 5.0;
				TARGETED_DEVICE_FAMILY = "1,2";
				TEST_TARGET_NAME = MyMusic;
			};
			name = Debug;
		};
		D3EE3256256DC74400926074 /* Release */ = {
			isa = XCBuildConfiguration;
			buildSettings = {
				ALWAYS_EMBED_SWIFT_STANDARD_LIBRARIES = YES;
				CODE_SIGN_STYLE = Automatic;
				DEVELOPMENT_TEAM = N5SQL3383G;
				INFOPLIST_FILE = MyMusicUITests/Info.plist;
				LD_RUNPATH_SEARCH_PATHS = (
					"$(inherited)",
					"@executable_path/Frameworks",
					"@loader_path/Frameworks",
				);
				PRODUCT_BUNDLE_IDENTIFIER = dsimpson.sfsu.edu.MyMusicUITests;
				PRODUCT_NAME = "$(TARGET_NAME)";
				SWIFT_VERSION = 5.0;
				TARGETED_DEVICE_FAMILY = "1,2";
				TEST_TARGET_NAME = MyMusic;
			};
			name = Release;
		};
/* End XCBuildConfiguration section */

/* Begin XCConfigurationList section */
		D3EE321F256DC74000926074 /* Build configuration list for PBXProject "MyMusic" */ = {
			isa = XCConfigurationList;
			buildConfigurations = (
				D3EE324C256DC74400926074 /* Debug */,
				D3EE324D256DC74400926074 /* Release */,
			);
			defaultConfigurationIsVisible = 0;
			defaultConfigurationName = Release;
		};
		D3EE324E256DC74400926074 /* Build configuration list for PBXNativeTarget "MyMusic" */ = {
			isa = XCConfigurationList;
			buildConfigurations = (
				D3EE324F256DC74400926074 /* Debug */,
				D3EE3250256DC74400926074 /* Release */,
			);
			defaultConfigurationIsVisible = 0;
			defaultConfigurationName = Release;
		};
		D3EE3251256DC74400926074 /* Build configuration list for PBXNativeTarget "MyMusicTests" */ = {
			isa = XCConfigurationList;
			buildConfigurations = (
				D3EE3252256DC74400926074 /* Debug */,
				D3EE3253256DC74400926074 /* Release */,
			);
			defaultConfigurationIsVisible = 0;
			defaultConfigurationName = Release;
		};
		D3EE3254256DC74400926074 /* Build configuration list for PBXNativeTarget "MyMusicUITests" */ = {
			isa = XCConfigurationList;
			buildConfigurations = (
				D3EE3255256DC74400926074 /* Debug */,
				D3EE3256256DC74400926074 /* Release */,
			);
			defaultConfigurationIsVisible = 0;
			defaultConfigurationName = Release;
		};
/* End XCConfigurationList section */
	};
	rootObject = D3EE321C256DC74000926074 /* Project object */;
}
